// !$*UTF8*$!
{
	archiveVersion = 1;
	classes = {
	};
	objectVersion = 52;
	objects = {

/* Begin PBXBuildFile section */
		8D0407BE235A37FB003A5B0C /* App.swift in Sources */ = {isa = PBXBuildFile; fileRef = 8D0407BD235A37FB003A5B0C /* App.swift */; };
		8D16078D2366E50D0041259B /* Conbini in Frameworks */ = {isa = PBXBuildFile; productRef = 8D16078C2366E50D0041259B /* Conbini */; };
		8D239B1723588B990047266E /* main.swift in Sources */ = {isa = PBXBuildFile; fileRef = 8D239B1623588B990047266E /* main.swift */; };
		8D239B1D23588F130047266E /* IG.framework in Frameworks */ = {isa = PBXBuildFile; fileRef = 8D239B1923588CED0047266E /* IG.framework */; };
		8D239B1E23588F130047266E /* IG.framework in Embed Frameworks */ = {isa = PBXBuildFile; fileRef = 8D239B1923588CED0047266E /* IG.framework */; settings = {ATTRIBUTES = (CodeSignOnCopy, RemoveHeadersOnCopy, ); }; };
		8D581F54235F29CC00877221 /* App+Subscription.swift in Sources */ = {isa = PBXBuildFile; fileRef = 8D581F53235F29CC00877221 /* App+Subscription.swift */; };
		8D59B7642359DF9600A9B440 /* Arguments.swift in Sources */ = {isa = PBXBuildFile; fileRef = 8D59B7632359DF9600A9B440 /* Arguments.swift */; };
		8D59B7662359ED6900A9B440 /* Configuration.swift in Sources */ = {isa = PBXBuildFile; fileRef = 8D59B7652359ED6900A9B440 /* Configuration.swift */; };
		8D59B769235A04A500A9B440 /* Console.swift in Sources */ = {isa = PBXBuildFile; fileRef = 8D59B768235A04A500A9B440 /* Console.swift */; };
		8D67675823674A2000AAC312 /* App+BatchUpdate.swift in Sources */ = {isa = PBXBuildFile; fileRef = 8D67675723674A2000AAC312 /* App+BatchUpdate.swift */; };
		8DCAE6E0235A263C007F3D1F /* FileManager.swift in Sources */ = {isa = PBXBuildFile; fileRef = 8DCAE6DF235A263C007F3D1F /* FileManager.swift */; };
/* End PBXBuildFile section */

/* Begin PBXCopyFilesBuildPhase section */
		8D16078E2366E5450041259B /* CopyFiles */ = {
			isa = PBXCopyFilesBuildPhase;
			buildActionMask = 2147483647;
			dstPath = "";
			dstSubfolderSpec = 10;
			files = (
			);
			runOnlyForDeploymentPostprocessing = 0;
		};
		8D239B1F23588F130047266E /* Embed Frameworks */ = {
			isa = PBXCopyFilesBuildPhase;
			buildActionMask = 2147483647;
			dstPath = "";
			dstSubfolderSpec = 10;
			files = (
				8D239B1E23588F130047266E /* IG.framework in Embed Frameworks */,
			);
			name = "Embed Frameworks";
			runOnlyForDeploymentPostprocessing = 0;
		};
/* End PBXCopyFilesBuildPhase section */

/* Begin PBXFileReference section */
		8D0407BD235A37FB003A5B0C /* App.swift */ = {isa = PBXFileReference; lastKnownFileType = sourcecode.swift; path = App.swift; sourceTree = "<group>"; };
		8D0407C3235ADB4C003A5B0C /* Environment */ = {isa = PBXFileReference; lastKnownFileType = folder; path = Environment; sourceTree = "<group>"; };
		8D2221DD23588A3E009C67EF /* broker */ = {isa = PBXFileReference; explicitFileType = "compiled.mach-o.executable"; includeInIndex = 0; path = broker; sourceTree = BUILT_PRODUCTS_DIR; };
		8D239B1023588B360047266E /* macOS.xcconfig */ = {isa = PBXFileReference; lastKnownFileType = text.xcconfig; path = macOS.xcconfig; sourceTree = "<group>"; };
		8D239B1323588B360047266E /* Common.xcconfig */ = {isa = PBXFileReference; lastKnownFileType = text.xcconfig; path = Common.xcconfig; sourceTree = "<group>"; };
		8D239B1623588B990047266E /* main.swift */ = {isa = PBXFileReference; lastKnownFileType = sourcecode.swift; path = main.swift; sourceTree = "<group>"; };
		8D239B1923588CED0047266E /* IG.framework */ = {isa = PBXFileReference; explicitFileType = wrapper.framework; path = IG.framework; sourceTree = BUILT_PRODUCTS_DIR; };
		8D581F53235F29CC00877221 /* App+Subscription.swift */ = {isa = PBXFileReference; lastKnownFileType = sourcecode.swift; path = "App+Subscription.swift"; sourceTree = "<group>"; };
		8D59B7632359DF9600A9B440 /* Arguments.swift */ = {isa = PBXFileReference; lastKnownFileType = sourcecode.swift; path = Arguments.swift; sourceTree = "<group>"; };
		8D59B7652359ED6900A9B440 /* Configuration.swift */ = {isa = PBXFileReference; lastKnownFileType = sourcecode.swift; path = Configuration.swift; sourceTree = "<group>"; };
		8D59B768235A04A500A9B440 /* Console.swift */ = {isa = PBXFileReference; lastKnownFileType = sourcecode.swift; path = Console.swift; sourceTree = "<group>"; };
		8D67675723674A2000AAC312 /* App+BatchUpdate.swift */ = {isa = PBXFileReference; lastKnownFileType = sourcecode.swift; path = "App+BatchUpdate.swift"; sourceTree = "<group>"; };
		8DCAE6DF235A263C007F3D1F /* FileManager.swift */ = {isa = PBXFileReference; lastKnownFileType = sourcecode.swift; path = FileManager.swift; sourceTree = "<group>"; };
/* End PBXFileReference section */

/* Begin PBXFrameworksBuildPhase section */
		8D2221DA23588A3E009C67EF /* Frameworks */ = {
			isa = PBXFrameworksBuildPhase;
			buildActionMask = 2147483647;
			files = (
				8D239B1D23588F130047266E /* IG.framework in Frameworks */,
				8D16078D2366E50D0041259B /* Conbini in Frameworks */,
			);
			runOnlyForDeploymentPostprocessing = 0;
		};
/* End PBXFrameworksBuildPhase section */

/* Begin PBXGroup section */
		8D0407BF235A3DA5003A5B0C /* App */ = {
			isa = PBXGroup;
			children = (
				8D0407BD235A37FB003A5B0C /* App.swift */,
				8D581F53235F29CC00877221 /* App+Subscription.swift */,
				8D67675723674A2000AAC312 /* App+BatchUpdate.swift */,
			);
			path = App;
			sourceTree = "<group>";
		};
		8D0407C0235A3E8C003A5B0C /* Tests */ = {
			isa = PBXGroup;
			children = (
				8D0407C3235ADB4C003A5B0C /* Environment */,
			);
			path = Tests;
			sourceTree = "<group>";
		};
		8D2221D423588A3D009C67EF = {
			isa = PBXGroup;
			children = (
				8D239B0E23588B360047266E /* Configuration */,
				8D239B1423588B360047266E /* Sources */,
				8D0407C0235A3E8C003A5B0C /* Tests */,
				8D239B1823588CED0047266E /* Frameworks */,
				8D2221DE23588A3E009C67EF /* Products */,
			);
			sourceTree = "<group>";
		};
		8D2221DE23588A3E009C67EF /* Products */ = {
			isa = PBXGroup;
			children = (
				8D2221DD23588A3E009C67EF /* broker */,
			);
			name = Products;
			sourceTree = "<group>";
		};
		8D239B0E23588B360047266E /* Configuration */ = {
			isa = PBXGroup;
			children = (
				8D239B1223588B360047266E /* Common */,
				8D239B0F23588B360047266E /* macOS */,
			);
			path = Configuration;
			sourceTree = "<group>";
		};
		8D239B0F23588B360047266E /* macOS */ = {
			isa = PBXGroup;
			children = (
				8D239B1023588B360047266E /* macOS.xcconfig */,
			);
			path = macOS;
			sourceTree = "<group>";
		};
		8D239B1223588B360047266E /* Common */ = {
			isa = PBXGroup;
			children = (
				8D239B1323588B360047266E /* Common.xcconfig */,
			);
			path = Common;
			sourceTree = "<group>";
		};
		8D239B1423588B360047266E /* Sources */ = {
			isa = PBXGroup;
			children = (
				8D239B1623588B990047266E /* main.swift */,
				8D59B7632359DF9600A9B440 /* Arguments.swift */,
				8D59B7652359ED6900A9B440 /* Configuration.swift */,
				8D0407BF235A3DA5003A5B0C /* App */,
				8D59B767235A048C00A9B440 /* Utils */,
			);
			path = Sources;
			sourceTree = "<group>";
		};
		8D239B1823588CED0047266E /* Frameworks */ = {
			isa = PBXGroup;
			children = (
				8D239B1923588CED0047266E /* IG.framework */,
			);
			name = Frameworks;
			sourceTree = "<group>";
		};
		8D59B767235A048C00A9B440 /* Utils */ = {
			isa = PBXGroup;
			children = (
				8D59B768235A04A500A9B440 /* Console.swift */,
				8DCAE6DF235A263C007F3D1F /* FileManager.swift */,
			);
			path = Utils;
			sourceTree = "<group>";
		};
/* End PBXGroup section */

/* Begin PBXNativeTarget section */
		8D2221DC23588A3E009C67EF /* CMD */ = {
			isa = PBXNativeTarget;
			buildConfigurationList = 8D2221E423588A3E009C67EF /* Build configuration list for PBXNativeTarget "CMD" */;
			buildPhases = (
				8D239B1F23588F130047266E /* Embed Frameworks */,
				8D2221D923588A3E009C67EF /* Sources */,
				8D2221DA23588A3E009C67EF /* Frameworks */,
				8D16078E2366E5450041259B /* CopyFiles */,
			);
			buildRules = (
			);
			dependencies = (
				8D1607902366E5620041259B /* PBXTargetDependency */,
			);
			name = CMD;
			packageProductDependencies = (
				8D16078C2366E50D0041259B /* Conbini */,
			);
			productName = CMD;
			productReference = 8D2221DD23588A3E009C67EF /* broker */;
			productType = "com.apple.product-type.tool";
		};
/* End PBXNativeTarget section */

/* Begin PBXProject section */
		8D2221D523588A3D009C67EF /* Project object */ = {
			isa = PBXProject;
			attributes = {
				LastSwiftUpdateCheck = 1110;
				LastUpgradeCheck = 1110;
				ORGANIZATIONNAME = "Marcos Sanchez-Dehesa";
				TargetAttributes = {
					8D2221DC23588A3E009C67EF = {
						CreatedOnToolsVersion = 11.1;
						LastSwiftMigration = 1110;
					};
				};
			};
			buildConfigurationList = 8D2221D823588A3D009C67EF /* Build configuration list for PBXProject "CMD" */;
			compatibilityVersion = "Xcode 9.3";
			developmentRegion = en;
			hasScannedForEncodings = 0;
			knownRegions = (
				en,
				Base,
			);
			mainGroup = 8D2221D423588A3D009C67EF;
			packageReferences = (
				8D16078B2366E50D0041259B /* XCRemoteSwiftPackageReference "Conbini" */,
			);
			productRefGroup = 8D2221DE23588A3E009C67EF /* Products */;
			projectDirPath = "";
			projectRoot = "";
			targets = (
				8D2221DC23588A3E009C67EF /* CMD */,
			);
		};
/* End PBXProject section */

/* Begin PBXSourcesBuildPhase section */
		8D2221D923588A3E009C67EF /* Sources */ = {
			isa = PBXSourcesBuildPhase;
			buildActionMask = 2147483647;
			files = (
				8D59B769235A04A500A9B440 /* Console.swift in Sources */,
				8D67675823674A2000AAC312 /* App+BatchUpdate.swift in Sources */,
				8DCAE6E0235A263C007F3D1F /* FileManager.swift in Sources */,
				8D59B7662359ED6900A9B440 /* Configuration.swift in Sources */,
				8D581F54235F29CC00877221 /* App+Subscription.swift in Sources */,
				8D59B7642359DF9600A9B440 /* Arguments.swift in Sources */,
				8D0407BE235A37FB003A5B0C /* App.swift in Sources */,
				8D239B1723588B990047266E /* main.swift in Sources */,
			);
			runOnlyForDeploymentPostprocessing = 0;
		};
/* End PBXSourcesBuildPhase section */

/* Begin PBXTargetDependency section */
		8D1607902366E5620041259B /* PBXTargetDependency */ = {
			isa = PBXTargetDependency;
			productRef = 8D16078F2366E5620041259B /* Conbini */;
		};
/* End PBXTargetDependency section */

/* Begin XCBuildConfiguration section */
		8D2221E223588A3E009C67EF /* Debug */ = {
			isa = XCBuildConfiguration;
			baseConfigurationReference = 8D239B1323588B360047266E /* Common.xcconfig */;
			buildSettings = {
				ALWAYS_SEARCH_USER_PATHS = NO;
				CLANG_ANALYZER_NONNULL = YES;
				CLANG_ANALYZER_NUMBER_OBJECT_CONVERSION = YES_AGGRESSIVE;
				CLANG_CXX_LANGUAGE_STANDARD = "gnu++14";
				CLANG_CXX_LIBRARY = "libc++";
				CLANG_ENABLE_MODULES = YES;
				CLANG_ENABLE_OBJC_ARC = YES;
				CLANG_ENABLE_OBJC_WEAK = YES;
				CLANG_WARN_BLOCK_CAPTURE_AUTORELEASING = YES;
				CLANG_WARN_BOOL_CONVERSION = YES;
				CLANG_WARN_COMMA = YES;
				CLANG_WARN_CONSTANT_CONVERSION = YES;
				CLANG_WARN_DEPRECATED_OBJC_IMPLEMENTATIONS = YES;
				CLANG_WARN_DIRECT_OBJC_ISA_USAGE = YES_ERROR;
				CLANG_WARN_DOCUMENTATION_COMMENTS = YES;
				CLANG_WARN_EMPTY_BODY = YES;
				CLANG_WARN_ENUM_CONVERSION = YES;
				CLANG_WARN_INFINITE_RECURSION = YES;
				CLANG_WARN_INT_CONVERSION = YES;
				CLANG_WARN_NON_LITERAL_NULL_CONVERSION = YES;
				CLANG_WARN_OBJC_IMPLICIT_RETAIN_SELF = YES;
				CLANG_WARN_OBJC_LITERAL_CONVERSION = YES;
				CLANG_WARN_OBJC_ROOT_CLASS = YES_ERROR;
				CLANG_WARN_RANGE_LOOP_ANALYSIS = YES;
				CLANG_WARN_STRICT_PROTOTYPES = YES;
				CLANG_WARN_SUSPICIOUS_MOVE = YES;
				CLANG_WARN_UNGUARDED_AVAILABILITY = YES_AGGRESSIVE;
				CLANG_WARN_UNREACHABLE_CODE = YES;
				CLANG_WARN__DUPLICATE_METHOD_MATCH = YES;
				COPY_PHASE_STRIP = NO;
				DEBUG_INFORMATION_FORMAT = dwarf;
				ENABLE_STRICT_OBJC_MSGSEND = YES;
				ENABLE_TESTABILITY = YES;
				GCC_C_LANGUAGE_STANDARD = gnu11;
				GCC_DYNAMIC_NO_PIC = NO;
				GCC_NO_COMMON_BLOCKS = YES;
				GCC_OPTIMIZATION_LEVEL = 0;
				GCC_PREPROCESSOR_DEFINITIONS = (
					"DEBUG=1",
					"$(inherited)",
				);
				GCC_WARN_64_TO_32_BIT_CONVERSION = YES;
				GCC_WARN_ABOUT_RETURN_TYPE = YES_ERROR;
				GCC_WARN_UNDECLARED_SELECTOR = YES;
				GCC_WARN_UNINITIALIZED_AUTOS = YES_AGGRESSIVE;
				GCC_WARN_UNUSED_FUNCTION = YES;
				GCC_WARN_UNUSED_VARIABLE = YES;
				MACOSX_DEPLOYMENT_TARGET = 10.15;
				MTL_ENABLE_DEBUG_INFO = INCLUDE_SOURCE;
				MTL_FAST_MATH = YES;
				ONLY_ACTIVE_ARCH = YES;
				SDKROOT = macosx;
				SWIFT_ACTIVE_COMPILATION_CONDITIONS = DEBUG;
				SWIFT_OPTIMIZATION_LEVEL = "-Onone";
			};
			name = Debug;
		};
		8D2221E323588A3E009C67EF /* Release */ = {
			isa = XCBuildConfiguration;
			baseConfigurationReference = 8D239B1323588B360047266E /* Common.xcconfig */;
			buildSettings = {
				ALWAYS_SEARCH_USER_PATHS = NO;
				CLANG_ANALYZER_NONNULL = YES;
				CLANG_ANALYZER_NUMBER_OBJECT_CONVERSION = YES_AGGRESSIVE;
				CLANG_CXX_LANGUAGE_STANDARD = "gnu++14";
				CLANG_CXX_LIBRARY = "libc++";
				CLANG_ENABLE_MODULES = YES;
				CLANG_ENABLE_OBJC_ARC = YES;
				CLANG_ENABLE_OBJC_WEAK = YES;
				CLANG_WARN_BLOCK_CAPTURE_AUTORELEASING = YES;
				CLANG_WARN_BOOL_CONVERSION = YES;
				CLANG_WARN_COMMA = YES;
				CLANG_WARN_CONSTANT_CONVERSION = YES;
				CLANG_WARN_DEPRECATED_OBJC_IMPLEMENTATIONS = YES;
				CLANG_WARN_DIRECT_OBJC_ISA_USAGE = YES_ERROR;
				CLANG_WARN_DOCUMENTATION_COMMENTS = YES;
				CLANG_WARN_EMPTY_BODY = YES;
				CLANG_WARN_ENUM_CONVERSION = YES;
				CLANG_WARN_INFINITE_RECURSION = YES;
				CLANG_WARN_INT_CONVERSION = YES;
				CLANG_WARN_NON_LITERAL_NULL_CONVERSION = YES;
				CLANG_WARN_OBJC_IMPLICIT_RETAIN_SELF = YES;
				CLANG_WARN_OBJC_LITERAL_CONVERSION = YES;
				CLANG_WARN_OBJC_ROOT_CLASS = YES_ERROR;
				CLANG_WARN_RANGE_LOOP_ANALYSIS = YES;
				CLANG_WARN_STRICT_PROTOTYPES = YES;
				CLANG_WARN_SUSPICIOUS_MOVE = YES;
				CLANG_WARN_UNGUARDED_AVAILABILITY = YES_AGGRESSIVE;
				CLANG_WARN_UNREACHABLE_CODE = YES;
				CLANG_WARN__DUPLICATE_METHOD_MATCH = YES;
				COPY_PHASE_STRIP = NO;
				DEBUG_INFORMATION_FORMAT = "dwarf-with-dsym";
				ENABLE_NS_ASSERTIONS = NO;
				ENABLE_STRICT_OBJC_MSGSEND = YES;
				GCC_C_LANGUAGE_STANDARD = gnu11;
				GCC_NO_COMMON_BLOCKS = YES;
				GCC_WARN_64_TO_32_BIT_CONVERSION = YES;
				GCC_WARN_ABOUT_RETURN_TYPE = YES_ERROR;
				GCC_WARN_UNDECLARED_SELECTOR = YES;
				GCC_WARN_UNINITIALIZED_AUTOS = YES_AGGRESSIVE;
				GCC_WARN_UNUSED_FUNCTION = YES;
				GCC_WARN_UNUSED_VARIABLE = YES;
				MACOSX_DEPLOYMENT_TARGET = 10.15;
				MTL_ENABLE_DEBUG_INFO = NO;
				MTL_FAST_MATH = YES;
				SDKROOT = macosx;
				SWIFT_COMPILATION_MODE = wholemodule;
				SWIFT_OPTIMIZATION_LEVEL = "-O";
			};
			name = Release;
		};
		8D2221E523588A3E009C67EF /* Debug */ = {
			isa = XCBuildConfiguration;
			baseConfigurationReference = 8D239B1023588B360047266E /* macOS.xcconfig */;
			buildSettings = {
				CLANG_ENABLE_MODULES = YES;
				CODE_SIGN_IDENTITY = "Apple Development";
				CODE_SIGN_STYLE = Automatic;
				DEVELOPMENT_TEAM = V4LZL56CA7;
				ENABLE_HARDENED_RUNTIME = YES;
				LD_RUNPATH_SEARCH_PATHS = (
					"$(inherited)",
					"@executable_path/../Frameworks",
					"@loader_path/../Frameworks",
				);
			};
			name = Debug;
		};
		8D2221E623588A3E009C67EF /* Release */ = {
			isa = XCBuildConfiguration;
			baseConfigurationReference = 8D239B1023588B360047266E /* macOS.xcconfig */;
			buildSettings = {
				CLANG_ENABLE_MODULES = YES;
				CODE_SIGN_IDENTITY = "Apple Development";
				CODE_SIGN_STYLE = Automatic;
				DEVELOPMENT_TEAM = V4LZL56CA7;
				ENABLE_HARDENED_RUNTIME = YES;
				LD_RUNPATH_SEARCH_PATHS = (
					"$(inherited)",
					"@executable_path/../Frameworks",
					"@loader_path/../Frameworks",
				);
			};
			name = Release;
		};
/* End XCBuildConfiguration section */

/* Begin XCConfigurationList section */
		8D2221D823588A3D009C67EF /* Build configuration list for PBXProject "CMD" */ = {
			isa = XCConfigurationList;
			buildConfigurations = (
				8D2221E223588A3E009C67EF /* Debug */,
				8D2221E323588A3E009C67EF /* Release */,
			);
			defaultConfigurationIsVisible = 0;
			defaultConfigurationName = Release;
		};
		8D2221E423588A3E009C67EF /* Build configuration list for PBXNativeTarget "CMD" */ = {
			isa = XCConfigurationList;
			buildConfigurations = (
				8D2221E523588A3E009C67EF /* Debug */,
				8D2221E623588A3E009C67EF /* Release */,
			);
			defaultConfigurationIsVisible = 0;
			defaultConfigurationName = Release;
		};
/* End XCConfigurationList section */

/* Begin XCRemoteSwiftPackageReference section */
		8D16078B2366E50D0041259B /* XCRemoteSwiftPackageReference "Conbini" */ = {
			isa = XCRemoteSwiftPackageReference;
			repositoryURL = "https://github.com/dehesa/Conbini";
			requirement = {
				branch = master;
				kind = branch;
			};
		};
/* End XCRemoteSwiftPackageReference section */

/* Begin XCSwiftPackageProductDependency section */
		8D16078C2366E50D0041259B /* Conbini */ = {
			isa = XCSwiftPackageProductDependency;
			package = 8D16078B2366E50D0041259B /* XCRemoteSwiftPackageReference "Conbini" */;
			productName = Conbini;
		};
		8D16078F2366E5620041259B /* Conbini */ = {
			isa = XCSwiftPackageProductDependency;
			package = 8D16078B2366E50D0041259B /* XCRemoteSwiftPackageReference "Conbini" */;
			productName = Conbini;
		};
/* End XCSwiftPackageProductDependency section */
	};
	rootObject = 8D2221D523588A3D009C67EF /* Project object */;
}
