// !$*UTF8*$!
{
	archiveVersion = 1;
	classes = {
	};
	objectVersion = 52;
	objects = {

/* Begin PBXBuildFile section */
		8D0A232C22EB9600001853E7 /* APIUser.swift in Sources */ = {isa = PBXBuildFile; fileRef = 8D0A232B22EB9600001853E7 /* APIUser.swift */; };
		8D0D48A022F09CB7000579CF /* Services.swift in Sources */ = {isa = PBXBuildFile; fileRef = 8DC4CA432149A6CE00344CBF /* Services.swift */; };
		8D1CC9792299EE80009AB4D3 /* AnyDecodable.swift in Sources */ = {isa = PBXBuildFile; fileRef = 8D1CC9732299EE6C009AB4D3 /* AnyDecodable.swift */; };
		8D1CC97A2299EE84009AB4D3 /* AnyCodable.swift in Sources */ = {isa = PBXBuildFile; fileRef = 8D1CC9742299EE6C009AB4D3 /* AnyCodable.swift */; };
		8D1CC97B2299EE88009AB4D3 /* AnyEncodable.swift in Sources */ = {isa = PBXBuildFile; fileRef = 8D1CC9752299EE6C009AB4D3 /* AnyEncodable.swift */; };
		8D1CC97D229B0706009AB4D3 /* Reactive+API.swift in Sources */ = {isa = PBXBuildFile; fileRef = 8D1CC97C229B0706009AB4D3 /* Reactive+API.swift */; };
		8D222CD522F557C600AF98E0 /* StreamerAccount.swift in Sources */ = {isa = PBXBuildFile; fileRef = 8DC4CA602149A6CE00344CBF /* StreamerAccount.swift */; };
		8D222CD622F55FFC00AF98E0 /* StreamerChartScale.swift in Sources */ = {isa = PBXBuildFile; fileRef = 8DC4CA5A2149A6CE00344CBF /* StreamerChartScale.swift */; };
		8D222CD822F5600700AF98E0 /* StreamerChartTick.swift in Sources */ = {isa = PBXBuildFile; fileRef = 8DC4CA582149A6CE00344CBF /* StreamerChartTick.swift */; };
		8D222CD922F5601200AF98E0 /* StreamerDeal.swift in Sources */ = {isa = PBXBuildFile; fileRef = 8DC4CA612149A6CE00344CBF /* StreamerDeal.swift */; };
		8D23A90722C1E41E00518EC9 /* ReactiveSwift in Frameworks */ = {isa = PBXBuildFile; productRef = 8D23A90622C1E41E00518EC9 /* ReactiveSwift */; };
		8D24D0D2230EF496003D25EA /* Confirmation.swift in Sources */ = {isa = PBXBuildFile; fileRef = 8D24D0D1230EF496003D25EA /* Confirmation.swift */; };
		8D299E4922F4C09A007FC5F8 /* String.swift in Sources */ = {isa = PBXBuildFile; fileRef = 8D299E4822F4C09A007FC5F8 /* String.swift */; };
		8D3C262322E9F66E0080D3C1 /* APIInternals.swift in Sources */ = {isa = PBXBuildFile; fileRef = 8D3C262222E9F66E0080D3C1 /* APIInternals.swift */; };
		8D3C262522E9FA020080D3C1 /* Collections.swift in Sources */ = {isa = PBXBuildFile; fileRef = 8D3C262422E9FA020080D3C1 /* Collections.swift */; };
		8D3C262722E9FAC20080D3C1 /* StreamerInternals.swift in Sources */ = {isa = PBXBuildFile; fileRef = 8D3C262622E9FAC20080D3C1 /* StreamerInternals.swift */; };
		8D3C262C22EB18A50080D3C1 /* Money.swift in Sources */ = {isa = PBXBuildFile; fileRef = 8D3C262B22EB18A50080D3C1 /* Money.swift */; };
		8D44B3D722F8BDBD0080F17E /* StreamerChartTests.swift in Sources */ = {isa = PBXBuildFile; fileRef = 8DC4CA8E2149A6CE00344CBF /* StreamerChartTests.swift */; };
		8D4B971522F1C995002B267F /* TestAccount.swift in Sources */ = {isa = PBXBuildFile; fileRef = 8D4B971422F1C995002B267F /* TestAccount.swift */; };
		8D4B971622F1E43E002B267F /* APIApplicationTests.swift in Sources */ = {isa = PBXBuildFile; fileRef = 8DC4CAA02149A6CE00344CBF /* APIApplicationTests.swift */; };
		8D4B971722F1E48E002B267F /* StreamerMockedJSON.swift in Sources */ = {isa = PBXBuildFile; fileRef = 8DC4CAF42149A6CE00344CBF /* StreamerMockedJSON.swift */; };
		8D4B971822F1ED28002B267F /* APIAccountTests.swift in Sources */ = {isa = PBXBuildFile; fileRef = 8DC4CA9F2149A6CE00344CBF /* APIAccountTests.swift */; };
		8D4B971922F1FA5A002B267F /* APIActivityTests.swift in Sources */ = {isa = PBXBuildFile; fileRef = 8DC4CA9D2149A6CE00344CBF /* APIActivityTests.swift */; };
		8D4B971A22F1FA5F002B267F /* APITransactionTests.swift in Sources */ = {isa = PBXBuildFile; fileRef = 8DC4CA9B2149A6CE00344CBF /* APITransactionTests.swift */; };
		8D4B971B22F1FA62002B267F /* APIPriceTests.swift in Sources */ = {isa = PBXBuildFile; fileRef = 8DC4CA9C2149A6CE00344CBF /* APIPriceTests.swift */; };
		8D4B971C22F20103002B267F /* APINodeTests.swift in Sources */ = {isa = PBXBuildFile; fileRef = 8DC4CA992149A6CE00344CBF /* APINodeTests.swift */; };
		8D4B971D22F20675002B267F /* APIMarketTests.swift in Sources */ = {isa = PBXBuildFile; fileRef = 8DC4CA972149A6CE00344CBF /* APIMarketTests.swift */; };
		8D4B971E22F208B1002B267F /* APIWatchlistTests.swift in Sources */ = {isa = PBXBuildFile; fileRef = 8DC4CA982149A6CE00344CBF /* APIWatchlistTests.swift */; };
		8D4B971F22F20DCE002B267F /* APISentimentTests.swift in Sources */ = {isa = PBXBuildFile; fileRef = 8DF93B9922E75C11001B9412 /* APISentimentTests.swift */; };
		8D4B972022F213BF002B267F /* APIOAuthTests.swift in Sources */ = {isa = PBXBuildFile; fileRef = 8DC4CAA52149A6CE00344CBF /* APIOAuthTests.swift */; };
		8D4B972122F21624002B267F /* APICertificateTests.swift in Sources */ = {isa = PBXBuildFile; fileRef = 8DC4CAA32149A6CE00344CBF /* APICertificateTests.swift */; };
		8D4B972222F2188B002B267F /* APISessionTests.swift in Sources */ = {isa = PBXBuildFile; fileRef = 8DC4CAA42149A6CE00344CBF /* APISessionTests.swift */; };
		8D4B972322F21939002B267F /* APIWorkingOrderTests.swift in Sources */ = {isa = PBXBuildFile; fileRef = 8DC4CA942149A6CE00344CBF /* APIWorkingOrderTests.swift */; };
		8D4B972422F21BED002B267F /* APIPositionTests.swift in Sources */ = {isa = PBXBuildFile; fileRef = 8DC4CA932149A6CE00344CBF /* APIPositionTests.swift */; };
		8D50EE7F22FBE4B500F82671 /* StreamerMockableChannel.swift in Sources */ = {isa = PBXBuildFile; fileRef = 8D50EE7E22FBE4B500F82671 /* StreamerMockableChannel.swift */; };
		8D52F33E22FB1CA900521759 /* APIKey.swift in Sources */ = {isa = PBXBuildFile; fileRef = 8D52F33D22FB1CA900521759 /* APIKey.swift */; };
		8D52F34122FB1E8400521759 /* Account.swift in Sources */ = {isa = PBXBuildFile; fileRef = 8D52F34022FB1E8400521759 /* Account.swift */; };
		8D52F34322FB201000521759 /* Client.swift in Sources */ = {isa = PBXBuildFile; fileRef = 8D52F34222FB201000521759 /* Client.swift */; };
		8D6BD9FE22EF447700156512 /* APIDeal.swift in Sources */ = {isa = PBXBuildFile; fileRef = 8D6BD9FD22EF447600156512 /* APIDeal.swift */; };
		8D6D958C22F3239A00BD42C2 /* StreamerMarket.swift in Sources */ = {isa = PBXBuildFile; fileRef = 8DC4CA592149A6CE00344CBF /* StreamerMarket.swift */; };
		8D6D958F22F3413800BD42C2 /* StreamerMarketTests.swift in Sources */ = {isa = PBXBuildFile; fileRef = 8DC4CA8D2149A6CE00344CBF /* StreamerMarketTests.swift */; };
		8D6D959122F4073B00BD42C2 /* StreamerSubscription.swift in Sources */ = {isa = PBXBuildFile; fileRef = 8D6D959022F4073B00BD42C2 /* StreamerSubscription.swift */; };
		8D6D959322F4390B00BD42C2 /* StreamerEvent.swift in Sources */ = {isa = PBXBuildFile; fileRef = 8D6D959222F4390B00BD42C2 /* StreamerEvent.swift */; };
		8D74741322E8375C00B0BA41 /* Epic.swift in Sources */ = {isa = PBXBuildFile; fileRef = 8DC4CA462149A6CE00344CBF /* Epic.swift */; };
		8D74741522E8439B00B0BA41 /* Currency.swift in Sources */ = {isa = PBXBuildFile; fileRef = 8D74741422E8439B00B0BA41 /* Currency.swift */; };
		8D819E1222F2B3F00031A9D5 /* StreamerFileChannel.swift in Sources */ = {isa = PBXBuildFile; fileRef = 8DC4CA852149A6CE00344CBF /* StreamerFileChannel.swift */; };
		8D819E1522F2BAEE0031A9D5 /* StreamerSessionTests.swift in Sources */ = {isa = PBXBuildFile; fileRef = 8D819E1422F2BAEE0031A9D5 /* StreamerSessionTests.swift */; };
		8D819E1822F2E3420031A9D5 /* Reactive+Timeout.swift in Sources */ = {isa = PBXBuildFile; fileRef = 8D819E1622F2E3100031A9D5 /* Reactive+Timeout.swift */; };
		8D89F7F622F0EB7E00AF7698 /* StreamerSession.swift in Sources */ = {isa = PBXBuildFile; fileRef = 8D89F7F522F0EB7E00AF7698 /* StreamerSession.swift */; };
		8D911F6522ECF4CA0038E899 /* Decimal.swift in Sources */ = {isa = PBXBuildFile; fileRef = 8D911F6422ECF4CA0038E899 /* Decimal.swift */; };
		8D987E7C22F950A4003F85D9 /* XCTestCase+Streamer.swift in Sources */ = {isa = PBXBuildFile; fileRef = 8D987E7A22F950A0003F85D9 /* XCTestCase+Streamer.swift */; };
		8D987E7F22F95661003F85D9 /* StreamerAccountTests.swift in Sources */ = {isa = PBXBuildFile; fileRef = 8D987E7D22F95651003F85D9 /* StreamerAccountTests.swift */; };
		8DAEF08022F9914C005AB34C /* StreamerTradeTests.swift in Sources */ = {isa = PBXBuildFile; fileRef = 8DC4CA902149A6CE00344CBF /* StreamerTradeTests.swift */; };
		8DAEF08222F9994F005AB34C /* TestFabric.swift in Sources */ = {isa = PBXBuildFile; fileRef = 8DAEF08122F9994F005AB34C /* TestFabric.swift */; };
		8DB560F8214A6F6200DA980E /* SetUp.swift in Sources */ = {isa = PBXBuildFile; fileRef = 8DB560F7214A6F6200DA980E /* SetUp.swift */; };
		8DBB682922F30E7F00D04867 /* Reactive+Map.swift in Sources */ = {isa = PBXBuildFile; fileRef = 8DBB682822F30E7F00D04867 /* Reactive+Map.swift */; };
		8DC158A222F08A6300012A19 /* StreamerError.swift in Sources */ = {isa = PBXBuildFile; fileRef = 8DC4CA5E2149A6CE00344CBF /* StreamerError.swift */; };
		8DC158A322F08A8100012A19 /* Streamer.swift in Sources */ = {isa = PBXBuildFile; fileRef = 8DC4CA5C2149A6CE00344CBF /* Streamer.swift */; };
		8DC158A522F08A8C00012A19 /* StreamerCredentials.swift in Sources */ = {isa = PBXBuildFile; fileRef = 8DC4CA5B2149A6CE00344CBF /* StreamerCredentials.swift */; };
		8DC158A622F08AC800012A19 /* StreamerChannel.swift in Sources */ = {isa = PBXBuildFile; fileRef = 8DC4CA4F2149A6CE00344CBF /* StreamerChannel.swift */; };
		8DC4CBEB2149A78700344CBF /* IG.framework in Frameworks */ = {isa = PBXBuildFile; fileRef = 8DC4CBE12149A78700344CBF /* IG.framework */; };
		8DC4CBF92149A81500344CBF /* IG.h in Headers */ = {isa = PBXBuildFile; fileRef = 8DC4CA442149A6CE00344CBF /* IG.h */; settings = {ATTRIBUTES = (Public, ); }; };
		8DC4CC042149ACA200344CBF /* Lightstreamer_macOS_Client.framework in Frameworks */ = {isa = PBXBuildFile; fileRef = 8DC4CC032149ACA200344CBF /* Lightstreamer_macOS_Client.framework */; };
		8DC4CC082149B10300344CBF /* Date.swift in Sources */ = {isa = PBXBuildFile; fileRef = 8DC4CA492149A6CE00344CBF /* Date.swift */; };
		8DC4CC0A2149B11100344CBF /* Operators.swift in Sources */ = {isa = PBXBuildFile; fileRef = 8DC4CA4B2149A6CE00344CBF /* Operators.swift */; };
		8DC4CC0D2149B2C300344CBF /* API.swift in Sources */ = {isa = PBXBuildFile; fileRef = 8DC4CA7C2149A6CE00344CBF /* API.swift */; };
		8DC4CC0E2149B2DF00344CBF /* APIError.swift in Sources */ = {isa = PBXBuildFile; fileRef = 8DC4CA632149A6CE00344CBF /* APIError.swift */; };
		8DC4CC102149B2FC00344CBF /* APISession.swift in Sources */ = {isa = PBXBuildFile; fileRef = 8DC4CA7F2149A6CE00344CBF /* APISession.swift */; };
		8DC4CC112149B2FC00344CBF /* APICredentials.swift in Sources */ = {isa = PBXBuildFile; fileRef = 8DC4CA812149A6CE00344CBF /* APICredentials.swift */; };
		8DC4CC122149B2FC00344CBF /* APIOAuth.swift in Sources */ = {isa = PBXBuildFile; fileRef = 8DC4CA802149A6CE00344CBF /* APIOAuth.swift */; };
		8DC4CC132149B2FC00344CBF /* APICertificate.swift in Sources */ = {isa = PBXBuildFile; fileRef = 8DC4CA7E2149A6CE00344CBF /* APICertificate.swift */; };
		8DC4CC142149B30600344CBF /* APIApplication.swift in Sources */ = {isa = PBXBuildFile; fileRef = 8DC4CA7A2149A6CE00344CBF /* APIApplication.swift */; };
		8DC4CC152149B30600344CBF /* APIAccount.swift in Sources */ = {isa = PBXBuildFile; fileRef = 8DC4CA7B2149A6CE00344CBF /* APIAccount.swift */; };
		8DC4CC162149B31800344CBF /* APIPrice.swift in Sources */ = {isa = PBXBuildFile; fileRef = 8DC4CA762149A6CE00344CBF /* APIPrice.swift */; };
		8DC4CC172149B31800344CBF /* APITransaction.swift in Sources */ = {isa = PBXBuildFile; fileRef = 8DC4CA772149A6CE00344CBF /* APITransaction.swift */; };
		8DC4CC182149B31800344CBF /* APIActivity.swift in Sources */ = {isa = PBXBuildFile; fileRef = 8DC4CA782149A6CE00344CBF /* APIActivity.swift */; };
		8DC4CC1B2149B38900344CBF /* APINode.swift in Sources */ = {isa = PBXBuildFile; fileRef = 8DC4CA732149A6CE00344CBF /* APINode.swift */; };
		8DC4CC1C2149B38900344CBF /* APIMarket.swift in Sources */ = {isa = PBXBuildFile; fileRef = 8DC4CA722149A6CE00344CBF /* APIMarket.swift */; };
		8DC4CC1D2149B38900344CBF /* APIWatchlist.swift in Sources */ = {isa = PBXBuildFile; fileRef = 8DC4CA742149A6CE00344CBF /* APIWatchlist.swift */; };
		8DC4CC1E2149B3A600344CBF /* APIConfirmation.swift in Sources */ = {isa = PBXBuildFile; fileRef = 8DC4CA662149A6CE00344CBF /* APIConfirmation.swift */; };
		8DC4CC1F2149B3A600344CBF /* APIPosition.swift in Sources */ = {isa = PBXBuildFile; fileRef = 8DC4CA692149A6CE00344CBF /* APIPosition.swift */; };
		8DC4CC202149B3A600344CBF /* APIPositionOTC.swift in Sources */ = {isa = PBXBuildFile; fileRef = 8DC4CA672149A6CE00344CBF /* APIPositionOTC.swift */; };
		8DC4CC212149B3A600344CBF /* APIWorkingOrder.swift in Sources */ = {isa = PBXBuildFile; fileRef = 8DC4CA682149A6CE00344CBF /* APIWorkingOrder.swift */; };
		8DC4CC222149B3A600344CBF /* APIWorkingOrderOTC.swift in Sources */ = {isa = PBXBuildFile; fileRef = 8DC4CA652149A6CE00344CBF /* APIWorkingOrderOTC.swift */; };
		8DC4CC242149B3C500344CBF /* APIFormatters.swift in Sources */ = {isa = PBXBuildFile; fileRef = 8DC4CA6D2149A6CE00344CBF /* APIFormatters.swift */; };
		8DC4CC272149B3C500344CBF /* URLRequest.swift in Sources */ = {isa = PBXBuildFile; fileRef = 8DC4CA6C2149A6CE00344CBF /* URLRequest.swift */; };
		8DD468D522F1C73100134B67 /* Test.swift in Sources */ = {isa = PBXBuildFile; fileRef = 8DD468D322F1C70100134B67 /* Test.swift */; };
		8DE1B2B9214A639E00C1FF13 /* API in Resources */ = {isa = PBXBuildFile; fileRef = 8DC4CBFD2149AB1200344CBF /* API */; };
		8DE1B2BA214A639F00C1FF13 /* Environment in Resources */ = {isa = PBXBuildFile; fileRef = 8DC4CBFE2149AB1200344CBF /* Environment */; };
		8DE1B2BB214A639F00C1FF13 /* Streamer in Resources */ = {isa = PBXBuildFile; fileRef = 8DC4CBFF2149AB1200344CBF /* Streamer */; };
		8DE1B2BC214A63DD00C1FF13 /* Lightstreamer_macOS_Client.framework in CopyFiles */ = {isa = PBXBuildFile; fileRef = 8DC4CC032149ACA200344CBF /* Lightstreamer_macOS_Client.framework */; };
		8DE1B2BD214A63DF00C1FF13 /* Lightstreamer_macOS_Client.framework in Frameworks */ = {isa = PBXBuildFile; fileRef = 8DC4CC032149ACA200344CBF /* Lightstreamer_macOS_Client.framework */; };
		8DE1B2C0214A641F00C1FF13 /* APIMockedJSON.swift in Sources */ = {isa = PBXBuildFile; fileRef = 8DC4CAAD2149A6CE00344CBF /* APIMockedJSON.swift */; };
		8DE1B2C2214A647F00C1FF13 /* APIFileProtocol.swift in Sources */ = {isa = PBXBuildFile; fileRef = 8DC4CA842149A6CE00344CBF /* APIFileProtocol.swift */; };
		8DE1B2C5214A647F00C1FF13 /* String.swift in Sources */ = {isa = PBXBuildFile; fileRef = 8DC4CA872149A6CE00344CBF /* String.swift */; };
		8DE2C3DC22FBF7DD00BB6261 /* StreamerFormatter.swift in Sources */ = {isa = PBXBuildFile; fileRef = 8DE2C3DB22FBF7DD00BB6261 /* StreamerFormatter.swift */; };
		8DE2C3DE22FC72E400BB6261 /* DealLimit.swift in Sources */ = {isa = PBXBuildFile; fileRef = 8DE2C3DD22FC72E400BB6261 /* DealLimit.swift */; };
		8DE2C3E022FC72FE00BB6261 /* DealStop.swift in Sources */ = {isa = PBXBuildFile; fileRef = 8DE2C3DF22FC72FE00BB6261 /* DealStop.swift */; };
		8DE2C3E222FC789B00BB6261 /* Deal.swift in Sources */ = {isa = PBXBuildFile; fileRef = 8DE2C3E122FC789B00BB6261 /* Deal.swift */; };
		8DE4A67122FB40890036CF5E /* APIMarketStatus.swift in Sources */ = {isa = PBXBuildFile; fileRef = 8DE4A67022FB40890036CF5E /* APIMarketStatus.swift */; };
		8DE4A67322FB40CF0036CF5E /* APINodeMarket.swift in Sources */ = {isa = PBXBuildFile; fileRef = 8DE4A67222FB40CF0036CF5E /* APINodeMarket.swift */; };
		8DF85B1C22F046FA00F1C525 /* Error.swift in Sources */ = {isa = PBXBuildFile; fileRef = 8DF85B1B22F046FA00F1C525 /* Error.swift */; };
		8DF93B9822E757B4001B9412 /* APISentiment.swift in Sources */ = {isa = PBXBuildFile; fileRef = 8DF93B9722E757B4001B9412 /* APISentiment.swift */; };
		8DFF587F23001580000B2777 /* TestAccountError.swift in Sources */ = {isa = PBXBuildFile; fileRef = 8DFF587E23001580000B2777 /* TestAccountError.swift */; };
/* End PBXBuildFile section */

/* Begin PBXContainerItemProxy section */
		8DC4CBEC2149A78700344CBF /* PBXContainerItemProxy */ = {
			isa = PBXContainerItemProxy;
			containerPortal = 8DC4CA342149A60900344CBF /* Project object */;
			proxyType = 1;
			remoteGlobalIDString = 8DC4CBE02149A78700344CBF;
			remoteInfo = IG;
		};
/* End PBXContainerItemProxy section */

/* Begin PBXCopyFilesBuildPhase section */
		8DE1B2B6214A633F00C1FF13 /* CopyFiles */ = {
			isa = PBXCopyFilesBuildPhase;
			buildActionMask = 2147483647;
			dstPath = "";
			dstSubfolderSpec = 16;
			files = (
				8DE1B2BC214A63DD00C1FF13 /* Lightstreamer_macOS_Client.framework in CopyFiles */,
			);
			runOnlyForDeploymentPostprocessing = 0;
		};
/* End PBXCopyFilesBuildPhase section */

/* Begin PBXFileReference section */
		8D0A232B22EB9600001853E7 /* APIUser.swift */ = {isa = PBXFileReference; lastKnownFileType = sourcecode.swift; path = APIUser.swift; sourceTree = "<group>"; };
		8D1CC9732299EE6C009AB4D3 /* AnyDecodable.swift */ = {isa = PBXFileReference; fileEncoding = 4; lastKnownFileType = sourcecode.swift; path = AnyDecodable.swift; sourceTree = "<group>"; };
		8D1CC9742299EE6C009AB4D3 /* AnyCodable.swift */ = {isa = PBXFileReference; fileEncoding = 4; lastKnownFileType = sourcecode.swift; path = AnyCodable.swift; sourceTree = "<group>"; };
		8D1CC9752299EE6C009AB4D3 /* AnyEncodable.swift */ = {isa = PBXFileReference; fileEncoding = 4; lastKnownFileType = sourcecode.swift; path = AnyEncodable.swift; sourceTree = "<group>"; };
		8D1CC97C229B0706009AB4D3 /* Reactive+API.swift */ = {isa = PBXFileReference; lastKnownFileType = sourcecode.swift; path = "Reactive+API.swift"; sourceTree = "<group>"; };
		8D24D0D1230EF496003D25EA /* Confirmation.swift */ = {isa = PBXFileReference; lastKnownFileType = sourcecode.swift; path = Confirmation.swift; sourceTree = "<group>"; };
		8D299E4822F4C09A007FC5F8 /* String.swift */ = {isa = PBXFileReference; lastKnownFileType = sourcecode.swift; path = String.swift; sourceTree = "<group>"; };
		8D3C262222E9F66E0080D3C1 /* APIInternals.swift */ = {isa = PBXFileReference; lastKnownFileType = sourcecode.swift; path = APIInternals.swift; sourceTree = "<group>"; };
		8D3C262422E9FA020080D3C1 /* Collections.swift */ = {isa = PBXFileReference; lastKnownFileType = sourcecode.swift; path = Collections.swift; sourceTree = "<group>"; };
		8D3C262622E9FAC20080D3C1 /* StreamerInternals.swift */ = {isa = PBXFileReference; lastKnownFileType = sourcecode.swift; path = StreamerInternals.swift; sourceTree = "<group>"; };
		8D3C262B22EB18A50080D3C1 /* Money.swift */ = {isa = PBXFileReference; lastKnownFileType = sourcecode.swift; path = Money.swift; sourceTree = "<group>"; };
		8D4B971422F1C995002B267F /* TestAccount.swift */ = {isa = PBXFileReference; fileEncoding = 4; lastKnownFileType = sourcecode.swift; path = TestAccount.swift; sourceTree = "<group>"; };
		8D50EE7E22FBE4B500F82671 /* StreamerMockableChannel.swift */ = {isa = PBXFileReference; lastKnownFileType = sourcecode.swift; path = StreamerMockableChannel.swift; sourceTree = "<group>"; };
		8D52F33D22FB1CA900521759 /* APIKey.swift */ = {isa = PBXFileReference; lastKnownFileType = sourcecode.swift; path = APIKey.swift; sourceTree = "<group>"; };
		8D52F34022FB1E8400521759 /* Account.swift */ = {isa = PBXFileReference; lastKnownFileType = sourcecode.swift; path = Account.swift; sourceTree = "<group>"; };
		8D52F34222FB201000521759 /* Client.swift */ = {isa = PBXFileReference; lastKnownFileType = sourcecode.swift; path = Client.swift; sourceTree = "<group>"; };
		8D61671B22FEC27E00B042C5 /* Deals.md */ = {isa = PBXFileReference; lastKnownFileType = net.daringfireball.markdown; path = Deals.md; sourceTree = "<group>"; };
		8D6BD9FD22EF447600156512 /* APIDeal.swift */ = {isa = PBXFileReference; lastKnownFileType = sourcecode.swift; path = APIDeal.swift; sourceTree = "<group>"; };
		8D6D959022F4073B00BD42C2 /* StreamerSubscription.swift */ = {isa = PBXFileReference; lastKnownFileType = sourcecode.swift; path = StreamerSubscription.swift; sourceTree = "<group>"; };
		8D6D959222F4390B00BD42C2 /* StreamerEvent.swift */ = {isa = PBXFileReference; lastKnownFileType = sourcecode.swift; path = StreamerEvent.swift; sourceTree = "<group>"; };
		8D74741422E8439B00B0BA41 /* Currency.swift */ = {isa = PBXFileReference; lastKnownFileType = sourcecode.swift; path = Currency.swift; sourceTree = "<group>"; };
		8D819E1422F2BAEE0031A9D5 /* StreamerSessionTests.swift */ = {isa = PBXFileReference; lastKnownFileType = sourcecode.swift; path = StreamerSessionTests.swift; sourceTree = "<group>"; };
		8D819E1622F2E3100031A9D5 /* Reactive+Timeout.swift */ = {isa = PBXFileReference; lastKnownFileType = sourcecode.swift; path = "Reactive+Timeout.swift"; sourceTree = "<group>"; };
		8D89F7F522F0EB7E00AF7698 /* StreamerSession.swift */ = {isa = PBXFileReference; lastKnownFileType = sourcecode.swift; path = StreamerSession.swift; sourceTree = "<group>"; };
		8D8B3AB92299E91800611153 /* General.playground */ = {isa = PBXFileReference; lastKnownFileType = file.playground; path = General.playground; sourceTree = "<group>"; xcLanguageSpecificationIdentifier = xcode.lang.swift; };
		8D911F6422ECF4CA0038E899 /* Decimal.swift */ = {isa = PBXFileReference; lastKnownFileType = sourcecode.swift; path = Decimal.swift; sourceTree = "<group>"; };
		8D987E7A22F950A0003F85D9 /* XCTestCase+Streamer.swift */ = {isa = PBXFileReference; lastKnownFileType = sourcecode.swift; path = "XCTestCase+Streamer.swift"; sourceTree = "<group>"; };
		8D987E7D22F95651003F85D9 /* StreamerAccountTests.swift */ = {isa = PBXFileReference; lastKnownFileType = sourcecode.swift; path = StreamerAccountTests.swift; sourceTree = "<group>"; };
		8DAEF08122F9994F005AB34C /* TestFabric.swift */ = {isa = PBXFileReference; lastKnownFileType = sourcecode.swift; path = TestFabric.swift; sourceTree = "<group>"; };
		8DB560F7214A6F6200DA980E /* SetUp.swift */ = {isa = PBXFileReference; lastKnownFileType = sourcecode.swift; path = SetUp.swift; sourceTree = "<group>"; };
		8DBB682822F30E7F00D04867 /* Reactive+Map.swift */ = {isa = PBXFileReference; lastKnownFileType = sourcecode.swift; path = "Reactive+Map.swift"; sourceTree = "<group>"; };
		8DC4CA3C2149A68200344CBF /* macOS.xcconfig */ = {isa = PBXFileReference; lastKnownFileType = text.xcconfig; path = macOS.xcconfig; sourceTree = "<group>"; };
		8DC4CA3D2149A68200344CBF /* macOS_tests.xcconfig */ = {isa = PBXFileReference; lastKnownFileType = text.xcconfig; path = macOS_tests.xcconfig; sourceTree = "<group>"; };
		8DC4CA3E2149A68200344CBF /* macOS_tests.plist */ = {isa = PBXFileReference; lastKnownFileType = text.plist.xml; path = macOS_tests.plist; sourceTree = "<group>"; };
		8DC4CA3F2149A68200344CBF /* macOS.plist */ = {isa = PBXFileReference; lastKnownFileType = text.plist.xml; path = macOS.plist; sourceTree = "<group>"; };
		8DC4CA412149A68200344CBF /* Common.xcconfig */ = {isa = PBXFileReference; lastKnownFileType = text.xcconfig; path = Common.xcconfig; sourceTree = "<group>"; };
		8DC4CA432149A6CE00344CBF /* Services.swift */ = {isa = PBXFileReference; lastKnownFileType = sourcecode.swift; path = Services.swift; sourceTree = "<group>"; };
		8DC4CA442149A6CE00344CBF /* IG.h */ = {isa = PBXFileReference; lastKnownFileType = sourcecode.c.h; path = IG.h; sourceTree = "<group>"; };
		8DC4CA462149A6CE00344CBF /* Epic.swift */ = {isa = PBXFileReference; lastKnownFileType = sourcecode.swift; path = Epic.swift; sourceTree = "<group>"; };
		8DC4CA492149A6CE00344CBF /* Date.swift */ = {isa = PBXFileReference; lastKnownFileType = sourcecode.swift; path = Date.swift; sourceTree = "<group>"; };
		8DC4CA4B2149A6CE00344CBF /* Operators.swift */ = {isa = PBXFileReference; lastKnownFileType = sourcecode.swift; path = Operators.swift; sourceTree = "<group>"; };
		8DC4CA4F2149A6CE00344CBF /* StreamerChannel.swift */ = {isa = PBXFileReference; lastKnownFileType = sourcecode.swift; path = StreamerChannel.swift; sourceTree = "<group>"; };
		8DC4CA582149A6CE00344CBF /* StreamerChartTick.swift */ = {isa = PBXFileReference; lastKnownFileType = sourcecode.swift; path = StreamerChartTick.swift; sourceTree = "<group>"; };
		8DC4CA592149A6CE00344CBF /* StreamerMarket.swift */ = {isa = PBXFileReference; lastKnownFileType = sourcecode.swift; path = StreamerMarket.swift; sourceTree = "<group>"; };
		8DC4CA5A2149A6CE00344CBF /* StreamerChartScale.swift */ = {isa = PBXFileReference; lastKnownFileType = sourcecode.swift; path = StreamerChartScale.swift; sourceTree = "<group>"; };
		8DC4CA5B2149A6CE00344CBF /* StreamerCredentials.swift */ = {isa = PBXFileReference; lastKnownFileType = sourcecode.swift; path = StreamerCredentials.swift; sourceTree = "<group>"; };
		8DC4CA5C2149A6CE00344CBF /* Streamer.swift */ = {isa = PBXFileReference; lastKnownFileType = sourcecode.swift; path = Streamer.swift; sourceTree = "<group>"; };
		8DC4CA5E2149A6CE00344CBF /* StreamerError.swift */ = {isa = PBXFileReference; lastKnownFileType = sourcecode.swift; path = StreamerError.swift; sourceTree = "<group>"; };
		8DC4CA602149A6CE00344CBF /* StreamerAccount.swift */ = {isa = PBXFileReference; lastKnownFileType = sourcecode.swift; path = StreamerAccount.swift; sourceTree = "<group>"; };
		8DC4CA612149A6CE00344CBF /* StreamerDeal.swift */ = {isa = PBXFileReference; lastKnownFileType = sourcecode.swift; path = StreamerDeal.swift; sourceTree = "<group>"; };
		8DC4CA632149A6CE00344CBF /* APIError.swift */ = {isa = PBXFileReference; lastKnownFileType = sourcecode.swift; path = APIError.swift; sourceTree = "<group>"; };
		8DC4CA652149A6CE00344CBF /* APIWorkingOrderOTC.swift */ = {isa = PBXFileReference; lastKnownFileType = sourcecode.swift; path = APIWorkingOrderOTC.swift; sourceTree = "<group>"; };
		8DC4CA662149A6CE00344CBF /* APIConfirmation.swift */ = {isa = PBXFileReference; lastKnownFileType = sourcecode.swift; path = APIConfirmation.swift; sourceTree = "<group>"; };
		8DC4CA672149A6CE00344CBF /* APIPositionOTC.swift */ = {isa = PBXFileReference; lastKnownFileType = sourcecode.swift; path = APIPositionOTC.swift; sourceTree = "<group>"; };
		8DC4CA682149A6CE00344CBF /* APIWorkingOrder.swift */ = {isa = PBXFileReference; lastKnownFileType = sourcecode.swift; path = APIWorkingOrder.swift; sourceTree = "<group>"; };
		8DC4CA692149A6CE00344CBF /* APIPosition.swift */ = {isa = PBXFileReference; lastKnownFileType = sourcecode.swift; path = APIPosition.swift; sourceTree = "<group>"; };
		8DC4CA6C2149A6CE00344CBF /* URLRequest.swift */ = {isa = PBXFileReference; lastKnownFileType = sourcecode.swift; path = URLRequest.swift; sourceTree = "<group>"; };
		8DC4CA6D2149A6CE00344CBF /* APIFormatters.swift */ = {isa = PBXFileReference; lastKnownFileType = sourcecode.swift; path = APIFormatters.swift; sourceTree = "<group>"; };
		8DC4CA722149A6CE00344CBF /* APIMarket.swift */ = {isa = PBXFileReference; lastKnownFileType = sourcecode.swift; path = APIMarket.swift; sourceTree = "<group>"; };
		8DC4CA732149A6CE00344CBF /* APINode.swift */ = {isa = PBXFileReference; lastKnownFileType = sourcecode.swift; path = APINode.swift; sourceTree = "<group>"; };
		8DC4CA742149A6CE00344CBF /* APIWatchlist.swift */ = {isa = PBXFileReference; lastKnownFileType = sourcecode.swift; path = APIWatchlist.swift; sourceTree = "<group>"; };
		8DC4CA762149A6CE00344CBF /* APIPrice.swift */ = {isa = PBXFileReference; lastKnownFileType = sourcecode.swift; path = APIPrice.swift; sourceTree = "<group>"; };
		8DC4CA772149A6CE00344CBF /* APITransaction.swift */ = {isa = PBXFileReference; lastKnownFileType = sourcecode.swift; path = APITransaction.swift; sourceTree = "<group>"; };
		8DC4CA782149A6CE00344CBF /* APIActivity.swift */ = {isa = PBXFileReference; lastKnownFileType = sourcecode.swift; path = APIActivity.swift; sourceTree = "<group>"; };
		8DC4CA7A2149A6CE00344CBF /* APIApplication.swift */ = {isa = PBXFileReference; lastKnownFileType = sourcecode.swift; path = APIApplication.swift; sourceTree = "<group>"; };
		8DC4CA7B2149A6CE00344CBF /* APIAccount.swift */ = {isa = PBXFileReference; lastKnownFileType = sourcecode.swift; path = APIAccount.swift; sourceTree = "<group>"; };
		8DC4CA7C2149A6CE00344CBF /* API.swift */ = {isa = PBXFileReference; lastKnownFileType = sourcecode.swift; path = API.swift; sourceTree = "<group>"; };
		8DC4CA7E2149A6CE00344CBF /* APICertificate.swift */ = {isa = PBXFileReference; lastKnownFileType = sourcecode.swift; path = APICertificate.swift; sourceTree = "<group>"; };
		8DC4CA7F2149A6CE00344CBF /* APISession.swift */ = {isa = PBXFileReference; lastKnownFileType = sourcecode.swift; path = APISession.swift; sourceTree = "<group>"; };
		8DC4CA802149A6CE00344CBF /* APIOAuth.swift */ = {isa = PBXFileReference; lastKnownFileType = sourcecode.swift; path = APIOAuth.swift; sourceTree = "<group>"; };
		8DC4CA812149A6CE00344CBF /* APICredentials.swift */ = {isa = PBXFileReference; lastKnownFileType = sourcecode.swift; path = APICredentials.swift; sourceTree = "<group>"; };
		8DC4CA842149A6CE00344CBF /* APIFileProtocol.swift */ = {isa = PBXFileReference; lastKnownFileType = sourcecode.swift; path = APIFileProtocol.swift; sourceTree = "<group>"; };
		8DC4CA852149A6CE00344CBF /* StreamerFileChannel.swift */ = {isa = PBXFileReference; lastKnownFileType = sourcecode.swift; path = StreamerFileChannel.swift; sourceTree = "<group>"; };
		8DC4CA862149A6CE00344CBF /* StreamerFileSubscription.swift */ = {isa = PBXFileReference; lastKnownFileType = sourcecode.swift; path = StreamerFileSubscription.swift; sourceTree = "<group>"; };
		8DC4CA872149A6CE00344CBF /* String.swift */ = {isa = PBXFileReference; lastKnownFileType = sourcecode.swift; path = String.swift; sourceTree = "<group>"; };
		8DC4CA882149A6CE00344CBF /* StreamerFileUpdate.swift */ = {isa = PBXFileReference; lastKnownFileType = sourcecode.swift; path = StreamerFileUpdate.swift; sourceTree = "<group>"; };
		8DC4CA8D2149A6CE00344CBF /* StreamerMarketTests.swift */ = {isa = PBXFileReference; lastKnownFileType = sourcecode.swift; path = StreamerMarketTests.swift; sourceTree = "<group>"; };
		8DC4CA8E2149A6CE00344CBF /* StreamerChartTests.swift */ = {isa = PBXFileReference; lastKnownFileType = sourcecode.swift; path = StreamerChartTests.swift; sourceTree = "<group>"; };
		8DC4CA902149A6CE00344CBF /* StreamerTradeTests.swift */ = {isa = PBXFileReference; lastKnownFileType = sourcecode.swift; path = StreamerTradeTests.swift; sourceTree = "<group>"; };
		8DC4CA932149A6CE00344CBF /* APIPositionTests.swift */ = {isa = PBXFileReference; lastKnownFileType = sourcecode.swift; path = APIPositionTests.swift; sourceTree = "<group>"; };
		8DC4CA942149A6CE00344CBF /* APIWorkingOrderTests.swift */ = {isa = PBXFileReference; lastKnownFileType = sourcecode.swift; path = APIWorkingOrderTests.swift; sourceTree = "<group>"; };
		8DC4CA972149A6CE00344CBF /* APIMarketTests.swift */ = {isa = PBXFileReference; lastKnownFileType = sourcecode.swift; path = APIMarketTests.swift; sourceTree = "<group>"; };
		8DC4CA982149A6CE00344CBF /* APIWatchlistTests.swift */ = {isa = PBXFileReference; lastKnownFileType = sourcecode.swift; path = APIWatchlistTests.swift; sourceTree = "<group>"; };
		8DC4CA992149A6CE00344CBF /* APINodeTests.swift */ = {isa = PBXFileReference; lastKnownFileType = sourcecode.swift; path = APINodeTests.swift; sourceTree = "<group>"; };
		8DC4CA9B2149A6CE00344CBF /* APITransactionTests.swift */ = {isa = PBXFileReference; lastKnownFileType = sourcecode.swift; path = APITransactionTests.swift; sourceTree = "<group>"; };
		8DC4CA9C2149A6CE00344CBF /* APIPriceTests.swift */ = {isa = PBXFileReference; lastKnownFileType = sourcecode.swift; path = APIPriceTests.swift; sourceTree = "<group>"; };
		8DC4CA9D2149A6CE00344CBF /* APIActivityTests.swift */ = {isa = PBXFileReference; lastKnownFileType = sourcecode.swift; path = APIActivityTests.swift; sourceTree = "<group>"; };
		8DC4CA9F2149A6CE00344CBF /* APIAccountTests.swift */ = {isa = PBXFileReference; lastKnownFileType = sourcecode.swift; path = APIAccountTests.swift; sourceTree = "<group>"; };
		8DC4CAA02149A6CE00344CBF /* APIApplicationTests.swift */ = {isa = PBXFileReference; lastKnownFileType = sourcecode.swift; path = APIApplicationTests.swift; sourceTree = "<group>"; };
		8DC4CAA32149A6CE00344CBF /* APICertificateTests.swift */ = {isa = PBXFileReference; lastKnownFileType = sourcecode.swift; path = APICertificateTests.swift; sourceTree = "<group>"; };
		8DC4CAA42149A6CE00344CBF /* APISessionTests.swift */ = {isa = PBXFileReference; lastKnownFileType = sourcecode.swift; path = APISessionTests.swift; sourceTree = "<group>"; };
		8DC4CAA52149A6CE00344CBF /* APIOAuthTests.swift */ = {isa = PBXFileReference; lastKnownFileType = sourcecode.swift; path = APIOAuthTests.swift; sourceTree = "<group>"; };
		8DC4CAAD2149A6CE00344CBF /* APIMockedJSON.swift */ = {isa = PBXFileReference; lastKnownFileType = sourcecode.swift; path = APIMockedJSON.swift; sourceTree = "<group>"; };
		8DC4CAF42149A6CE00344CBF /* StreamerMockedJSON.swift */ = {isa = PBXFileReference; lastKnownFileType = sourcecode.swift; path = StreamerMockedJSON.swift; sourceTree = "<group>"; };
		8DC4CBE12149A78700344CBF /* IG.framework */ = {isa = PBXFileReference; explicitFileType = wrapper.framework; includeInIndex = 0; path = IG.framework; sourceTree = BUILT_PRODUCTS_DIR; };
		8DC4CBEA2149A78700344CBF /* IGTests.xctest */ = {isa = PBXFileReference; explicitFileType = wrapper.cfbundle; includeInIndex = 0; path = IGTests.xctest; sourceTree = BUILT_PRODUCTS_DIR; };
		8DC4CBFD2149AB1200344CBF /* API */ = {isa = PBXFileReference; lastKnownFileType = folder; path = API; sourceTree = "<group>"; };
		8DC4CBFE2149AB1200344CBF /* Environment */ = {isa = PBXFileReference; lastKnownFileType = folder; path = Environment; sourceTree = "<group>"; };
		8DC4CBFF2149AB1200344CBF /* Streamer */ = {isa = PBXFileReference; lastKnownFileType = folder; path = Streamer; sourceTree = "<group>"; };
		8DC4CC032149ACA200344CBF /* Lightstreamer_macOS_Client.framework */ = {isa = PBXFileReference; lastKnownFileType = wrapper.framework; name = Lightstreamer_macOS_Client.framework; path = Dependencies/Lightstreamer/Lightstreamer_macOS_Client.framework; sourceTree = "<group>"; };
		8DC4CC052149AF2500344CBF /* README.md */ = {isa = PBXFileReference; lastKnownFileType = net.daringfireball.markdown; path = README.md; sourceTree = "<group>"; };
		8DD468D322F1C70100134B67 /* Test.swift */ = {isa = PBXFileReference; lastKnownFileType = sourcecode.swift; path = Test.swift; sourceTree = "<group>"; };
		8DE2C3DB22FBF7DD00BB6261 /* StreamerFormatter.swift */ = {isa = PBXFileReference; lastKnownFileType = sourcecode.swift; path = StreamerFormatter.swift; sourceTree = "<group>"; };
		8DE2C3DD22FC72E400BB6261 /* DealLimit.swift */ = {isa = PBXFileReference; lastKnownFileType = sourcecode.swift; path = DealLimit.swift; sourceTree = "<group>"; };
		8DE2C3DF22FC72FE00BB6261 /* DealStop.swift */ = {isa = PBXFileReference; lastKnownFileType = sourcecode.swift; path = DealStop.swift; sourceTree = "<group>"; };
		8DE2C3E122FC789B00BB6261 /* Deal.swift */ = {isa = PBXFileReference; lastKnownFileType = sourcecode.swift; path = Deal.swift; sourceTree = "<group>"; };
		8DE4A67022FB40890036CF5E /* APIMarketStatus.swift */ = {isa = PBXFileReference; lastKnownFileType = sourcecode.swift; path = APIMarketStatus.swift; sourceTree = "<group>"; };
		8DE4A67222FB40CF0036CF5E /* APINodeMarket.swift */ = {isa = PBXFileReference; lastKnownFileType = sourcecode.swift; path = APINodeMarket.swift; sourceTree = "<group>"; };
		8DF85B1B22F046FA00F1C525 /* Error.swift */ = {isa = PBXFileReference; lastKnownFileType = sourcecode.swift; path = Error.swift; sourceTree = "<group>"; };
		8DF93B9722E757B4001B9412 /* APISentiment.swift */ = {isa = PBXFileReference; lastKnownFileType = sourcecode.swift; path = APISentiment.swift; sourceTree = "<group>"; };
		8DF93B9922E75C11001B9412 /* APISentimentTests.swift */ = {isa = PBXFileReference; lastKnownFileType = sourcecode.swift; path = APISentimentTests.swift; sourceTree = "<group>"; };
		8DFF587E23001580000B2777 /* TestAccountError.swift */ = {isa = PBXFileReference; lastKnownFileType = sourcecode.swift; path = TestAccountError.swift; sourceTree = "<group>"; };
/* End PBXFileReference section */

/* Begin PBXFrameworksBuildPhase section */
		8DC4CBDE2149A78700344CBF /* Frameworks */ = {
			isa = PBXFrameworksBuildPhase;
			buildActionMask = 2147483647;
			files = (
				8DC4CC042149ACA200344CBF /* Lightstreamer_macOS_Client.framework in Frameworks */,
				8D23A90722C1E41E00518EC9 /* ReactiveSwift in Frameworks */,
			);
			runOnlyForDeploymentPostprocessing = 0;
		};
		8DC4CBE72149A78700344CBF /* Frameworks */ = {
			isa = PBXFrameworksBuildPhase;
			buildActionMask = 2147483647;
			files = (
				8DC4CBEB2149A78700344CBF /* IG.framework in Frameworks */,
				8DE1B2BD214A63DF00C1FF13 /* Lightstreamer_macOS_Client.framework in Frameworks */,
			);
			runOnlyForDeploymentPostprocessing = 0;
		};
/* End PBXFrameworksBuildPhase section */

/* Begin PBXGroup section */
		8D1CC9722299EE6C009AB4D3 /* AnyCodable */ = {
			isa = PBXGroup;
			children = (
				8D1CC9742299EE6C009AB4D3 /* AnyCodable.swift */,
				8D1CC9732299EE6C009AB4D3 /* AnyDecodable.swift */,
				8D1CC9752299EE6C009AB4D3 /* AnyEncodable.swift */,
			);
			path = AnyCodable;
			sourceTree = "<group>";
		};
		8D52F33F22FB1DBB00521759 /* Entities */ = {
			isa = PBXGroup;
			children = (
				8D0A232B22EB9600001853E7 /* APIUser.swift */,
				8D52F33D22FB1CA900521759 /* APIKey.swift */,
				8DC4CA812149A6CE00344CBF /* APICredentials.swift */,
				8D6BD9FD22EF447600156512 /* APIDeal.swift */,
				8DE4A67022FB40890036CF5E /* APIMarketStatus.swift */,
				8DE4A67222FB40CF0036CF5E /* APINodeMarket.swift */,
				8D3C262222E9F66E0080D3C1 /* APIInternals.swift */,
			);
			path = Entities;
			sourceTree = "<group>";
		};
		8D61671A22FEC26200B042C5 /* Documentation */ = {
			isa = PBXGroup;
			children = (
				8D61671B22FEC27E00B042C5 /* Deals.md */,
			);
			path = Documentation;
			sourceTree = "<group>";
		};
		8D69398A22FBE35A0068378D /* Entities */ = {
			isa = PBXGroup;
			children = (
				8DC4CA5B2149A6CE00344CBF /* StreamerCredentials.swift */,
				8D6D959022F4073B00BD42C2 /* StreamerSubscription.swift */,
				8D6D959222F4390B00BD42C2 /* StreamerEvent.swift */,
				8D3C262622E9FAC20080D3C1 /* StreamerInternals.swift */,
			);
			path = Entities;
			sourceTree = "<group>";
		};
		8D80F45622F0C59800DE1E5B /* Session */ = {
			isa = PBXGroup;
			children = (
				8D89F7F522F0EB7E00AF7698 /* StreamerSession.swift */,
				8DC4CA4F2149A6CE00344CBF /* StreamerChannel.swift */,
				8D50EE7E22FBE4B500F82671 /* StreamerMockableChannel.swift */,
			);
			path = Session;
			sourceTree = "<group>";
		};
		8D819E1022F2B3570031A9D5 /* Utils */ = {
			isa = PBXGroup;
			children = (
				8DC4CA842149A6CE00344CBF /* APIFileProtocol.swift */,
			);
			path = Utils;
			sourceTree = "<group>";
		};
		8D819E1122F2B3AB0031A9D5 /* Utils */ = {
			isa = PBXGroup;
			children = (
				8DC4CA852149A6CE00344CBF /* StreamerFileChannel.swift */,
				8DC4CA862149A6CE00344CBF /* StreamerFileSubscription.swift */,
				8DC4CA882149A6CE00344CBF /* StreamerFileUpdate.swift */,
				8D987E7A22F950A0003F85D9 /* XCTestCase+Streamer.swift */,
			);
			path = Utils;
			sourceTree = "<group>";
		};
		8D819E1322F2BAB40031A9D5 /* Session */ = {
			isa = PBXGroup;
			children = (
				8D819E1422F2BAEE0031A9D5 /* StreamerSessionTests.swift */,
			);
			path = Session;
			sourceTree = "<group>";
		};
		8D8B3AB82299E8D900611153 /* Playground */ = {
			isa = PBXGroup;
			children = (
				8D8B3AB92299E91800611153 /* General.playground */,
			);
			path = Playground;
			sourceTree = "<group>";
		};
		8DC4CA332149A60900344CBF = {
			isa = PBXGroup;
			children = (
				8DC4CC052149AF2500344CBF /* README.md */,
				8DC4CA3A2149A68200344CBF /* Configuration */,
				8D61671A22FEC26200B042C5 /* Documentation */,
				8DC4CA422149A6CE00344CBF /* Sources */,
				8DC4CA822149A6CE00344CBF /* Tests */,
				8DC4CBE22149A78700344CBF /* Products */,
				8DC4CBFB2149A9D900344CBF /* Frameworks */,
			);
			sourceTree = "<group>";
		};
		8DC4CA3A2149A68200344CBF /* Configuration */ = {
			isa = PBXGroup;
			children = (
				8DC4CA402149A68200344CBF /* Common */,
				8DC4CA3B2149A68200344CBF /* macOS */,
			);
			path = Configuration;
			sourceTree = "<group>";
		};
		8DC4CA3B2149A68200344CBF /* macOS */ = {
			isa = PBXGroup;
			children = (
				8DC4CA3C2149A68200344CBF /* macOS.xcconfig */,
				8DC4CA3F2149A68200344CBF /* macOS.plist */,
				8DC4CA3D2149A68200344CBF /* macOS_tests.xcconfig */,
				8DC4CA3E2149A68200344CBF /* macOS_tests.plist */,
			);
			path = macOS;
			sourceTree = "<group>";
		};
		8DC4CA402149A68200344CBF /* Common */ = {
			isa = PBXGroup;
			children = (
				8DC4CA412149A68200344CBF /* Common.xcconfig */,
			);
			path = Common;
			sourceTree = "<group>";
		};
		8DC4CA422149A6CE00344CBF /* Sources */ = {
			isa = PBXGroup;
			children = (
				8DC4CA442149A6CE00344CBF /* IG.h */,
				8DC4CA432149A6CE00344CBF /* Services.swift */,
				8DC4CA622149A6CE00344CBF /* API */,
				8DC4CA4C2149A6CE00344CBF /* Streamer */,
				8DC4CA452149A6CE00344CBF /* Entities */,
				8DC4CA482149A6CE00344CBF /* Utils */,
			);
			path = Sources;
			sourceTree = "<group>";
		};
		8DC4CA452149A6CE00344CBF /* Entities */ = {
			isa = PBXGroup;
			children = (
				8D52F34022FB1E8400521759 /* Account.swift */,
				8D52F34222FB201000521759 /* Client.swift */,
				8DC4CA462149A6CE00344CBF /* Epic.swift */,
				8DE2C3E122FC789B00BB6261 /* Deal.swift */,
				8DE2C3DD22FC72E400BB6261 /* DealLimit.swift */,
				8DE2C3DF22FC72FE00BB6261 /* DealStop.swift */,
				8D24D0D1230EF496003D25EA /* Confirmation.swift */,
				8D74741422E8439B00B0BA41 /* Currency.swift */,
				8D3C262B22EB18A50080D3C1 /* Money.swift */,
			);
			path = Entities;
			sourceTree = "<group>";
		};
		8DC4CA482149A6CE00344CBF /* Utils */ = {
			isa = PBXGroup;
			children = (
				8DF85B1B22F046FA00F1C525 /* Error.swift */,
				8DBB682822F30E7F00D04867 /* Reactive+Map.swift */,
				8DB560F7214A6F6200DA980E /* SetUp.swift */,
				8DC4CA4B2149A6CE00344CBF /* Operators.swift */,
				8D3C262422E9FA020080D3C1 /* Collections.swift */,
				8D911F6422ECF4CA0038E899 /* Decimal.swift */,
				8DC4CA492149A6CE00344CBF /* Date.swift */,
			);
			path = Utils;
			sourceTree = "<group>";
		};
		8DC4CA4C2149A6CE00344CBF /* Streamer */ = {
			isa = PBXGroup;
			children = (
				8DC4CA5C2149A6CE00344CBF /* Streamer.swift */,
				8DC4CA5E2149A6CE00344CBF /* StreamerError.swift */,
				8D69398A22FBE35A0068378D /* Entities */,
				8D80F45622F0C59800DE1E5B /* Session */,
				8DC4CA572149A6CE00344CBF /* Markets */,
				8DC4CA5F2149A6CE00344CBF /* Account */,
				8DC4CA4D2149A6CE00344CBF /* Utils */,
			);
			path = Streamer;
			sourceTree = "<group>";
		};
		8DC4CA4D2149A6CE00344CBF /* Utils */ = {
			isa = PBXGroup;
			children = (
				8D299E4822F4C09A007FC5F8 /* String.swift */,
				8DE2C3DB22FBF7DD00BB6261 /* StreamerFormatter.swift */,
			);
			path = Utils;
			sourceTree = "<group>";
		};
		8DC4CA572149A6CE00344CBF /* Markets */ = {
			isa = PBXGroup;
			children = (
				8DC4CA592149A6CE00344CBF /* StreamerMarket.swift */,
				8DC4CA582149A6CE00344CBF /* StreamerChartTick.swift */,
				8DC4CA5A2149A6CE00344CBF /* StreamerChartScale.swift */,
			);
			path = Markets;
			sourceTree = "<group>";
		};
		8DC4CA5F2149A6CE00344CBF /* Account */ = {
			isa = PBXGroup;
			children = (
				8DC4CA602149A6CE00344CBF /* StreamerAccount.swift */,
				8DC4CA612149A6CE00344CBF /* StreamerDeal.swift */,
			);
			path = Account;
			sourceTree = "<group>";
		};
		8DC4CA622149A6CE00344CBF /* API */ = {
			isa = PBXGroup;
			children = (
				8DC4CA7C2149A6CE00344CBF /* API.swift */,
				8DC4CA632149A6CE00344CBF /* APIError.swift */,
				8D52F33F22FB1DBB00521759 /* Entities */,
				8DC4CA7D2149A6CE00344CBF /* Session */,
				8DC4CA792149A6CE00344CBF /* Applications */,
				8DC4CA752149A6CE00344CBF /* History */,
				8DC4CA712149A6CE00344CBF /* Markets */,
				8DC4CA642149A6CE00344CBF /* Dealings */,
				8DC4CA6B2149A6CE00344CBF /* Utils */,
			);
			path = API;
			sourceTree = "<group>";
		};
		8DC4CA642149A6CE00344CBF /* Dealings */ = {
			isa = PBXGroup;
			children = (
				8DC4CA662149A6CE00344CBF /* APIConfirmation.swift */,
				8DC4CA692149A6CE00344CBF /* APIPosition.swift */,
				8DC4CA672149A6CE00344CBF /* APIPositionOTC.swift */,
				8DC4CA682149A6CE00344CBF /* APIWorkingOrder.swift */,
				8DC4CA652149A6CE00344CBF /* APIWorkingOrderOTC.swift */,
			);
			path = Dealings;
			sourceTree = "<group>";
		};
		8DC4CA6B2149A6CE00344CBF /* Utils */ = {
			isa = PBXGroup;
			children = (
				8D1CC97C229B0706009AB4D3 /* Reactive+API.swift */,
				8DC4CA6C2149A6CE00344CBF /* URLRequest.swift */,
				8DC4CA6D2149A6CE00344CBF /* APIFormatters.swift */,
			);
			path = Utils;
			sourceTree = "<group>";
		};
		8DC4CA712149A6CE00344CBF /* Markets */ = {
			isa = PBXGroup;
			children = (
				8DC4CA732149A6CE00344CBF /* APINode.swift */,
				8DC4CA722149A6CE00344CBF /* APIMarket.swift */,
				8DC4CA742149A6CE00344CBF /* APIWatchlist.swift */,
				8DF93B9722E757B4001B9412 /* APISentiment.swift */,
			);
			path = Markets;
			sourceTree = "<group>";
		};
		8DC4CA752149A6CE00344CBF /* History */ = {
			isa = PBXGroup;
			children = (
				8DC4CA782149A6CE00344CBF /* APIActivity.swift */,
				8DC4CA772149A6CE00344CBF /* APITransaction.swift */,
				8DC4CA762149A6CE00344CBF /* APIPrice.swift */,
			);
			path = History;
			sourceTree = "<group>";
		};
		8DC4CA792149A6CE00344CBF /* Applications */ = {
			isa = PBXGroup;
			children = (
				8DC4CA7A2149A6CE00344CBF /* APIApplication.swift */,
				8DC4CA7B2149A6CE00344CBF /* APIAccount.swift */,
			);
			path = Applications;
			sourceTree = "<group>";
		};
		8DC4CA7D2149A6CE00344CBF /* Session */ = {
			isa = PBXGroup;
			children = (
				8DC4CA7F2149A6CE00344CBF /* APISession.swift */,
				8DC4CA7E2149A6CE00344CBF /* APICertificate.swift */,
				8DC4CA802149A6CE00344CBF /* APIOAuth.swift */,
			);
			path = Session;
			sourceTree = "<group>";
		};
		8DC4CA822149A6CE00344CBF /* Tests */ = {
			isa = PBXGroup;
			children = (
				8D8B3AB82299E8D900611153 /* Playground */,
				8DD468D322F1C70100134B67 /* Test.swift */,
				8DAEF08122F9994F005AB34C /* TestFabric.swift */,
				8DC4CAA62149A6CE00344CBF /* Data */,
				8DC4CA912149A6CE00344CBF /* API */,
				8DC4CA892149A6CE00344CBF /* Streamer */,
				8DC4CA832149A6CE00344CBF /* Utils */,
			);
			path = Tests;
			sourceTree = "<group>";
		};
		8DC4CA832149A6CE00344CBF /* Utils */ = {
			isa = PBXGroup;
			children = (
				8DC4CA872149A6CE00344CBF /* String.swift */,
				8D819E1622F2E3100031A9D5 /* Reactive+Timeout.swift */,
				8D1CC9722299EE6C009AB4D3 /* AnyCodable */,
			);
			path = Utils;
			sourceTree = "<group>";
		};
		8DC4CA892149A6CE00344CBF /* Streamer */ = {
			isa = PBXGroup;
			children = (
				8D819E1322F2BAB40031A9D5 /* Session */,
				8DC4CA8C2149A6CE00344CBF /* Markets */,
				8DC4CA8F2149A6CE00344CBF /* Account */,
				8D819E1122F2B3AB0031A9D5 /* Utils */,
			);
			path = Streamer;
			sourceTree = "<group>";
		};
		8DC4CA8C2149A6CE00344CBF /* Markets */ = {
			isa = PBXGroup;
			children = (
				8DC4CA8D2149A6CE00344CBF /* StreamerMarketTests.swift */,
				8DC4CA8E2149A6CE00344CBF /* StreamerChartTests.swift */,
			);
			path = Markets;
			sourceTree = "<group>";
		};
		8DC4CA8F2149A6CE00344CBF /* Account */ = {
			isa = PBXGroup;
			children = (
				8D987E7D22F95651003F85D9 /* StreamerAccountTests.swift */,
				8DC4CA902149A6CE00344CBF /* StreamerTradeTests.swift */,
			);
			path = Account;
			sourceTree = "<group>";
		};
		8DC4CA912149A6CE00344CBF /* API */ = {
			isa = PBXGroup;
			children = (
				8DC4CAA22149A6CE00344CBF /* Session */,
				8DC4CA9E2149A6CE00344CBF /* Applications */,
				8DC4CA9A2149A6CE00344CBF /* History */,
				8DC4CA962149A6CE00344CBF /* Markets */,
				8DC4CA922149A6CE00344CBF /* Dealings */,
				8D819E1022F2B3570031A9D5 /* Utils */,
			);
			path = API;
			sourceTree = "<group>";
		};
		8DC4CA922149A6CE00344CBF /* Dealings */ = {
			isa = PBXGroup;
			children = (
				8DC4CA932149A6CE00344CBF /* APIPositionTests.swift */,
				8DC4CA942149A6CE00344CBF /* APIWorkingOrderTests.swift */,
			);
			path = Dealings;
			sourceTree = "<group>";
		};
		8DC4CA962149A6CE00344CBF /* Markets */ = {
			isa = PBXGroup;
			children = (
				8DC4CA992149A6CE00344CBF /* APINodeTests.swift */,
				8DC4CA972149A6CE00344CBF /* APIMarketTests.swift */,
				8DC4CA982149A6CE00344CBF /* APIWatchlistTests.swift */,
				8DF93B9922E75C11001B9412 /* APISentimentTests.swift */,
			);
			path = Markets;
			sourceTree = "<group>";
		};
		8DC4CA9A2149A6CE00344CBF /* History */ = {
			isa = PBXGroup;
			children = (
				8DC4CA9D2149A6CE00344CBF /* APIActivityTests.swift */,
				8DC4CA9B2149A6CE00344CBF /* APITransactionTests.swift */,
				8DC4CA9C2149A6CE00344CBF /* APIPriceTests.swift */,
			);
			path = History;
			sourceTree = "<group>";
		};
		8DC4CA9E2149A6CE00344CBF /* Applications */ = {
			isa = PBXGroup;
			children = (
				8DC4CAA02149A6CE00344CBF /* APIApplicationTests.swift */,
				8DC4CA9F2149A6CE00344CBF /* APIAccountTests.swift */,
			);
			path = Applications;
			sourceTree = "<group>";
		};
		8DC4CAA22149A6CE00344CBF /* Session */ = {
			isa = PBXGroup;
			children = (
				8DC4CAA42149A6CE00344CBF /* APISessionTests.swift */,
				8DC4CAA52149A6CE00344CBF /* APIOAuthTests.swift */,
				8DC4CAA32149A6CE00344CBF /* APICertificateTests.swift */,
			);
			path = Session;
			sourceTree = "<group>";
		};
		8DC4CAA62149A6CE00344CBF /* Data */ = {
			isa = PBXGroup;
			children = (
				8D4B971422F1C995002B267F /* TestAccount.swift */,
				8DFF587E23001580000B2777 /* TestAccountError.swift */,
				8DC4CBFE2149AB1200344CBF /* Environment */,
				8DC4CAAD2149A6CE00344CBF /* APIMockedJSON.swift */,
				8DC4CBFD2149AB1200344CBF /* API */,
				8DC4CAF42149A6CE00344CBF /* StreamerMockedJSON.swift */,
				8DC4CBFF2149AB1200344CBF /* Streamer */,
			);
			path = Data;
			sourceTree = "<group>";
		};
		8DC4CBE22149A78700344CBF /* Products */ = {
			isa = PBXGroup;
			children = (
				8DC4CBE12149A78700344CBF /* IG.framework */,
				8DC4CBEA2149A78700344CBF /* IGTests.xctest */,
			);
			name = Products;
			sourceTree = "<group>";
		};
		8DC4CBFB2149A9D900344CBF /* Frameworks */ = {
			isa = PBXGroup;
			children = (
				8DC4CC032149ACA200344CBF /* Lightstreamer_macOS_Client.framework */,
			);
			name = Frameworks;
			sourceTree = "<group>";
		};
/* End PBXGroup section */

/* Begin PBXHeadersBuildPhase section */
		8DC4CBDC2149A78700344CBF /* Headers */ = {
			isa = PBXHeadersBuildPhase;
			buildActionMask = 2147483647;
			files = (
				8DC4CBF92149A81500344CBF /* IG.h in Headers */,
			);
			runOnlyForDeploymentPostprocessing = 0;
		};
/* End PBXHeadersBuildPhase section */

/* Begin PBXNativeTarget section */
		8DC4CBE02149A78700344CBF /* IG [macOS] */ = {
			isa = PBXNativeTarget;
			buildConfigurationList = 8DC4CBF32149A78700344CBF /* Build configuration list for PBXNativeTarget "IG [macOS]" */;
			buildPhases = (
				8DC4CBDC2149A78700344CBF /* Headers */,
				8DC4CBDD2149A78700344CBF /* Sources */,
				8DC4CBDE2149A78700344CBF /* Frameworks */,
				8DC4CBDF2149A78700344CBF /* Resources */,
			);
			buildRules = (
			);
			dependencies = (
			);
			name = "IG [macOS]";
			packageProductDependencies = (
				8D23A90622C1E41E00518EC9 /* ReactiveSwift */,
			);
			productName = IG;
			productReference = 8DC4CBE12149A78700344CBF /* IG.framework */;
			productType = "com.apple.product-type.framework";
		};
		8DC4CBE92149A78700344CBF /* IG Tests [macOS] */ = {
			isa = PBXNativeTarget;
			buildConfigurationList = 8DC4CBF62149A78700344CBF /* Build configuration list for PBXNativeTarget "IG Tests [macOS]" */;
			buildPhases = (
				8DE1B2B6214A633F00C1FF13 /* CopyFiles */,
				8DC4CBE62149A78700344CBF /* Sources */,
				8DC4CBE72149A78700344CBF /* Frameworks */,
				8DC4CBE82149A78700344CBF /* Resources */,
			);
			buildRules = (
			);
			dependencies = (
				8DC4CBED2149A78700344CBF /* PBXTargetDependency */,
			);
			name = "IG Tests [macOS]";
			productName = IGTests;
			productReference = 8DC4CBEA2149A78700344CBF /* IGTests.xctest */;
			productType = "com.apple.product-type.bundle.unit-test";
		};
/* End PBXNativeTarget section */

/* Begin PBXProject section */
		8DC4CA342149A60900344CBF /* Project object */ = {
			isa = PBXProject;
			attributes = {
				LastSwiftUpdateCheck = 1000;
				LastUpgradeCheck = 1000;
				TargetAttributes = {
					8DC4CBE02149A78700344CBF = {
						CreatedOnToolsVersion = 10.0;
					};
					8DC4CBE92149A78700344CBF = {
						CreatedOnToolsVersion = 10.0;
					};
				};
			};
			buildConfigurationList = 8DC4CA372149A60900344CBF /* Build configuration list for PBXProject "IG" */;
			compatibilityVersion = "Xcode 11.0";
			developmentRegion = en;
			hasScannedForEncodings = 0;
			knownRegions = (
				en,
				Base,
			);
			mainGroup = 8DC4CA332149A60900344CBF;
			packageReferences = (
				8D23A90522C1E41E00518EC9 /* XCRemoteSwiftPackageReference "ReactiveSwift" */,
			);
			productRefGroup = 8DC4CBE22149A78700344CBF /* Products */;
			projectDirPath = "";
			projectRoot = "";
			targets = (
				8DC4CBE02149A78700344CBF /* IG [macOS] */,
				8DC4CBE92149A78700344CBF /* IG Tests [macOS] */,
			);
		};
/* End PBXProject section */

/* Begin PBXResourcesBuildPhase section */
		8DC4CBDF2149A78700344CBF /* Resources */ = {
			isa = PBXResourcesBuildPhase;
			buildActionMask = 2147483647;
			files = (
			);
			runOnlyForDeploymentPostprocessing = 0;
		};
		8DC4CBE82149A78700344CBF /* Resources */ = {
			isa = PBXResourcesBuildPhase;
			buildActionMask = 2147483647;
			files = (
				8DE1B2BA214A639F00C1FF13 /* Environment in Resources */,
				8DE1B2B9214A639E00C1FF13 /* API in Resources */,
				8DE1B2BB214A639F00C1FF13 /* Streamer in Resources */,
			);
			runOnlyForDeploymentPostprocessing = 0;
		};
/* End PBXResourcesBuildPhase section */

/* Begin PBXSourcesBuildPhase section */
		8DC4CBDD2149A78700344CBF /* Sources */ = {
			isa = PBXSourcesBuildPhase;
			buildActionMask = 2147483647;
			files = (
				8DF85B1C22F046FA00F1C525 /* Error.swift in Sources */,
				8DBB682922F30E7F00D04867 /* Reactive+Map.swift in Sources */,
				8DB560F8214A6F6200DA980E /* SetUp.swift in Sources */,
				8DC4CC0A2149B11100344CBF /* Operators.swift in Sources */,
				8D3C262522E9FA020080D3C1 /* Collections.swift in Sources */,
				8D911F6522ECF4CA0038E899 /* Decimal.swift in Sources */,
				8DC4CC082149B10300344CBF /* Date.swift in Sources */,
				8D52F34122FB1E8400521759 /* Account.swift in Sources */,
				8D52F34322FB201000521759 /* Client.swift in Sources */,
				8D74741322E8375C00B0BA41 /* Epic.swift in Sources */,
				8DE2C3E222FC789B00BB6261 /* Deal.swift in Sources */,
				8DE2C3DE22FC72E400BB6261 /* DealLimit.swift in Sources */,
				8DE2C3E022FC72FE00BB6261 /* DealStop.swift in Sources */,
				8D74741522E8439B00B0BA41 /* Currency.swift in Sources */,
				8D3C262C22EB18A50080D3C1 /* Money.swift in Sources */,
				8DC4CC0D2149B2C300344CBF /* API.swift in Sources */,
				8DC4CC0E2149B2DF00344CBF /* APIError.swift in Sources */,
				8D0A232C22EB9600001853E7 /* APIUser.swift in Sources */,
				8D52F33E22FB1CA900521759 /* APIKey.swift in Sources */,
				8DC4CC112149B2FC00344CBF /* APICredentials.swift in Sources */,
				8D6BD9FE22EF447700156512 /* APIDeal.swift in Sources */,
				8DE4A67122FB40890036CF5E /* APIMarketStatus.swift in Sources */,
				8D24D0D2230EF496003D25EA /* Confirmation.swift in Sources */,
				8DE4A67322FB40CF0036CF5E /* APINodeMarket.swift in Sources */,
				8D3C262322E9F66E0080D3C1 /* APIInternals.swift in Sources */,
				8DC4CC272149B3C500344CBF /* URLRequest.swift in Sources */,
				8DC4CC242149B3C500344CBF /* APIFormatters.swift in Sources */,
				8D1CC97D229B0706009AB4D3 /* Reactive+API.swift in Sources */,
				8DC4CC1C2149B38900344CBF /* APIMarket.swift in Sources */,
				8DC4CC102149B2FC00344CBF /* APISession.swift in Sources */,
				8DC4CC132149B2FC00344CBF /* APICertificate.swift in Sources */,
				8DC4CC122149B2FC00344CBF /* APIOAuth.swift in Sources */,
				8DC4CC142149B30600344CBF /* APIApplication.swift in Sources */,
				8DC4CC152149B30600344CBF /* APIAccount.swift in Sources */,
				8DC4CC182149B31800344CBF /* APIActivity.swift in Sources */,
				8DC4CC172149B31800344CBF /* APITransaction.swift in Sources */,
				8DC4CC162149B31800344CBF /* APIPrice.swift in Sources */,
				8DC4CC1B2149B38900344CBF /* APINode.swift in Sources */,
				8DF93B9822E757B4001B9412 /* APISentiment.swift in Sources */,
				8DC4CC1D2149B38900344CBF /* APIWatchlist.swift in Sources */,
				8DC4CC1F2149B3A600344CBF /* APIPosition.swift in Sources */,
				8DC4CC202149B3A600344CBF /* APIPositionOTC.swift in Sources */,
				8DC4CC212149B3A600344CBF /* APIWorkingOrder.swift in Sources */,
				8DC4CC222149B3A600344CBF /* APIWorkingOrderOTC.swift in Sources */,
				8DC4CC1E2149B3A600344CBF /* APIConfirmation.swift in Sources */,
				8D299E4922F4C09A007FC5F8 /* String.swift in Sources */,
				8D3C262722E9FAC20080D3C1 /* StreamerInternals.swift in Sources */,
				8DC158A522F08A8C00012A19 /* StreamerCredentials.swift in Sources */,
				8D50EE7F22FBE4B500F82671 /* StreamerMockableChannel.swift in Sources */,
				8DE2C3DC22FBF7DD00BB6261 /* StreamerFormatter.swift in Sources */,
				8DC158A322F08A8100012A19 /* Streamer.swift in Sources */,
				8DC158A222F08A6300012A19 /* StreamerError.swift in Sources */,
				8D6D959322F4390B00BD42C2 /* StreamerEvent.swift in Sources */,
				8D6D959122F4073B00BD42C2 /* StreamerSubscription.swift in Sources */,
				8DC158A622F08AC800012A19 /* StreamerChannel.swift in Sources */,
				8D89F7F622F0EB7E00AF7698 /* StreamerSession.swift in Sources */,
				8D6D958C22F3239A00BD42C2 /* StreamerMarket.swift in Sources */,
				8D222CD522F557C600AF98E0 /* StreamerAccount.swift in Sources */,
				8D222CD622F55FFC00AF98E0 /* StreamerChartScale.swift in Sources */,
				8D222CD822F5600700AF98E0 /* StreamerChartTick.swift in Sources */,
				8D222CD922F5601200AF98E0 /* StreamerDeal.swift in Sources */,
				8D0D48A022F09CB7000579CF /* Services.swift in Sources */,
			);
			runOnlyForDeploymentPostprocessing = 0;
		};
		8DC4CBE62149A78700344CBF /* Sources */ = {
			isa = PBXSourcesBuildPhase;
			buildActionMask = 2147483647;
			files = (
				8DE1B2C5214A647F00C1FF13 /* String.swift in Sources */,
				8D819E1822F2E3420031A9D5 /* Reactive+Timeout.swift in Sources */,
				8D1CC97B2299EE88009AB4D3 /* AnyEncodable.swift in Sources */,
				8D1CC9792299EE80009AB4D3 /* AnyDecodable.swift in Sources */,
				8D1CC97A2299EE84009AB4D3 /* AnyCodable.swift in Sources */,
				8DE1B2C0214A641F00C1FF13 /* APIMockedJSON.swift in Sources */,
				8DE1B2C2214A647F00C1FF13 /* APIFileProtocol.swift in Sources */,
				8D4B971722F1E48E002B267F /* StreamerMockedJSON.swift in Sources */,
				8D819E1222F2B3F00031A9D5 /* StreamerFileChannel.swift in Sources */,
				8DFF587F23001580000B2777 /* TestAccountError.swift in Sources */,
				8D4B971522F1C995002B267F /* TestAccount.swift in Sources */,
				8DD468D522F1C73100134B67 /* Test.swift in Sources */,
				8DAEF08222F9994F005AB34C /* TestFabric.swift in Sources */,
				8D4B972022F213BF002B267F /* APIOAuthTests.swift in Sources */,
				8D4B972122F21624002B267F /* APICertificateTests.swift in Sources */,
				8D4B972222F2188B002B267F /* APISessionTests.swift in Sources */,
				8D4B971622F1E43E002B267F /* APIApplicationTests.swift in Sources */,
				8D4B971822F1ED28002B267F /* APIAccountTests.swift in Sources */,
				8D4B971922F1FA5A002B267F /* APIActivityTests.swift in Sources */,
				8D4B971A22F1FA5F002B267F /* APITransactionTests.swift in Sources */,
				8D4B971B22F1FA62002B267F /* APIPriceTests.swift in Sources */,
				8D4B971C22F20103002B267F /* APINodeTests.swift in Sources */,
				8D4B971D22F20675002B267F /* APIMarketTests.swift in Sources */,
				8D4B971E22F208B1002B267F /* APIWatchlistTests.swift in Sources */,
				8D4B971F22F20DCE002B267F /* APISentimentTests.swift in Sources */,
				8D4B972422F21BED002B267F /* APIPositionTests.swift in Sources */,
				8D4B972322F21939002B267F /* APIWorkingOrderTests.swift in Sources */,
				8D987E7C22F950A4003F85D9 /* XCTestCase+Streamer.swift in Sources */,
				8D819E1522F2BAEE0031A9D5 /* StreamerSessionTests.swift in Sources */,
				8D6D958F22F3413800BD42C2 /* StreamerMarketTests.swift in Sources */,
				8D44B3D722F8BDBD0080F17E /* StreamerChartTests.swift in Sources */,
				8D987E7F22F95661003F85D9 /* StreamerAccountTests.swift in Sources */,
				8DAEF08022F9914C005AB34C /* StreamerTradeTests.swift in Sources */,
			);
			runOnlyForDeploymentPostprocessing = 0;
		};
/* End PBXSourcesBuildPhase section */

/* Begin PBXTargetDependency section */
		8DC4CBED2149A78700344CBF /* PBXTargetDependency */ = {
			isa = PBXTargetDependency;
			target = 8DC4CBE02149A78700344CBF /* IG [macOS] */;
			targetProxy = 8DC4CBEC2149A78700344CBF /* PBXContainerItemProxy */;
		};
/* End PBXTargetDependency section */

/* Begin XCBuildConfiguration section */
		8DC4CA382149A60900344CBF /* Debug */ = {
			isa = XCBuildConfiguration;
			baseConfigurationReference = 8DC4CA412149A68200344CBF /* Common.xcconfig */;
			buildSettings = {
				CLANG_WARN_BLOCK_CAPTURE_AUTORELEASING = YES;
				CLANG_WARN_BOOL_CONVERSION = YES;
				CLANG_WARN_COMMA = YES;
				CLANG_WARN_CONSTANT_CONVERSION = YES;
				CLANG_WARN_DEPRECATED_OBJC_IMPLEMENTATIONS = YES;
				CLANG_WARN_EMPTY_BODY = YES;
				CLANG_WARN_ENUM_CONVERSION = YES;
				CLANG_WARN_INFINITE_RECURSION = YES;
				CLANG_WARN_INT_CONVERSION = YES;
				CLANG_WARN_NON_LITERAL_NULL_CONVERSION = YES;
				CLANG_WARN_OBJC_IMPLICIT_RETAIN_SELF = YES;
				CLANG_WARN_OBJC_LITERAL_CONVERSION = YES;
				CLANG_WARN_RANGE_LOOP_ANALYSIS = YES;
				CLANG_WARN_STRICT_PROTOTYPES = YES;
				CLANG_WARN_SUSPICIOUS_MOVE = YES;
				CLANG_WARN_UNREACHABLE_CODE = YES;
				CLANG_WARN__DUPLICATE_METHOD_MATCH = YES;
				ENABLE_STRICT_OBJC_MSGSEND = YES;
				ENABLE_TESTABILITY = YES;
				GCC_NO_COMMON_BLOCKS = YES;
				GCC_WARN_64_TO_32_BIT_CONVERSION = YES;
				GCC_WARN_ABOUT_RETURN_TYPE = YES;
				GCC_WARN_UNDECLARED_SELECTOR = YES;
				GCC_WARN_UNINITIALIZED_AUTOS = YES;
				GCC_WARN_UNUSED_FUNCTION = YES;
				GCC_WARN_UNUSED_VARIABLE = YES;
				ONLY_ACTIVE_ARCH = YES;
			};
			name = Debug;
		};
		8DC4CA392149A60900344CBF /* Release */ = {
			isa = XCBuildConfiguration;
			baseConfigurationReference = 8DC4CA412149A68200344CBF /* Common.xcconfig */;
			buildSettings = {
				CLANG_WARN_BLOCK_CAPTURE_AUTORELEASING = YES;
				CLANG_WARN_BOOL_CONVERSION = YES;
				CLANG_WARN_COMMA = YES;
				CLANG_WARN_CONSTANT_CONVERSION = YES;
				CLANG_WARN_DEPRECATED_OBJC_IMPLEMENTATIONS = YES;
				CLANG_WARN_EMPTY_BODY = YES;
				CLANG_WARN_ENUM_CONVERSION = YES;
				CLANG_WARN_INFINITE_RECURSION = YES;
				CLANG_WARN_INT_CONVERSION = YES;
				CLANG_WARN_NON_LITERAL_NULL_CONVERSION = YES;
				CLANG_WARN_OBJC_IMPLICIT_RETAIN_SELF = YES;
				CLANG_WARN_OBJC_LITERAL_CONVERSION = YES;
				CLANG_WARN_RANGE_LOOP_ANALYSIS = YES;
				CLANG_WARN_STRICT_PROTOTYPES = YES;
				CLANG_WARN_SUSPICIOUS_MOVE = YES;
				CLANG_WARN_UNREACHABLE_CODE = YES;
				CLANG_WARN__DUPLICATE_METHOD_MATCH = YES;
				ENABLE_STRICT_OBJC_MSGSEND = YES;
				GCC_NO_COMMON_BLOCKS = YES;
				GCC_WARN_64_TO_32_BIT_CONVERSION = YES;
				GCC_WARN_ABOUT_RETURN_TYPE = YES;
				GCC_WARN_UNDECLARED_SELECTOR = YES;
				GCC_WARN_UNINITIALIZED_AUTOS = YES;
				GCC_WARN_UNUSED_FUNCTION = YES;
				GCC_WARN_UNUSED_VARIABLE = YES;
			};
			name = Release;
		};
		8DC4CBF42149A78700344CBF /* Debug */ = {
			isa = XCBuildConfiguration;
			baseConfigurationReference = 8DC4CA3C2149A68200344CBF /* macOS.xcconfig */;
			buildSettings = {
				ALWAYS_SEARCH_USER_PATHS = NO;
				CLANG_ANALYZER_NONNULL = YES;
				CLANG_ANALYZER_NUMBER_OBJECT_CONVERSION = YES_AGGRESSIVE;
				CLANG_ENABLE_MODULES = YES;
				CLANG_ENABLE_OBJC_ARC = YES;
				CLANG_ENABLE_OBJC_WEAK = YES;
				CLANG_WARN_DIRECT_OBJC_ISA_USAGE = YES_ERROR;
				CLANG_WARN_OBJC_ROOT_CLASS = YES_ERROR;
				CLANG_WARN_UNGUARDED_AVAILABILITY = YES_AGGRESSIVE;
				CODE_SIGN_IDENTITY = "-";
				CODE_SIGN_STYLE = Automatic;
				COMBINE_HIDPI_IMAGES = YES;
				COPY_PHASE_STRIP = NO;
				DEBUG_INFORMATION_FORMAT = dwarf;
				DEFINES_MODULE = YES;
				DYLIB_INSTALL_NAME_BASE = "@rpath";
				FRAMEWORK_VERSION = A;
				GCC_OPTIMIZATION_LEVEL = 0;
				GCC_PREPROCESSOR_DEFINITIONS = (
					"DEBUG=1",
					"$(inherited)",
				);
				GCC_WARN_ABOUT_RETURN_TYPE = YES_ERROR;
				GCC_WARN_UNINITIALIZED_AUTOS = YES_AGGRESSIVE;
				INSTALL_PATH = "$(LOCAL_LIBRARY_DIR)/Frameworks";
				LD_RUNPATH_SEARCH_PATHS = (
					"$(inherited)",
					"@executable_path/../Frameworks",
					"@loader_path/Frameworks",
				);
				MTL_ENABLE_DEBUG_INFO = INCLUDE_SOURCE;
				MTL_FAST_MATH = YES;
				SKIP_INSTALL = YES;
				SWIFT_ACTIVE_COMPILATION_CONDITIONS = DEBUG;
				SWIFT_OPTIMIZATION_LEVEL = "-Onone";
				SWIFT_VERSION = 5.0;
				VERSIONING_SYSTEM = "apple-generic";
			};
			name = Debug;
		};
		8DC4CBF52149A78700344CBF /* Release */ = {
			isa = XCBuildConfiguration;
			baseConfigurationReference = 8DC4CA3C2149A68200344CBF /* macOS.xcconfig */;
			buildSettings = {
				ALWAYS_SEARCH_USER_PATHS = NO;
				CLANG_ANALYZER_NONNULL = YES;
				CLANG_ANALYZER_NUMBER_OBJECT_CONVERSION = YES_AGGRESSIVE;
				CLANG_ENABLE_MODULES = YES;
				CLANG_ENABLE_OBJC_ARC = YES;
				CLANG_ENABLE_OBJC_WEAK = YES;
				CLANG_WARN_DIRECT_OBJC_ISA_USAGE = YES_ERROR;
				CLANG_WARN_OBJC_ROOT_CLASS = YES_ERROR;
				CLANG_WARN_UNGUARDED_AVAILABILITY = YES_AGGRESSIVE;
				CODE_SIGN_IDENTITY = "-";
				CODE_SIGN_STYLE = Automatic;
				COMBINE_HIDPI_IMAGES = YES;
				COPY_PHASE_STRIP = NO;
				DEBUG_INFORMATION_FORMAT = "dwarf-with-dsym";
				DEFINES_MODULE = YES;
				DYLIB_INSTALL_NAME_BASE = "@rpath";
				ENABLE_NS_ASSERTIONS = NO;
				FRAMEWORK_VERSION = A;
				GCC_WARN_ABOUT_RETURN_TYPE = YES_ERROR;
				GCC_WARN_UNINITIALIZED_AUTOS = YES_AGGRESSIVE;
				INSTALL_PATH = "$(LOCAL_LIBRARY_DIR)/Frameworks";
				LD_RUNPATH_SEARCH_PATHS = (
					"$(inherited)",
					"@executable_path/../Frameworks",
					"@loader_path/Frameworks",
				);
				MTL_ENABLE_DEBUG_INFO = NO;
				MTL_FAST_MATH = YES;
				SKIP_INSTALL = YES;
				SWIFT_COMPILATION_MODE = wholemodule;
				SWIFT_OPTIMIZATION_LEVEL = "-O";
				SWIFT_VERSION = 5.0;
				VERSIONING_SYSTEM = "apple-generic";
			};
			name = Release;
		};
		8DC4CBF72149A78700344CBF /* Debug */ = {
			isa = XCBuildConfiguration;
			baseConfigurationReference = 8DC4CA3D2149A68200344CBF /* macOS_tests.xcconfig */;
			buildSettings = {
				ALWAYS_EMBED_SWIFT_STANDARD_LIBRARIES = YES;
				ALWAYS_SEARCH_USER_PATHS = NO;
				CLANG_ANALYZER_NONNULL = YES;
				CLANG_ANALYZER_NUMBER_OBJECT_CONVERSION = YES_AGGRESSIVE;
				CLANG_ENABLE_MODULES = YES;
				CLANG_ENABLE_OBJC_ARC = YES;
				CLANG_ENABLE_OBJC_WEAK = YES;
				CLANG_WARN_DIRECT_OBJC_ISA_USAGE = YES_ERROR;
				CLANG_WARN_DOCUMENTATION_COMMENTS = YES;
				CLANG_WARN_OBJC_ROOT_CLASS = YES_ERROR;
				CLANG_WARN_UNGUARDED_AVAILABILITY = YES_AGGRESSIVE;
				CODE_SIGN_IDENTITY = "-";
				CODE_SIGN_STYLE = Automatic;
				COMBINE_HIDPI_IMAGES = YES;
				COPY_PHASE_STRIP = NO;
				DEBUG_INFORMATION_FORMAT = dwarf;
				FRAMEWORK_SEARCH_PATHS = (
					"$(inherited)",
					"$(PROJECT_DIR)/Dependencies/Lightstreamer",
				);
				GCC_OPTIMIZATION_LEVEL = 0;
				GCC_PREPROCESSOR_DEFINITIONS = (
					"DEBUG=1",
					"$(inherited)",
				);
				GCC_WARN_ABOUT_RETURN_TYPE = YES_ERROR;
				GCC_WARN_UNINITIALIZED_AUTOS = YES_AGGRESSIVE;
				LD_RUNPATH_SEARCH_PATHS = (
					"$(inherited)",
					"@executable_path/../Frameworks",
					"@loader_path/../Frameworks",
				);
				MTL_ENABLE_DEBUG_INFO = INCLUDE_SOURCE;
				MTL_FAST_MATH = YES;
				SWIFT_ACTIVE_COMPILATION_CONDITIONS = DEBUG;
				SWIFT_OPTIMIZATION_LEVEL = "-Onone";
			};
			name = Debug;
		};
		8DC4CBF82149A78700344CBF /* Release */ = {
			isa = XCBuildConfiguration;
			baseConfigurationReference = 8DC4CA3D2149A68200344CBF /* macOS_tests.xcconfig */;
			buildSettings = {
				ALWAYS_EMBED_SWIFT_STANDARD_LIBRARIES = YES;
				ALWAYS_SEARCH_USER_PATHS = NO;
				CLANG_ANALYZER_NONNULL = YES;
				CLANG_ANALYZER_NUMBER_OBJECT_CONVERSION = YES_AGGRESSIVE;
				CLANG_ENABLE_MODULES = YES;
				CLANG_ENABLE_OBJC_ARC = YES;
				CLANG_ENABLE_OBJC_WEAK = YES;
				CLANG_WARN_DIRECT_OBJC_ISA_USAGE = YES_ERROR;
				CLANG_WARN_DOCUMENTATION_COMMENTS = YES;
				CLANG_WARN_OBJC_ROOT_CLASS = YES_ERROR;
				CLANG_WARN_UNGUARDED_AVAILABILITY = YES_AGGRESSIVE;
				CODE_SIGN_IDENTITY = "-";
				CODE_SIGN_STYLE = Automatic;
				COMBINE_HIDPI_IMAGES = YES;
				COPY_PHASE_STRIP = NO;
				DEBUG_INFORMATION_FORMAT = "dwarf-with-dsym";
				ENABLE_NS_ASSERTIONS = NO;
				FRAMEWORK_SEARCH_PATHS = (
					"$(inherited)",
					"$(PROJECT_DIR)/Dependencies/Lightstreamer",
				);
				GCC_WARN_ABOUT_RETURN_TYPE = YES_ERROR;
				GCC_WARN_UNINITIALIZED_AUTOS = YES_AGGRESSIVE;
				LD_RUNPATH_SEARCH_PATHS = (
					"$(inherited)",
					"@executable_path/../Frameworks",
					"@loader_path/../Frameworks",
				);
				MTL_ENABLE_DEBUG_INFO = NO;
				MTL_FAST_MATH = YES;
				SWIFT_COMPILATION_MODE = wholemodule;
				SWIFT_OPTIMIZATION_LEVEL = "-O";
			};
			name = Release;
		};
/* End XCBuildConfiguration section */

/* Begin XCConfigurationList section */
		8DC4CA372149A60900344CBF /* Build configuration list for PBXProject "IG" */ = {
			isa = XCConfigurationList;
			buildConfigurations = (
				8DC4CA382149A60900344CBF /* Debug */,
				8DC4CA392149A60900344CBF /* Release */,
			);
			defaultConfigurationIsVisible = 0;
			defaultConfigurationName = Release;
		};
		8DC4CBF32149A78700344CBF /* Build configuration list for PBXNativeTarget "IG [macOS]" */ = {
			isa = XCConfigurationList;
			buildConfigurations = (
				8DC4CBF42149A78700344CBF /* Debug */,
				8DC4CBF52149A78700344CBF /* Release */,
			);
			defaultConfigurationIsVisible = 0;
			defaultConfigurationName = Release;
		};
		8DC4CBF62149A78700344CBF /* Build configuration list for PBXNativeTarget "IG Tests [macOS]" */ = {
			isa = XCConfigurationList;
			buildConfigurations = (
				8DC4CBF72149A78700344CBF /* Debug */,
				8DC4CBF82149A78700344CBF /* Release */,
			);
			defaultConfigurationIsVisible = 0;
			defaultConfigurationName = Release;
		};
/* End XCConfigurationList section */

/* Begin XCRemoteSwiftPackageReference section */
		8D23A90522C1E41E00518EC9 /* XCRemoteSwiftPackageReference "ReactiveSwift" */ = {
			isa = XCRemoteSwiftPackageReference;
			repositoryURL = "git@github.com:ReactiveCocoa/ReactiveSwift.git";
			requirement = {
				kind = upToNextMajorVersion;
				minimumVersion = 6.1.0;
			};
		};
/* End XCRemoteSwiftPackageReference section */

/* Begin XCSwiftPackageProductDependency section */
		8D23A90622C1E41E00518EC9 /* ReactiveSwift */ = {
			isa = XCSwiftPackageProductDependency;
			package = 8D23A90522C1E41E00518EC9 /* XCRemoteSwiftPackageReference "ReactiveSwift" */;
			productName = ReactiveSwift;
		};
/* End XCSwiftPackageProductDependency section */
	};
	rootObject = 8DC4CA342149A60900344CBF /* Project object */;
}
