// !$*UTF8*$!
{
	archiveVersion = 1;
	classes = {
	};
	objectVersion = 52;
	objects = {

/* Begin PBXBuildFile section */
		8D193F4F2339513D00036C54 /* Lightstreamer_macOS_Client.framework in Embed Frameworks */ = {isa = PBXBuildFile; fileRef = 8D193F4D2339513D00036C54 /* Lightstreamer_macOS_Client.framework */; settings = {ATTRIBUTES = (CodeSignOnCopy, RemoveHeadersOnCopy, ); }; };
		8D286D272344C8D000D582AE /* StreamerMarket.swift in Sources */ = {isa = PBXBuildFile; fileRef = 8DC4CA592149A6CE00344CBF /* StreamerMarket.swift */; };
		8D286D282344CA8100D582AE /* StreamerMarketTests.swift in Sources */ = {isa = PBXBuildFile; fileRef = 8DC4CA8D2149A6CE00344CBF /* StreamerMarketTests.swift */; };
		8D2EA92B233B4E030004A4C2 /* API.swift in Sources */ = {isa = PBXBuildFile; fileRef = 8DC4CA7C2149A6CE00344CBF /* API.swift */; };
		8D2EA92C233B4E070004A4C2 /* APIError.swift in Sources */ = {isa = PBXBuildFile; fileRef = 8DC4CA632149A6CE00344CBF /* APIError.swift */; };
		8D2EA92D233B545E0004A4C2 /* APIUser.swift in Sources */ = {isa = PBXBuildFile; fileRef = 8D0A232B22EB9600001853E7 /* APIUser.swift */; };
		8D2EA92E233B54610004A4C2 /* APIKey.swift in Sources */ = {isa = PBXBuildFile; fileRef = 8D52F33D22FB1CA900521759 /* APIKey.swift */; };
		8D2EA92F233B54AE0004A4C2 /* APICredentials.swift in Sources */ = {isa = PBXBuildFile; fileRef = 8DC4CA812149A6CE00344CBF /* APICredentials.swift */; };
		8D2EA930233B55A20004A4C2 /* APIInternals.swift in Sources */ = {isa = PBXBuildFile; fileRef = 8D3C262222E9F66E0080D3C1 /* APIInternals.swift */; };
		8D2EA931233B57710004A4C2 /* APIDeal.swift in Sources */ = {isa = PBXBuildFile; fileRef = 8D6BD9FD22EF447600156512 /* APIDeal.swift */; };
		8D2EA932233B57A10004A4C2 /* APIMarketStatus.swift in Sources */ = {isa = PBXBuildFile; fileRef = 8DE4A67022FB40890036CF5E /* APIMarketStatus.swift */; };
		8D2EA933233B57A40004A4C2 /* APINodeMarket.swift in Sources */ = {isa = PBXBuildFile; fileRef = 8DE4A67222FB40CF0036CF5E /* APINodeMarket.swift */; };
		8D2EA934233B57DD0004A4C2 /* OperationQueue.swift in Sources */ = {isa = PBXBuildFile; fileRef = 8D1C8D552322D9E500841CA0 /* OperationQueue.swift */; };
		8D2EA935233B59070004A4C2 /* APIFormatters.swift in Sources */ = {isa = PBXBuildFile; fileRef = 8DC4CA6D2149A6CE00344CBF /* APIFormatters.swift */; };
		8D2EA936233B5CB50004A4C2 /* APISession.swift in Sources */ = {isa = PBXBuildFile; fileRef = 8DC4CA7F2149A6CE00344CBF /* APISession.swift */; };
		8D2EA937233B5CB80004A4C2 /* APICertificate.swift in Sources */ = {isa = PBXBuildFile; fileRef = 8DC4CA7E2149A6CE00344CBF /* APICertificate.swift */; };
		8D2EA938233B5CBB0004A4C2 /* APIOAuth.swift in Sources */ = {isa = PBXBuildFile; fileRef = 8DC4CA802149A6CE00344CBF /* APIOAuth.swift */; };
		8D2EA93A233B605C0004A4C2 /* APIAccount.swift in Sources */ = {isa = PBXBuildFile; fileRef = 8D2EA939233B605C0004A4C2 /* APIAccount.swift */; };
		8D2EA93C233B6C0C0004A4C2 /* Combine+API.swift in Sources */ = {isa = PBXBuildFile; fileRef = 8D2EA93B233B6C0C0004A4C2 /* Combine+API.swift */; };
		8D2EA93D233BD11F0004A4C2 /* URLRequest.swift in Sources */ = {isa = PBXBuildFile; fileRef = 8DC4CA6C2149A6CE00344CBF /* URLRequest.swift */; };
		8D33B8C22339582B002B524B /* DebugDescriptable.swift in Sources */ = {isa = PBXBuildFile; fileRef = 8D9FB784231EDA6900D76B6A /* DebugDescriptable.swift */; };
		8D33B8CD233967E1002B524B /* Decimal.swift in Sources */ = {isa = PBXBuildFile; fileRef = 8D911F6422ECF4CA0038E899 /* Decimal.swift */; };
		8D33B8CE233967E1002B524B /* Collections.swift in Sources */ = {isa = PBXBuildFile; fileRef = 8D3C262422E9FA020080D3C1 /* Collections.swift */; };
		8D33B8CF233967E1002B524B /* Operators.swift in Sources */ = {isa = PBXBuildFile; fileRef = 8DC4CA4B2149A6CE00344CBF /* Operators.swift */; };
		8D33B8D0233967E1002B524B /* Date.swift in Sources */ = {isa = PBXBuildFile; fileRef = 8DC4CA492149A6CE00344CBF /* Date.swift */; };
		8D33B8D1233967E1002B524B /* Formatters.swift in Sources */ = {isa = PBXBuildFile; fileRef = 8D9FB786231F943C00D76B6A /* Formatters.swift */; };
		8D33B8D2233967E1002B524B /* DebugDescriptable.swift in Sources */ = {isa = PBXBuildFile; fileRef = 8D9FB784231EDA6900D76B6A /* DebugDescriptable.swift */; };
		8D33B8D3233967E1002B524B /* Error.swift in Sources */ = {isa = PBXBuildFile; fileRef = 8DF85B1B22F046FA00F1C525 /* Error.swift */; };
		8D33B8D62339689E002B524B /* Account.swift in Sources */ = {isa = PBXBuildFile; fileRef = 8D52F34022FB1E8400521759 /* Account.swift */; };
		8D33B8D72339689E002B524B /* Client.swift in Sources */ = {isa = PBXBuildFile; fileRef = 8D52F34222FB201000521759 /* Client.swift */; };
		8D452657233A3D270034D577 /* SQLite.swift in Sources */ = {isa = PBXBuildFile; fileRef = 8D19C51E232694DC00F029B3 /* SQLite.swift */; };
		8D452658233A3D280034D577 /* SQLite+Result.swift in Sources */ = {isa = PBXBuildFile; fileRef = 8D30D08023240B0C00D83E0A /* SQLite+Result.swift */; };
		8D452659233A3ECF0034D577 /* Currency.swift in Sources */ = {isa = PBXBuildFile; fileRef = 8D74741422E8439B00B0BA41 /* Currency.swift */; };
		8D45265A233A3ECF0034D577 /* Money.swift in Sources */ = {isa = PBXBuildFile; fileRef = 8D3C262B22EB18A50080D3C1 /* Money.swift */; };
		8D452660233A55FC0034D577 /* Framework.h in Headers */ = {isa = PBXBuildFile; fileRef = 8D45265E233A55FC0034D577 /* Framework.h */; settings = {ATTRIBUTES = (Public, ); }; };
		8D452661233A55FC0034D577 /* Framework.h in Headers */ = {isa = PBXBuildFile; fileRef = 8D45265E233A55FC0034D577 /* Framework.h */; settings = {ATTRIBUTES = (Public, ); }; };
		8D452662233A55FC0034D577 /* Framework.c in Sources */ = {isa = PBXBuildFile; fileRef = 8D45265F233A55FC0034D577 /* Framework.c */; };
		8D452663233A55FC0034D577 /* Framework.c in Sources */ = {isa = PBXBuildFile; fileRef = 8D45265F233A55FC0034D577 /* Framework.c */; };
		8D452668233A67960034D577 /* Bundle.swift in Sources */ = {isa = PBXBuildFile; fileRef = 8D452667233A67960034D577 /* Bundle.swift */; };
		8D452669233A67960034D577 /* Bundle.swift in Sources */ = {isa = PBXBuildFile; fileRef = 8D452667233A67960034D577 /* Bundle.swift */; };
		8D45266A233A69390034D577 /* ErrorHelper.swift in Sources */ = {isa = PBXBuildFile; fileRef = 8D19C51A2326459000F029B3 /* ErrorHelper.swift */; };
		8D45266B233A693C0034D577 /* ErrorCodable.swift in Sources */ = {isa = PBXBuildFile; fileRef = 8D30D082232566D900D83E0A /* ErrorCodable.swift */; };
		8D45266E233A6A740034D577 /* Market.swift in Sources */ = {isa = PBXBuildFile; fileRef = 8D47E0D623159C8900AD53A2 /* Market.swift */; };
		8D452672233A6CC80034D577 /* Deal.swift in Sources */ = {isa = PBXBuildFile; fileRef = 8DE2C3E122FC789B00BB6261 /* Deal.swift */; };
		8D452673233A6CE50034D577 /* DealLimit.swift in Sources */ = {isa = PBXBuildFile; fileRef = 8DE2C3DD22FC72E400BB6261 /* DealLimit.swift */; };
		8D452674233A6CF00034D577 /* DealStop.swift in Sources */ = {isa = PBXBuildFile; fileRef = 8DE2C3DF22FC72FE00BB6261 /* DealStop.swift */; };
		8D452677233A6F640034D577 /* Confirmation.swift in Sources */ = {isa = PBXBuildFile; fileRef = 8D24D0D1230EF496003D25EA /* Confirmation.swift */; };
		8D45267B233AC0190034D577 /* MarketExpiry.swift in Sources */ = {isa = PBXBuildFile; fileRef = 8D45267A233AC0190034D577 /* MarketExpiry.swift */; };
		8D45267C233AC0190034D577 /* MarketExpiry.swift in Sources */ = {isa = PBXBuildFile; fileRef = 8D45267A233AC0190034D577 /* MarketExpiry.swift */; };
		8D6DB859234245FB0042F330 /* TestEpics.swift in Sources */ = {isa = PBXBuildFile; fileRef = 8D5B3E1B232F855E0022959F /* TestEpics.swift */; };
		8D6DB85B2342474D0042F330 /* Combine+Tests.swift in Sources */ = {isa = PBXBuildFile; fileRef = 8D6DB85A2342474D0042F330 /* Combine+Tests.swift */; };
		8D6DB85C234247AB0042F330 /* APIOAuthTests.swift in Sources */ = {isa = PBXBuildFile; fileRef = 8DC4CAA52149A6CE00344CBF /* APIOAuthTests.swift */; };
		8D6DB85D23424AC10042F330 /* APICertificateTests.swift in Sources */ = {isa = PBXBuildFile; fileRef = 8DC4CAA32149A6CE00344CBF /* APICertificateTests.swift */; };
		8D6DB85E23424E990042F330 /* APIApplicationTests.swift in Sources */ = {isa = PBXBuildFile; fileRef = 8DC4CAA02149A6CE00344CBF /* APIApplicationTests.swift */; };
		8D6DB85F23424FCE0042F330 /* APIAccountTests.swift in Sources */ = {isa = PBXBuildFile; fileRef = 8DC4CA9F2149A6CE00344CBF /* APIAccountTests.swift */; };
		8D6DB860234250BE0042F330 /* APIActivityTests.swift in Sources */ = {isa = PBXBuildFile; fileRef = 8DC4CA9D2149A6CE00344CBF /* APIActivityTests.swift */; };
		8D6DB861234252840042F330 /* APITransactionTests.swift in Sources */ = {isa = PBXBuildFile; fileRef = 8DC4CA9B2149A6CE00344CBF /* APITransactionTests.swift */; };
		8D6DB862234253CD0042F330 /* APIPriceTests.swift in Sources */ = {isa = PBXBuildFile; fileRef = 8DC4CA9C2149A6CE00344CBF /* APIPriceTests.swift */; };
		8D6DB863234255E70042F330 /* APINodeTests.swift in Sources */ = {isa = PBXBuildFile; fileRef = 8DC4CA992149A6CE00344CBF /* APINodeTests.swift */; };
		8D6DB864234260190042F330 /* APIMarketTests.swift in Sources */ = {isa = PBXBuildFile; fileRef = 8DC4CA972149A6CE00344CBF /* APIMarketTests.swift */; };
		8D6DB8652342635A0042F330 /* APIWatchlistTests.swift in Sources */ = {isa = PBXBuildFile; fileRef = 8DC4CA982149A6CE00344CBF /* APIWatchlistTests.swift */; };
		8D7AB05C233F43AE00439CA1 /* APIActivity.swift in Sources */ = {isa = PBXBuildFile; fileRef = 8DC4CA782149A6CE00344CBF /* APIActivity.swift */; };
		8D80CFCE2341E8D600E63411 /* TestAccount.swift in Sources */ = {isa = PBXBuildFile; fileRef = 8D4B971422F1C995002B267F /* TestAccount.swift */; };
		8D80CFCF2341E8D800E63411 /* TestAccountError.swift in Sources */ = {isa = PBXBuildFile; fileRef = 8DFF587E23001580000B2777 /* TestAccountError.swift */; };
		8D80CFD02341E93000E63411 /* Test.swift in Sources */ = {isa = PBXBuildFile; fileRef = 8DD468D322F1C70100134B67 /* Test.swift */; };
		8D80CFD12341E93200E63411 /* TestFabric.swift in Sources */ = {isa = PBXBuildFile; fileRef = 8DAEF08122F9994F005AB34C /* TestFabric.swift */; };
		8D80CFD52341FDC300E63411 /* TestAccountDecodable.swift in Sources */ = {isa = PBXBuildFile; fileRef = 8D80CFD42341FDC300E63411 /* TestAccountDecodable.swift */; };
		8D80CFD623421B2D00E63411 /* APISessionTests.swift in Sources */ = {isa = PBXBuildFile; fileRef = 8DC4CAA42149A6CE00344CBF /* APISessionTests.swift */; };
		8D84AB1C233A029600DFAFFF /* PlaygroundTests.swift in Sources */ = {isa = PBXBuildFile; fileRef = 8DF75CDB2322A85100130229 /* PlaygroundTests.swift */; };
		8D89C78B2343120C00FD0F3D /* APISentimentTests.swift in Sources */ = {isa = PBXBuildFile; fileRef = 8DF93B9922E75C11001B9412 /* APISentimentTests.swift */; };
		8D89C78C234314A800FD0F3D /* APIPositionTests.swift in Sources */ = {isa = PBXBuildFile; fileRef = 8DC4CA932149A6CE00344CBF /* APIPositionTests.swift */; };
		8D89C78D234317BD00FD0F3D /* APIWorkingOrderTests.swift in Sources */ = {isa = PBXBuildFile; fileRef = 8DC4CA942149A6CE00344CBF /* APIWorkingOrderTests.swift */; };
		8D89C78E23431F0F00FD0F3D /* Streamer.swift in Sources */ = {isa = PBXBuildFile; fileRef = 8DC4CA5C2149A6CE00344CBF /* Streamer.swift */; };
		8D89C78F23431F1300FD0F3D /* StreamerError.swift in Sources */ = {isa = PBXBuildFile; fileRef = 8DC4CA5E2149A6CE00344CBF /* StreamerError.swift */; };
		8D89C790234320FE00FD0F3D /* StreamerInternals.swift in Sources */ = {isa = PBXBuildFile; fileRef = 8D3C262622E9FAC20080D3C1 /* StreamerInternals.swift */; };
		8D89C791234320FE00FD0F3D /* StreamerCredentials.swift in Sources */ = {isa = PBXBuildFile; fileRef = 8DC4CA5B2149A6CE00344CBF /* StreamerCredentials.swift */; };
		8D89C792234320FF00FD0F3D /* StreamerSubscription.swift in Sources */ = {isa = PBXBuildFile; fileRef = 8D6D959022F4073B00BD42C2 /* StreamerSubscription.swift */; };
		8D89C793234320FF00FD0F3D /* StreamerEvent.swift in Sources */ = {isa = PBXBuildFile; fileRef = 8D6D959222F4390B00BD42C2 /* StreamerEvent.swift */; };
		8D89C7942343210B00FD0F3D /* StreamerSession.swift in Sources */ = {isa = PBXBuildFile; fileRef = 8D89F7F522F0EB7E00AF7698 /* StreamerSession.swift */; };
		8D89C7952343210B00FD0F3D /* StreamerChannel.swift in Sources */ = {isa = PBXBuildFile; fileRef = 8DC4CA4F2149A6CE00344CBF /* StreamerChannel.swift */; };
		8D89C7962343210B00FD0F3D /* StreamerMockableChannel.swift in Sources */ = {isa = PBXBuildFile; fileRef = 8D50EE7E22FBE4B500F82671 /* StreamerMockableChannel.swift */; };
		8D89C7972343219500FD0F3D /* StreamerFormatters.swift in Sources */ = {isa = PBXBuildFile; fileRef = 8DE2C3DB22FBF7DD00BB6261 /* StreamerFormatters.swift */; };
		8D89C7982343A41700FD0F3D /* StreamerSessionTests.swift in Sources */ = {isa = PBXBuildFile; fileRef = 8D819E1422F2BAEE0031A9D5 /* StreamerSessionTests.swift */; };
		8DA398C02338E3EA007B918F /* IG.framework in Frameworks */ = {isa = PBXBuildFile; fileRef = 8DA398B72338E3EA007B918F /* IG.framework */; platformFilter = ios; };
		8DA398D32338ED1A007B918F /* Lightstreamer_iOS_Client.framework in Embed Frameworks */ = {isa = PBXBuildFile; fileRef = 8DA398D12338ED1A007B918F /* Lightstreamer_iOS_Client.framework */; settings = {ATTRIBUTES = (CodeSignOnCopy, RemoveHeadersOnCopy, ); }; };
		8DAC346D233D15A90082DB1C /* APIApplications.swift in Sources */ = {isa = PBXBuildFile; fileRef = 8DC4CA7A2149A6CE00344CBF /* APIApplications.swift */; };
		8DAC346E233D196A0082DB1C /* APIAccounts.swift in Sources */ = {isa = PBXBuildFile; fileRef = 8DC4CA7B2149A6CE00344CBF /* APIAccounts.swift */; };
		8DBE9EE92338EE2700AA6DE4 /* IG.h in Headers */ = {isa = PBXBuildFile; fileRef = 8DC4CA442149A6CE00344CBF /* IG.h */; settings = {ATTRIBUTES = (Public, ); }; };
		8DBE9F602338F25400AA6DE4 /* Environment in Resources */ = {isa = PBXBuildFile; fileRef = 8DC4CBFE2149AB1200344CBF /* Environment */; };
		8DBE9F612338F25700AA6DE4 /* API in Resources */ = {isa = PBXBuildFile; fileRef = 8DC4CBFD2149AB1200344CBF /* API */; };
		8DBE9F622338F25900AA6DE4 /* Streamer in Resources */ = {isa = PBXBuildFile; fileRef = 8DC4CBFF2149AB1200344CBF /* Streamer */; };
		8DC4CBEB2149A78700344CBF /* IG.framework in Frameworks */ = {isa = PBXBuildFile; fileRef = 8DC4CBE12149A78700344CBF /* IG.framework */; };
		8DC4CBF92149A81500344CBF /* IG.h in Headers */ = {isa = PBXBuildFile; fileRef = 8DC4CA442149A6CE00344CBF /* IG.h */; settings = {ATTRIBUTES = (Public, ); }; };
		8DE1B2B9214A639E00C1FF13 /* API in Resources */ = {isa = PBXBuildFile; fileRef = 8DC4CBFD2149AB1200344CBF /* API */; };
		8DE1B2BA214A639F00C1FF13 /* Environment in Resources */ = {isa = PBXBuildFile; fileRef = 8DC4CBFE2149AB1200344CBF /* Environment */; };
		8DE1B2BB214A639F00C1FF13 /* Streamer in Resources */ = {isa = PBXBuildFile; fileRef = 8DC4CBFF2149AB1200344CBF /* Streamer */; };
		8DFEC5F1234078F7005906B3 /* APITransaction.swift in Sources */ = {isa = PBXBuildFile; fileRef = 8DC4CA772149A6CE00344CBF /* APITransaction.swift */; };
		8DFEC5F2234080B7005906B3 /* APIPrice.swift in Sources */ = {isa = PBXBuildFile; fileRef = 8DC4CA762149A6CE00344CBF /* APIPrice.swift */; };
		8DFEC5F323408459005906B3 /* APIMarket.swift in Sources */ = {isa = PBXBuildFile; fileRef = 8DC4CA722149A6CE00344CBF /* APIMarket.swift */; };
		8DFEC5F423409600005906B3 /* APINode.swift in Sources */ = {isa = PBXBuildFile; fileRef = 8DC4CA732149A6CE00344CBF /* APINode.swift */; };
		8DFEC5F52340DE14005906B3 /* APIWatchlist.swift in Sources */ = {isa = PBXBuildFile; fileRef = 8DC4CA742149A6CE00344CBF /* APIWatchlist.swift */; };
		8DFEC5F62340E743005906B3 /* APISentiment.swift in Sources */ = {isa = PBXBuildFile; fileRef = 8DF93B9722E757B4001B9412 /* APISentiment.swift */; };
		8DFEC5F72340E9DF005906B3 /* APIConfirmation.swift in Sources */ = {isa = PBXBuildFile; fileRef = 8DC4CA662149A6CE00344CBF /* APIConfirmation.swift */; };
		8DFEC5F82340EC41005906B3 /* APIPosition.swift in Sources */ = {isa = PBXBuildFile; fileRef = 8DC4CA692149A6CE00344CBF /* APIPosition.swift */; };
		8DFEC5F92340EECE005906B3 /* APIWorkingOrder.swift in Sources */ = {isa = PBXBuildFile; fileRef = 8DC4CA682149A6CE00344CBF /* APIWorkingOrder.swift */; };
		8DFEC5FA2340F299005906B3 /* APIPositionOTC.swift in Sources */ = {isa = PBXBuildFile; fileRef = 8DC4CA672149A6CE00344CBF /* APIPositionOTC.swift */; };
		8DFEC5FB2340F7BB005906B3 /* APIWorkingOrderOTC.swift in Sources */ = {isa = PBXBuildFile; fileRef = 8DC4CA652149A6CE00344CBF /* APIWorkingOrderOTC.swift */; };
/* End PBXBuildFile section */

/* Begin PBXContainerItemProxy section */
		8DA398C12338E3EA007B918F /* PBXContainerItemProxy */ = {
			isa = PBXContainerItemProxy;
			containerPortal = 8DC4CA342149A60900344CBF /* Project object */;
			proxyType = 1;
			remoteGlobalIDString = 8DA398B62338E3EA007B918F;
			remoteInfo = "IG iOS";
		};
		8DC4CBEC2149A78700344CBF /* PBXContainerItemProxy */ = {
			isa = PBXContainerItemProxy;
			containerPortal = 8DC4CA342149A60900344CBF /* Project object */;
			proxyType = 1;
			remoteGlobalIDString = 8DC4CBE02149A78700344CBF;
			remoteInfo = IG;
		};
/* End PBXContainerItemProxy section */

/* Begin PBXCopyFilesBuildPhase section */
		8DA398D42338ED1A007B918F /* Embed Frameworks */ = {
			isa = PBXCopyFilesBuildPhase;
			buildActionMask = 2147483647;
			dstPath = "";
			dstSubfolderSpec = 10;
			files = (
				8DA398D32338ED1A007B918F /* Lightstreamer_iOS_Client.framework in Embed Frameworks */,
			);
			name = "Embed Frameworks";
			runOnlyForDeploymentPostprocessing = 0;
		};
		8DA398D72338ED23007B918F /* Embed Frameworks */ = {
			isa = PBXCopyFilesBuildPhase;
			buildActionMask = 2147483647;
			dstPath = "";
			dstSubfolderSpec = 10;
			files = (
				8D193F4F2339513D00036C54 /* Lightstreamer_macOS_Client.framework in Embed Frameworks */,
			);
			name = "Embed Frameworks";
			runOnlyForDeploymentPostprocessing = 0;
		};
/* End PBXCopyFilesBuildPhase section */

/* Begin PBXFileReference section */
		8D0A232B22EB9600001853E7 /* APIUser.swift */ = {isa = PBXFileReference; lastKnownFileType = sourcecode.swift; path = APIUser.swift; sourceTree = "<group>"; };
		8D10BBEF2318E91700557960 /* DBMarket.swift */ = {isa = PBXFileReference; lastKnownFileType = sourcecode.swift; path = DBMarket.swift; sourceTree = "<group>"; };
		8D193F4D2339513D00036C54 /* Lightstreamer_macOS_Client.framework */ = {isa = PBXFileReference; lastKnownFileType = wrapper.framework; name = Lightstreamer_macOS_Client.framework; path = Dependencies/Lightstreamer/Lightstreamer_macOS_Client.framework; sourceTree = "<group>"; };
		8D19C51A2326459000F029B3 /* ErrorHelper.swift */ = {isa = PBXFileReference; lastKnownFileType = sourcecode.swift; path = ErrorHelper.swift; sourceTree = "<group>"; };
		8D19C51C23266CBD00F029B3 /* DBFormatters.swift */ = {isa = PBXFileReference; lastKnownFileType = sourcecode.swift; path = DBFormatters.swift; sourceTree = "<group>"; };
		8D19C51E232694DC00F029B3 /* SQLite.swift */ = {isa = PBXFileReference; lastKnownFileType = sourcecode.swift; path = SQLite.swift; sourceTree = "<group>"; };
		8D1C8D552322D9E500841CA0 /* OperationQueue.swift */ = {isa = PBXFileReference; lastKnownFileType = sourcecode.swift; path = OperationQueue.swift; sourceTree = "<group>"; };
		8D1C8D572322E53900841CA0 /* DBChannel.swift */ = {isa = PBXFileReference; lastKnownFileType = sourcecode.swift; path = DBChannel.swift; sourceTree = "<group>"; };
		8D1CC9732299EE6C009AB4D3 /* AnyDecodable.swift */ = {isa = PBXFileReference; fileEncoding = 4; lastKnownFileType = sourcecode.swift; path = AnyDecodable.swift; sourceTree = "<group>"; };
		8D1CC9742299EE6C009AB4D3 /* AnyCodable.swift */ = {isa = PBXFileReference; fileEncoding = 4; lastKnownFileType = sourcecode.swift; path = AnyCodable.swift; sourceTree = "<group>"; };
		8D1CC9752299EE6C009AB4D3 /* AnyEncodable.swift */ = {isa = PBXFileReference; fileEncoding = 4; lastKnownFileType = sourcecode.swift; path = AnyEncodable.swift; sourceTree = "<group>"; };
		8D24D0D1230EF496003D25EA /* Confirmation.swift */ = {isa = PBXFileReference; lastKnownFileType = sourcecode.swift; path = Confirmation.swift; sourceTree = "<group>"; };
		8D2C214723313BFF006F8C41 /* Reactive+DB.swift */ = {isa = PBXFileReference; lastKnownFileType = sourcecode.swift; path = "Reactive+DB.swift"; sourceTree = "<group>"; };
		8D2EA939233B605C0004A4C2 /* APIAccount.swift */ = {isa = PBXFileReference; lastKnownFileType = sourcecode.swift; path = APIAccount.swift; sourceTree = "<group>"; };
		8D2EA93B233B6C0C0004A4C2 /* Combine+API.swift */ = {isa = PBXFileReference; lastKnownFileType = sourcecode.swift; path = "Combine+API.swift"; sourceTree = "<group>"; };
		8D30D08023240B0C00D83E0A /* SQLite+Result.swift */ = {isa = PBXFileReference; lastKnownFileType = sourcecode.swift; path = "SQLite+Result.swift"; sourceTree = "<group>"; };
		8D30D082232566D900D83E0A /* ErrorCodable.swift */ = {isa = PBXFileReference; lastKnownFileType = sourcecode.swift; path = ErrorCodable.swift; sourceTree = "<group>"; };
		8D3C262222E9F66E0080D3C1 /* APIInternals.swift */ = {isa = PBXFileReference; lastKnownFileType = sourcecode.swift; path = APIInternals.swift; sourceTree = "<group>"; };
		8D3C262422E9FA020080D3C1 /* Collections.swift */ = {isa = PBXFileReference; lastKnownFileType = sourcecode.swift; path = Collections.swift; sourceTree = "<group>"; };
		8D3C262622E9FAC20080D3C1 /* StreamerInternals.swift */ = {isa = PBXFileReference; lastKnownFileType = sourcecode.swift; path = StreamerInternals.swift; sourceTree = "<group>"; };
		8D3C262B22EB18A50080D3C1 /* Money.swift */ = {isa = PBXFileReference; lastKnownFileType = sourcecode.swift; path = Money.swift; sourceTree = "<group>"; };
		8D45265E233A55FC0034D577 /* Framework.h */ = {isa = PBXFileReference; lastKnownFileType = sourcecode.c.h; path = Framework.h; sourceTree = "<group>"; };
		8D45265F233A55FC0034D577 /* Framework.c */ = {isa = PBXFileReference; lastKnownFileType = sourcecode.c.c; path = Framework.c; sourceTree = "<group>"; };
		8D452667233A67960034D577 /* Bundle.swift */ = {isa = PBXFileReference; lastKnownFileType = sourcecode.swift; path = Bundle.swift; sourceTree = "<group>"; };
		8D45267A233AC0190034D577 /* MarketExpiry.swift */ = {isa = PBXFileReference; lastKnownFileType = sourcecode.swift; path = MarketExpiry.swift; sourceTree = "<group>"; };
		8D47E0D623159C8900AD53A2 /* Market.swift */ = {isa = PBXFileReference; lastKnownFileType = sourcecode.swift; path = Market.swift; sourceTree = "<group>"; };
		8D4B971422F1C995002B267F /* TestAccount.swift */ = {isa = PBXFileReference; fileEncoding = 4; lastKnownFileType = sourcecode.swift; path = TestAccount.swift; sourceTree = "<group>"; };
		8D50EE7E22FBE4B500F82671 /* StreamerMockableChannel.swift */ = {isa = PBXFileReference; lastKnownFileType = sourcecode.swift; path = StreamerMockableChannel.swift; sourceTree = "<group>"; };
		8D520C0123326A4100BDF54D /* DBPrice.swift */ = {isa = PBXFileReference; lastKnownFileType = sourcecode.swift; path = DBPrice.swift; sourceTree = "<group>"; };
		8D52F33D22FB1CA900521759 /* APIKey.swift */ = {isa = PBXFileReference; lastKnownFileType = sourcecode.swift; path = APIKey.swift; sourceTree = "<group>"; };
		8D52F34022FB1E8400521759 /* Account.swift */ = {isa = PBXFileReference; lastKnownFileType = sourcecode.swift; path = Account.swift; sourceTree = "<group>"; };
		8D52F34222FB201000521759 /* Client.swift */ = {isa = PBXFileReference; lastKnownFileType = sourcecode.swift; path = Client.swift; sourceTree = "<group>"; };
		8D5B3E1B232F855E0022959F /* TestEpics.swift */ = {isa = PBXFileReference; lastKnownFileType = sourcecode.swift; path = TestEpics.swift; sourceTree = "<group>"; };
		8D61671B22FEC27E00B042C5 /* Deals.md */ = {isa = PBXFileReference; lastKnownFileType = net.daringfireball.markdown; path = Deals.md; sourceTree = "<group>"; };
		8D6BD9FD22EF447600156512 /* APIDeal.swift */ = {isa = PBXFileReference; lastKnownFileType = sourcecode.swift; path = APIDeal.swift; sourceTree = "<group>"; };
		8D6D959022F4073B00BD42C2 /* StreamerSubscription.swift */ = {isa = PBXFileReference; lastKnownFileType = sourcecode.swift; path = StreamerSubscription.swift; sourceTree = "<group>"; };
		8D6D959222F4390B00BD42C2 /* StreamerEvent.swift */ = {isa = PBXFileReference; lastKnownFileType = sourcecode.swift; path = StreamerEvent.swift; sourceTree = "<group>"; };
		8D6DB85A2342474D0042F330 /* Combine+Tests.swift */ = {isa = PBXFileReference; lastKnownFileType = sourcecode.swift; path = "Combine+Tests.swift"; sourceTree = "<group>"; };
		8D74741422E8439B00B0BA41 /* Currency.swift */ = {isa = PBXFileReference; lastKnownFileType = sourcecode.swift; path = Currency.swift; sourceTree = "<group>"; };
		8D80CFD42341FDC300E63411 /* TestAccountDecodable.swift */ = {isa = PBXFileReference; lastKnownFileType = sourcecode.swift; path = TestAccountDecodable.swift; sourceTree = "<group>"; };
		8D819E1422F2BAEE0031A9D5 /* StreamerSessionTests.swift */ = {isa = PBXFileReference; lastKnownFileType = sourcecode.swift; path = StreamerSessionTests.swift; sourceTree = "<group>"; };
		8D89F7F522F0EB7E00AF7698 /* StreamerSession.swift */ = {isa = PBXFileReference; lastKnownFileType = sourcecode.swift; path = StreamerSession.swift; sourceTree = "<group>"; };
		8D8B3AB92299E91800611153 /* General.playground */ = {isa = PBXFileReference; lastKnownFileType = file.playground; path = General.playground; sourceTree = "<group>"; xcLanguageSpecificationIdentifier = xcode.lang.swift; };
		8D911F6422ECF4CA0038E899 /* Decimal.swift */ = {isa = PBXFileReference; lastKnownFileType = sourcecode.swift; path = Decimal.swift; sourceTree = "<group>"; };
		8D94BA952316575500AFBA1E /* DB.swift */ = {isa = PBXFileReference; lastKnownFileType = sourcecode.swift; path = DB.swift; sourceTree = "<group>"; };
		8D94BA9723165DB500AFBA1E /* DBError.swift */ = {isa = PBXFileReference; lastKnownFileType = sourcecode.swift; path = DBError.swift; sourceTree = "<group>"; };
		8D94BA9A2316A6E600AFBA1E /* DBSessionTests.swift */ = {isa = PBXFileReference; lastKnownFileType = sourcecode.swift; path = DBSessionTests.swift; sourceTree = "<group>"; };
		8D987E7D22F95651003F85D9 /* StreamerAccountTests.swift */ = {isa = PBXFileReference; lastKnownFileType = sourcecode.swift; path = StreamerAccountTests.swift; sourceTree = "<group>"; };
		8D9FB784231EDA6900D76B6A /* DebugDescriptable.swift */ = {isa = PBXFileReference; lastKnownFileType = sourcecode.swift; path = DebugDescriptable.swift; sourceTree = "<group>"; };
		8D9FB786231F943C00D76B6A /* Formatters.swift */ = {isa = PBXFileReference; lastKnownFileType = sourcecode.swift; path = Formatters.swift; sourceTree = "<group>"; };
		8DA398B72338E3EA007B918F /* IG.framework */ = {isa = PBXFileReference; explicitFileType = wrapper.framework; includeInIndex = 0; path = IG.framework; sourceTree = BUILT_PRODUCTS_DIR; };
		8DA398BA2338E3EA007B918F /* iOS.plist */ = {isa = PBXFileReference; lastKnownFileType = text.plist.xml; path = iOS.plist; sourceTree = "<group>"; };
		8DA398BF2338E3EA007B918F /* IGTests.xctest */ = {isa = PBXFileReference; explicitFileType = wrapper.cfbundle; includeInIndex = 0; path = IGTests.xctest; sourceTree = BUILT_PRODUCTS_DIR; };
		8DA398C62338E3EA007B918F /* iOS_tests.plist */ = {isa = PBXFileReference; lastKnownFileType = text.plist.xml; path = iOS_tests.plist; sourceTree = "<group>"; };
		8DA398CF2338E42A007B918F /* iOS.xcconfig */ = {isa = PBXFileReference; lastKnownFileType = text.xcconfig; path = iOS.xcconfig; sourceTree = "<group>"; };
		8DA398D02338E4EA007B918F /* iOS_tests.xcconfig */ = {isa = PBXFileReference; lastKnownFileType = text.xcconfig; path = iOS_tests.xcconfig; sourceTree = "<group>"; };
		8DA398D12338ED1A007B918F /* Lightstreamer_iOS_Client.framework */ = {isa = PBXFileReference; lastKnownFileType = wrapper.framework; name = Lightstreamer_iOS_Client.framework; path = Dependencies/Lightstreamer/Lightstreamer_iOS_Client.framework; sourceTree = "<group>"; };
		8DA8F88F2317BF7200F1A2C0 /* DBApplication.swift */ = {isa = PBXFileReference; lastKnownFileType = sourcecode.swift; path = DBApplication.swift; sourceTree = "<group>"; };
		8DA8F8912317EAB100F1A2C0 /* DBMigration.swift */ = {isa = PBXFileReference; lastKnownFileType = sourcecode.swift; path = DBMigration.swift; sourceTree = "<group>"; };
		8DA8F89623181E7200F1A2C0 /* DBForex.swift */ = {isa = PBXFileReference; lastKnownFileType = sourcecode.swift; path = DBForex.swift; sourceTree = "<group>"; };
		8DAEF08122F9994F005AB34C /* TestFabric.swift */ = {isa = PBXFileReference; lastKnownFileType = sourcecode.swift; path = TestFabric.swift; sourceTree = "<group>"; };
		8DB22F8E231EB550001FCF6C /* DBApplicationTests.swift */ = {isa = PBXFileReference; lastKnownFileType = sourcecode.swift; path = DBApplicationTests.swift; sourceTree = "<group>"; };
		8DB90A7E231E729F004204B8 /* DBMarketTests.swift */ = {isa = PBXFileReference; lastKnownFileType = sourcecode.swift; path = DBMarketTests.swift; sourceTree = "<group>"; };
		8DB90A80231E79BE004204B8 /* DBInternals.swift */ = {isa = PBXFileReference; lastKnownFileType = sourcecode.swift; path = DBInternals.swift; sourceTree = "<group>"; };
		8DC20A6F231AF3B000760FA4 /* DBNode.swift */ = {isa = PBXFileReference; lastKnownFileType = sourcecode.swift; path = DBNode.swift; sourceTree = "<group>"; };
		8DC20A72231AF77E00760FA4 /* DBNodeTests.swift */ = {isa = PBXFileReference; lastKnownFileType = sourcecode.swift; path = DBNodeTests.swift; sourceTree = "<group>"; };
		8DC20A74231B08BC00760FA4 /* DBNode+Market.swift */ = {isa = PBXFileReference; lastKnownFileType = sourcecode.swift; path = "DBNode+Market.swift"; sourceTree = "<group>"; };
		8DC20A77231B220A00760FA4 /* DBNode+Node.swift */ = {isa = PBXFileReference; lastKnownFileType = sourcecode.swift; path = "DBNode+Node.swift"; sourceTree = "<group>"; };
		8DC4CA3C2149A68200344CBF /* macOS.xcconfig */ = {isa = PBXFileReference; lastKnownFileType = text.xcconfig; path = macOS.xcconfig; sourceTree = "<group>"; };
		8DC4CA3D2149A68200344CBF /* macOS_tests.xcconfig */ = {isa = PBXFileReference; lastKnownFileType = text.xcconfig; path = macOS_tests.xcconfig; sourceTree = "<group>"; };
		8DC4CA3E2149A68200344CBF /* macOS_tests.plist */ = {isa = PBXFileReference; lastKnownFileType = text.plist.xml; path = macOS_tests.plist; sourceTree = "<group>"; };
		8DC4CA3F2149A68200344CBF /* macOS.plist */ = {isa = PBXFileReference; lastKnownFileType = text.plist.xml; path = macOS.plist; sourceTree = "<group>"; };
		8DC4CA412149A68200344CBF /* Common.xcconfig */ = {isa = PBXFileReference; lastKnownFileType = text.xcconfig; path = Common.xcconfig; sourceTree = "<group>"; };
		8DC4CA432149A6CE00344CBF /* Services.swift */ = {isa = PBXFileReference; lastKnownFileType = sourcecode.swift; path = Services.swift; sourceTree = "<group>"; };
		8DC4CA442149A6CE00344CBF /* IG.h */ = {isa = PBXFileReference; lastKnownFileType = sourcecode.c.h; path = IG.h; sourceTree = "<group>"; };
		8DC4CA492149A6CE00344CBF /* Date.swift */ = {isa = PBXFileReference; lastKnownFileType = sourcecode.swift; path = Date.swift; sourceTree = "<group>"; };
		8DC4CA4B2149A6CE00344CBF /* Operators.swift */ = {isa = PBXFileReference; lastKnownFileType = sourcecode.swift; path = Operators.swift; sourceTree = "<group>"; };
		8DC4CA4F2149A6CE00344CBF /* StreamerChannel.swift */ = {isa = PBXFileReference; lastKnownFileType = sourcecode.swift; path = StreamerChannel.swift; sourceTree = "<group>"; };
		8DC4CA582149A6CE00344CBF /* StreamerChartTick.swift */ = {isa = PBXFileReference; lastKnownFileType = sourcecode.swift; path = StreamerChartTick.swift; sourceTree = "<group>"; };
		8DC4CA592149A6CE00344CBF /* StreamerMarket.swift */ = {isa = PBXFileReference; lastKnownFileType = sourcecode.swift; path = StreamerMarket.swift; sourceTree = "<group>"; };
		8DC4CA5A2149A6CE00344CBF /* StreamerChartScale.swift */ = {isa = PBXFileReference; lastKnownFileType = sourcecode.swift; path = StreamerChartScale.swift; sourceTree = "<group>"; };
		8DC4CA5B2149A6CE00344CBF /* StreamerCredentials.swift */ = {isa = PBXFileReference; lastKnownFileType = sourcecode.swift; path = StreamerCredentials.swift; sourceTree = "<group>"; };
		8DC4CA5C2149A6CE00344CBF /* Streamer.swift */ = {isa = PBXFileReference; lastKnownFileType = sourcecode.swift; path = Streamer.swift; sourceTree = "<group>"; };
		8DC4CA5E2149A6CE00344CBF /* StreamerError.swift */ = {isa = PBXFileReference; lastKnownFileType = sourcecode.swift; path = StreamerError.swift; sourceTree = "<group>"; };
		8DC4CA602149A6CE00344CBF /* StreamerAccount.swift */ = {isa = PBXFileReference; lastKnownFileType = sourcecode.swift; path = StreamerAccount.swift; sourceTree = "<group>"; };
		8DC4CA612149A6CE00344CBF /* StreamerDeal.swift */ = {isa = PBXFileReference; lastKnownFileType = sourcecode.swift; path = StreamerDeal.swift; sourceTree = "<group>"; };
		8DC4CA632149A6CE00344CBF /* APIError.swift */ = {isa = PBXFileReference; lastKnownFileType = sourcecode.swift; path = APIError.swift; sourceTree = "<group>"; };
		8DC4CA652149A6CE00344CBF /* APIWorkingOrderOTC.swift */ = {isa = PBXFileReference; lastKnownFileType = sourcecode.swift; path = APIWorkingOrderOTC.swift; sourceTree = "<group>"; };
		8DC4CA662149A6CE00344CBF /* APIConfirmation.swift */ = {isa = PBXFileReference; lastKnownFileType = sourcecode.swift; path = APIConfirmation.swift; sourceTree = "<group>"; };
		8DC4CA672149A6CE00344CBF /* APIPositionOTC.swift */ = {isa = PBXFileReference; lastKnownFileType = sourcecode.swift; path = APIPositionOTC.swift; sourceTree = "<group>"; };
		8DC4CA682149A6CE00344CBF /* APIWorkingOrder.swift */ = {isa = PBXFileReference; lastKnownFileType = sourcecode.swift; path = APIWorkingOrder.swift; sourceTree = "<group>"; };
		8DC4CA692149A6CE00344CBF /* APIPosition.swift */ = {isa = PBXFileReference; lastKnownFileType = sourcecode.swift; path = APIPosition.swift; sourceTree = "<group>"; };
		8DC4CA6C2149A6CE00344CBF /* URLRequest.swift */ = {isa = PBXFileReference; lastKnownFileType = sourcecode.swift; path = URLRequest.swift; sourceTree = "<group>"; };
		8DC4CA6D2149A6CE00344CBF /* APIFormatters.swift */ = {isa = PBXFileReference; lastKnownFileType = sourcecode.swift; path = APIFormatters.swift; sourceTree = "<group>"; };
		8DC4CA722149A6CE00344CBF /* APIMarket.swift */ = {isa = PBXFileReference; lastKnownFileType = sourcecode.swift; path = APIMarket.swift; sourceTree = "<group>"; };
		8DC4CA732149A6CE00344CBF /* APINode.swift */ = {isa = PBXFileReference; lastKnownFileType = sourcecode.swift; path = APINode.swift; sourceTree = "<group>"; };
		8DC4CA742149A6CE00344CBF /* APIWatchlist.swift */ = {isa = PBXFileReference; lastKnownFileType = sourcecode.swift; path = APIWatchlist.swift; sourceTree = "<group>"; };
		8DC4CA762149A6CE00344CBF /* APIPrice.swift */ = {isa = PBXFileReference; lastKnownFileType = sourcecode.swift; path = APIPrice.swift; sourceTree = "<group>"; };
		8DC4CA772149A6CE00344CBF /* APITransaction.swift */ = {isa = PBXFileReference; lastKnownFileType = sourcecode.swift; path = APITransaction.swift; sourceTree = "<group>"; };
		8DC4CA782149A6CE00344CBF /* APIActivity.swift */ = {isa = PBXFileReference; lastKnownFileType = sourcecode.swift; path = APIActivity.swift; sourceTree = "<group>"; };
		8DC4CA7A2149A6CE00344CBF /* APIApplications.swift */ = {isa = PBXFileReference; lastKnownFileType = sourcecode.swift; path = APIApplications.swift; sourceTree = "<group>"; };
		8DC4CA7B2149A6CE00344CBF /* APIAccounts.swift */ = {isa = PBXFileReference; lastKnownFileType = sourcecode.swift; path = APIAccounts.swift; sourceTree = "<group>"; };
		8DC4CA7C2149A6CE00344CBF /* API.swift */ = {isa = PBXFileReference; lastKnownFileType = sourcecode.swift; path = API.swift; sourceTree = "<group>"; };
		8DC4CA7E2149A6CE00344CBF /* APICertificate.swift */ = {isa = PBXFileReference; lastKnownFileType = sourcecode.swift; path = APICertificate.swift; sourceTree = "<group>"; };
		8DC4CA7F2149A6CE00344CBF /* APISession.swift */ = {isa = PBXFileReference; lastKnownFileType = sourcecode.swift; path = APISession.swift; sourceTree = "<group>"; };
		8DC4CA802149A6CE00344CBF /* APIOAuth.swift */ = {isa = PBXFileReference; lastKnownFileType = sourcecode.swift; path = APIOAuth.swift; sourceTree = "<group>"; };
		8DC4CA812149A6CE00344CBF /* APICredentials.swift */ = {isa = PBXFileReference; lastKnownFileType = sourcecode.swift; path = APICredentials.swift; sourceTree = "<group>"; };
		8DC4CA842149A6CE00344CBF /* APIFileProtocol.swift */ = {isa = PBXFileReference; lastKnownFileType = sourcecode.swift; path = APIFileProtocol.swift; sourceTree = "<group>"; };
		8DC4CA852149A6CE00344CBF /* StreamerFileChannel.swift */ = {isa = PBXFileReference; lastKnownFileType = sourcecode.swift; path = StreamerFileChannel.swift; sourceTree = "<group>"; };
		8DC4CA862149A6CE00344CBF /* StreamerFileSubscription.swift */ = {isa = PBXFileReference; lastKnownFileType = sourcecode.swift; path = StreamerFileSubscription.swift; sourceTree = "<group>"; };
		8DC4CA872149A6CE00344CBF /* String.swift */ = {isa = PBXFileReference; lastKnownFileType = sourcecode.swift; path = String.swift; sourceTree = "<group>"; };
		8DC4CA882149A6CE00344CBF /* StreamerFileUpdate.swift */ = {isa = PBXFileReference; lastKnownFileType = sourcecode.swift; path = StreamerFileUpdate.swift; sourceTree = "<group>"; };
		8DC4CA8D2149A6CE00344CBF /* StreamerMarketTests.swift */ = {isa = PBXFileReference; lastKnownFileType = sourcecode.swift; path = StreamerMarketTests.swift; sourceTree = "<group>"; };
		8DC4CA8E2149A6CE00344CBF /* StreamerChartTests.swift */ = {isa = PBXFileReference; lastKnownFileType = sourcecode.swift; path = StreamerChartTests.swift; sourceTree = "<group>"; };
		8DC4CA902149A6CE00344CBF /* StreamerTradeTests.swift */ = {isa = PBXFileReference; lastKnownFileType = sourcecode.swift; path = StreamerTradeTests.swift; sourceTree = "<group>"; };
		8DC4CA932149A6CE00344CBF /* APIPositionTests.swift */ = {isa = PBXFileReference; lastKnownFileType = sourcecode.swift; path = APIPositionTests.swift; sourceTree = "<group>"; };
		8DC4CA942149A6CE00344CBF /* APIWorkingOrderTests.swift */ = {isa = PBXFileReference; lastKnownFileType = sourcecode.swift; path = APIWorkingOrderTests.swift; sourceTree = "<group>"; };
		8DC4CA972149A6CE00344CBF /* APIMarketTests.swift */ = {isa = PBXFileReference; lastKnownFileType = sourcecode.swift; path = APIMarketTests.swift; sourceTree = "<group>"; };
		8DC4CA982149A6CE00344CBF /* APIWatchlistTests.swift */ = {isa = PBXFileReference; lastKnownFileType = sourcecode.swift; path = APIWatchlistTests.swift; sourceTree = "<group>"; };
		8DC4CA992149A6CE00344CBF /* APINodeTests.swift */ = {isa = PBXFileReference; lastKnownFileType = sourcecode.swift; path = APINodeTests.swift; sourceTree = "<group>"; };
		8DC4CA9B2149A6CE00344CBF /* APITransactionTests.swift */ = {isa = PBXFileReference; lastKnownFileType = sourcecode.swift; path = APITransactionTests.swift; sourceTree = "<group>"; };
		8DC4CA9C2149A6CE00344CBF /* APIPriceTests.swift */ = {isa = PBXFileReference; lastKnownFileType = sourcecode.swift; path = APIPriceTests.swift; sourceTree = "<group>"; };
		8DC4CA9D2149A6CE00344CBF /* APIActivityTests.swift */ = {isa = PBXFileReference; lastKnownFileType = sourcecode.swift; path = APIActivityTests.swift; sourceTree = "<group>"; };
		8DC4CA9F2149A6CE00344CBF /* APIAccountTests.swift */ = {isa = PBXFileReference; lastKnownFileType = sourcecode.swift; path = APIAccountTests.swift; sourceTree = "<group>"; };
		8DC4CAA02149A6CE00344CBF /* APIApplicationTests.swift */ = {isa = PBXFileReference; lastKnownFileType = sourcecode.swift; path = APIApplicationTests.swift; sourceTree = "<group>"; };
		8DC4CAA32149A6CE00344CBF /* APICertificateTests.swift */ = {isa = PBXFileReference; lastKnownFileType = sourcecode.swift; path = APICertificateTests.swift; sourceTree = "<group>"; };
		8DC4CAA42149A6CE00344CBF /* APISessionTests.swift */ = {isa = PBXFileReference; lastKnownFileType = sourcecode.swift; path = APISessionTests.swift; sourceTree = "<group>"; };
		8DC4CAA52149A6CE00344CBF /* APIOAuthTests.swift */ = {isa = PBXFileReference; lastKnownFileType = sourcecode.swift; path = APIOAuthTests.swift; sourceTree = "<group>"; };
		8DC4CAAD2149A6CE00344CBF /* APIMockedJSON.swift */ = {isa = PBXFileReference; lastKnownFileType = sourcecode.swift; path = APIMockedJSON.swift; sourceTree = "<group>"; };
		8DC4CAF42149A6CE00344CBF /* StreamerMockedJSON.swift */ = {isa = PBXFileReference; lastKnownFileType = sourcecode.swift; path = StreamerMockedJSON.swift; sourceTree = "<group>"; };
		8DC4CBE12149A78700344CBF /* IG.framework */ = {isa = PBXFileReference; explicitFileType = wrapper.framework; includeInIndex = 0; path = IG.framework; sourceTree = BUILT_PRODUCTS_DIR; };
		8DC4CBEA2149A78700344CBF /* IGTests.xctest */ = {isa = PBXFileReference; explicitFileType = wrapper.cfbundle; includeInIndex = 0; path = IGTests.xctest; sourceTree = BUILT_PRODUCTS_DIR; };
		8DC4CBFD2149AB1200344CBF /* API */ = {isa = PBXFileReference; lastKnownFileType = folder; path = API; sourceTree = "<group>"; };
		8DC4CBFE2149AB1200344CBF /* Environment */ = {isa = PBXFileReference; lastKnownFileType = folder; path = Environment; sourceTree = "<group>"; };
		8DC4CBFF2149AB1200344CBF /* Streamer */ = {isa = PBXFileReference; lastKnownFileType = folder; path = Streamer; sourceTree = "<group>"; };
		8DC4CC052149AF2500344CBF /* README.md */ = {isa = PBXFileReference; lastKnownFileType = net.daringfireball.markdown; path = README.md; sourceTree = "<group>"; };
		8DD468D322F1C70100134B67 /* Test.swift */ = {isa = PBXFileReference; lastKnownFileType = sourcecode.swift; path = Test.swift; sourceTree = "<group>"; };
		8DE2C3DB22FBF7DD00BB6261 /* StreamerFormatters.swift */ = {isa = PBXFileReference; lastKnownFileType = sourcecode.swift; path = StreamerFormatters.swift; sourceTree = "<group>"; };
		8DE2C3DD22FC72E400BB6261 /* DealLimit.swift */ = {isa = PBXFileReference; lastKnownFileType = sourcecode.swift; path = DealLimit.swift; sourceTree = "<group>"; };
		8DE2C3DF22FC72FE00BB6261 /* DealStop.swift */ = {isa = PBXFileReference; lastKnownFileType = sourcecode.swift; path = DealStop.swift; sourceTree = "<group>"; };
		8DE2C3E122FC789B00BB6261 /* Deal.swift */ = {isa = PBXFileReference; lastKnownFileType = sourcecode.swift; path = Deal.swift; sourceTree = "<group>"; };
		8DE4A67022FB40890036CF5E /* APIMarketStatus.swift */ = {isa = PBXFileReference; lastKnownFileType = sourcecode.swift; path = APIMarketStatus.swift; sourceTree = "<group>"; };
		8DE4A67222FB40CF0036CF5E /* APINodeMarket.swift */ = {isa = PBXFileReference; lastKnownFileType = sourcecode.swift; path = APINodeMarket.swift; sourceTree = "<group>"; };
		8DF1233D2330D9C900312A30 /* DBForexTests.swift */ = {isa = PBXFileReference; lastKnownFileType = sourcecode.swift; path = DBForexTests.swift; sourceTree = "<group>"; };
		8DF75CDB2322A85100130229 /* PlaygroundTests.swift */ = {isa = PBXFileReference; lastKnownFileType = sourcecode.swift; path = PlaygroundTests.swift; sourceTree = "<group>"; };
		8DF85B1B22F046FA00F1C525 /* Error.swift */ = {isa = PBXFileReference; lastKnownFileType = sourcecode.swift; path = Error.swift; sourceTree = "<group>"; };
		8DF93B9722E757B4001B9412 /* APISentiment.swift */ = {isa = PBXFileReference; lastKnownFileType = sourcecode.swift; path = APISentiment.swift; sourceTree = "<group>"; };
		8DF93B9922E75C11001B9412 /* APISentimentTests.swift */ = {isa = PBXFileReference; lastKnownFileType = sourcecode.swift; path = APISentimentTests.swift; sourceTree = "<group>"; };
		8DFF587E23001580000B2777 /* TestAccountError.swift */ = {isa = PBXFileReference; lastKnownFileType = sourcecode.swift; path = TestAccountError.swift; sourceTree = "<group>"; };
/* End PBXFileReference section */

/* Begin PBXFrameworksBuildPhase section */
		8DA398BC2338E3EA007B918F /* Frameworks */ = {
			isa = PBXFrameworksBuildPhase;
			buildActionMask = 2147483647;
			files = (
				8DA398C02338E3EA007B918F /* IG.framework in Frameworks */,
			);
			runOnlyForDeploymentPostprocessing = 0;
		};
		8DC4CBE72149A78700344CBF /* Frameworks */ = {
			isa = PBXFrameworksBuildPhase;
			buildActionMask = 2147483647;
			files = (
				8DC4CBEB2149A78700344CBF /* IG.framework in Frameworks */,
			);
			runOnlyForDeploymentPostprocessing = 0;
		};
/* End PBXFrameworksBuildPhase section */

/* Begin PBXGroup section */
		8D1CC9722299EE6C009AB4D3 /* AnyCodable */ = {
			isa = PBXGroup;
			children = (
				8D1CC9742299EE6C009AB4D3 /* AnyCodable.swift */,
				8D1CC9732299EE6C009AB4D3 /* AnyDecodable.swift */,
				8D1CC9752299EE6C009AB4D3 /* AnyEncodable.swift */,
			);
			path = AnyCodable;
			sourceTree = "<group>";
		};
		8D47509623262EC60051E425 /* Utils */ = {
			isa = PBXGroup;
			children = (
				8D19C51E232694DC00F029B3 /* SQLite.swift */,
				8D30D08023240B0C00D83E0A /* SQLite+Result.swift */,
				8D19C51C23266CBD00F029B3 /* DBFormatters.swift */,
				8D2C214723313BFF006F8C41 /* Reactive+DB.swift */,
			);
			path = Utils;
			sourceTree = "<group>";
		};
		8D520C0023326A3100BDF54D /* History */ = {
			isa = PBXGroup;
			children = (
				8D520C0123326A4100BDF54D /* DBPrice.swift */,
			);
			path = History;
			sourceTree = "<group>";
		};
		8D52F33F22FB1DBB00521759 /* Entities */ = {
			isa = PBXGroup;
			children = (
				8D3C262222E9F66E0080D3C1 /* APIInternals.swift */,
				8D0A232B22EB9600001853E7 /* APIUser.swift */,
				8D52F33D22FB1CA900521759 /* APIKey.swift */,
				8DC4CA812149A6CE00344CBF /* APICredentials.swift */,
				8D2EA939233B605C0004A4C2 /* APIAccount.swift */,
				8D6BD9FD22EF447600156512 /* APIDeal.swift */,
				8DE4A67022FB40890036CF5E /* APIMarketStatus.swift */,
				8DE4A67222FB40CF0036CF5E /* APINodeMarket.swift */,
			);
			path = Entities;
			sourceTree = "<group>";
		};
		8D61671A22FEC26200B042C5 /* Documentation */ = {
			isa = PBXGroup;
			children = (
				8D61671B22FEC27E00B042C5 /* Deals.md */,
			);
			path = Documentation;
			sourceTree = "<group>";
		};
		8D69398A22FBE35A0068378D /* Entities */ = {
			isa = PBXGroup;
			children = (
				8D3C262622E9FAC20080D3C1 /* StreamerInternals.swift */,
				8DC4CA5B2149A6CE00344CBF /* StreamerCredentials.swift */,
				8D6D959022F4073B00BD42C2 /* StreamerSubscription.swift */,
				8D6D959222F4390B00BD42C2 /* StreamerEvent.swift */,
			);
			path = Entities;
			sourceTree = "<group>";
		};
		8D80F45622F0C59800DE1E5B /* Session */ = {
			isa = PBXGroup;
			children = (
				8D89F7F522F0EB7E00AF7698 /* StreamerSession.swift */,
				8DC4CA4F2149A6CE00344CBF /* StreamerChannel.swift */,
				8D50EE7E22FBE4B500F82671 /* StreamerMockableChannel.swift */,
			);
			path = Session;
			sourceTree = "<group>";
		};
		8D819E1022F2B3570031A9D5 /* Utils */ = {
			isa = PBXGroup;
			children = (
				8DC4CA842149A6CE00344CBF /* APIFileProtocol.swift */,
			);
			path = Utils;
			sourceTree = "<group>";
		};
		8D819E1122F2B3AB0031A9D5 /* Utils */ = {
			isa = PBXGroup;
			children = (
				8DC4CA852149A6CE00344CBF /* StreamerFileChannel.swift */,
				8DC4CA862149A6CE00344CBF /* StreamerFileSubscription.swift */,
				8DC4CA882149A6CE00344CBF /* StreamerFileUpdate.swift */,
			);
			path = Utils;
			sourceTree = "<group>";
		};
		8D819E1322F2BAB40031A9D5 /* Session */ = {
			isa = PBXGroup;
			children = (
				8D819E1422F2BAEE0031A9D5 /* StreamerSessionTests.swift */,
			);
			path = Session;
			sourceTree = "<group>";
		};
		8D8B3AB82299E8D900611153 /* Playground */ = {
			isa = PBXGroup;
			children = (
				8D8B3AB92299E91800611153 /* General.playground */,
				8DF75CDB2322A85100130229 /* PlaygroundTests.swift */,
			);
			path = Playground;
			sourceTree = "<group>";
		};
		8D94BA942316573900AFBA1E /* Database */ = {
			isa = PBXGroup;
			children = (
				8D94BA952316575500AFBA1E /* DB.swift */,
				8D94BA9723165DB500AFBA1E /* DBError.swift */,
				8DA8F8932317EAB800F1A2C0 /* Entities */,
				8DA8F88E2317BF4900F1A2C0 /* Applications */,
				8D520C0023326A3100BDF54D /* History */,
				8DA8F89523181E4200F1A2C0 /* Markets */,
				8D47509623262EC60051E425 /* Utils */,
			);
			path = Database;
			sourceTree = "<group>";
		};
		8D94BA992316A69A00AFBA1E /* Database */ = {
			isa = PBXGroup;
			children = (
				8D94BA9A2316A6E600AFBA1E /* DBSessionTests.swift */,
				8DB22F8D231EB533001FCF6C /* Applications */,
				8DC20A71231AF76600760FA4 /* Markets */,
			);
			path = Database;
			sourceTree = "<group>";
		};
		8DA398CE2338E410007B918F /* iOS */ = {
			isa = PBXGroup;
			children = (
				8DA398CF2338E42A007B918F /* iOS.xcconfig */,
				8DA398BA2338E3EA007B918F /* iOS.plist */,
				8DA398D02338E4EA007B918F /* iOS_tests.xcconfig */,
				8DA398C62338E3EA007B918F /* iOS_tests.plist */,
			);
			path = iOS;
			sourceTree = "<group>";
		};
		8DA8F88E2317BF4900F1A2C0 /* Applications */ = {
			isa = PBXGroup;
			children = (
				8DA8F88F2317BF7200F1A2C0 /* DBApplication.swift */,
			);
			path = Applications;
			sourceTree = "<group>";
		};
		8DA8F8932317EAB800F1A2C0 /* Entities */ = {
			isa = PBXGroup;
			children = (
				8D1C8D572322E53900841CA0 /* DBChannel.swift */,
				8DB90A80231E79BE004204B8 /* DBInternals.swift */,
				8DA8F8912317EAB100F1A2C0 /* DBMigration.swift */,
			);
			path = Entities;
			sourceTree = "<group>";
		};
		8DA8F89523181E4200F1A2C0 /* Markets */ = {
			isa = PBXGroup;
			children = (
				8D10BBEF2318E91700557960 /* DBMarket.swift */,
				8DA8F89623181E7200F1A2C0 /* DBForex.swift */,
				8DC20A6F231AF3B000760FA4 /* DBNode.swift */,
				8DC20A74231B08BC00760FA4 /* DBNode+Market.swift */,
				8DC20A77231B220A00760FA4 /* DBNode+Node.swift */,
			);
			path = Markets;
			sourceTree = "<group>";
		};
		8DB22F8D231EB533001FCF6C /* Applications */ = {
			isa = PBXGroup;
			children = (
				8DB22F8E231EB550001FCF6C /* DBApplicationTests.swift */,
			);
			path = Applications;
			sourceTree = "<group>";
		};
		8DC20A71231AF76600760FA4 /* Markets */ = {
			isa = PBXGroup;
			children = (
				8DB90A7E231E729F004204B8 /* DBMarketTests.swift */,
				8DC20A72231AF77E00760FA4 /* DBNodeTests.swift */,
				8DF1233D2330D9C900312A30 /* DBForexTests.swift */,
			);
			path = Markets;
			sourceTree = "<group>";
		};
		8DC4CA332149A60900344CBF = {
			isa = PBXGroup;
			children = (
				8DC4CC052149AF2500344CBF /* README.md */,
				8DC4CA3A2149A68200344CBF /* Configuration */,
				8D61671A22FEC26200B042C5 /* Documentation */,
				8DC4CA422149A6CE00344CBF /* Sources */,
				8DC4CA822149A6CE00344CBF /* Tests */,
				8DC4CBE22149A78700344CBF /* Products */,
				8DC4CBFB2149A9D900344CBF /* Frameworks */,
			);
			sourceTree = "<group>";
		};
		8DC4CA3A2149A68200344CBF /* Configuration */ = {
			isa = PBXGroup;
			children = (
				8DC4CA402149A68200344CBF /* Common */,
				8DC4CA3B2149A68200344CBF /* macOS */,
				8DA398CE2338E410007B918F /* iOS */,
			);
			path = Configuration;
			sourceTree = "<group>";
		};
		8DC4CA3B2149A68200344CBF /* macOS */ = {
			isa = PBXGroup;
			children = (
				8DC4CA3C2149A68200344CBF /* macOS.xcconfig */,
				8DC4CA3F2149A68200344CBF /* macOS.plist */,
				8DC4CA3D2149A68200344CBF /* macOS_tests.xcconfig */,
				8DC4CA3E2149A68200344CBF /* macOS_tests.plist */,
			);
			path = macOS;
			sourceTree = "<group>";
		};
		8DC4CA402149A68200344CBF /* Common */ = {
			isa = PBXGroup;
			children = (
				8DC4CA412149A68200344CBF /* Common.xcconfig */,
			);
			path = Common;
			sourceTree = "<group>";
		};
		8DC4CA422149A6CE00344CBF /* Sources */ = {
			isa = PBXGroup;
			children = (
				8DC4CA442149A6CE00344CBF /* IG.h */,
				8DC4CA452149A6CE00344CBF /* Entities */,
				8DF63C0D233362CE0012F122 /* Services */,
				8DC4CA622149A6CE00344CBF /* API */,
				8DC4CA4C2149A6CE00344CBF /* Streamer */,
				8D94BA942316573900AFBA1E /* Database */,
				8DC4CA482149A6CE00344CBF /* Utils */,
			);
			path = Sources;
			sourceTree = "<group>";
		};
		8DC4CA452149A6CE00344CBF /* Entities */ = {
			isa = PBXGroup;
			children = (
				8D52F34022FB1E8400521759 /* Account.swift */,
				8D52F34222FB201000521759 /* Client.swift */,
				8D47E0D623159C8900AD53A2 /* Market.swift */,
				8D45267A233AC0190034D577 /* MarketExpiry.swift */,
				8DE2C3E122FC789B00BB6261 /* Deal.swift */,
				8DE2C3DD22FC72E400BB6261 /* DealLimit.swift */,
				8DE2C3DF22FC72FE00BB6261 /* DealStop.swift */,
				8D24D0D1230EF496003D25EA /* Confirmation.swift */,
				8D74741422E8439B00B0BA41 /* Currency.swift */,
				8D3C262B22EB18A50080D3C1 /* Money.swift */,
			);
			path = Entities;
			sourceTree = "<group>";
		};
		8DC4CA482149A6CE00344CBF /* Utils */ = {
			isa = PBXGroup;
			children = (
				8D45265E233A55FC0034D577 /* Framework.h */,
				8D45265F233A55FC0034D577 /* Framework.c */,
				8D452667233A67960034D577 /* Bundle.swift */,
				8D911F6422ECF4CA0038E899 /* Decimal.swift */,
				8D3C262422E9FA020080D3C1 /* Collections.swift */,
				8DC4CA4B2149A6CE00344CBF /* Operators.swift */,
				8DC4CA492149A6CE00344CBF /* Date.swift */,
				8D9FB786231F943C00D76B6A /* Formatters.swift */,
				8D9FB784231EDA6900D76B6A /* DebugDescriptable.swift */,
				8DF85B1B22F046FA00F1C525 /* Error.swift */,
				8D19C51A2326459000F029B3 /* ErrorHelper.swift */,
				8D30D082232566D900D83E0A /* ErrorCodable.swift */,
			);
			path = Utils;
			sourceTree = "<group>";
		};
		8DC4CA4C2149A6CE00344CBF /* Streamer */ = {
			isa = PBXGroup;
			children = (
				8DC4CA5C2149A6CE00344CBF /* Streamer.swift */,
				8DC4CA5E2149A6CE00344CBF /* StreamerError.swift */,
				8D69398A22FBE35A0068378D /* Entities */,
				8D80F45622F0C59800DE1E5B /* Session */,
				8DC4CA572149A6CE00344CBF /* Markets */,
				8DC4CA5F2149A6CE00344CBF /* Account */,
				8DC4CA4D2149A6CE00344CBF /* Utils */,
			);
			path = Streamer;
			sourceTree = "<group>";
		};
		8DC4CA4D2149A6CE00344CBF /* Utils */ = {
			isa = PBXGroup;
			children = (
				8DE2C3DB22FBF7DD00BB6261 /* StreamerFormatters.swift */,
			);
			path = Utils;
			sourceTree = "<group>";
		};
		8DC4CA572149A6CE00344CBF /* Markets */ = {
			isa = PBXGroup;
			children = (
				8DC4CA592149A6CE00344CBF /* StreamerMarket.swift */,
				8DC4CA582149A6CE00344CBF /* StreamerChartTick.swift */,
				8DC4CA5A2149A6CE00344CBF /* StreamerChartScale.swift */,
			);
			path = Markets;
			sourceTree = "<group>";
		};
		8DC4CA5F2149A6CE00344CBF /* Account */ = {
			isa = PBXGroup;
			children = (
				8DC4CA602149A6CE00344CBF /* StreamerAccount.swift */,
				8DC4CA612149A6CE00344CBF /* StreamerDeal.swift */,
			);
			path = Account;
			sourceTree = "<group>";
		};
		8DC4CA622149A6CE00344CBF /* API */ = {
			isa = PBXGroup;
			children = (
				8DC4CA7C2149A6CE00344CBF /* API.swift */,
				8DC4CA632149A6CE00344CBF /* APIError.swift */,
				8D52F33F22FB1DBB00521759 /* Entities */,
				8DC4CA7D2149A6CE00344CBF /* Session */,
				8DC4CA792149A6CE00344CBF /* Applications */,
				8DC4CA752149A6CE00344CBF /* History */,
				8DC4CA712149A6CE00344CBF /* Markets */,
				8DC4CA642149A6CE00344CBF /* Dealings */,
				8DC4CA6B2149A6CE00344CBF /* Utils */,
			);
			path = API;
			sourceTree = "<group>";
		};
		8DC4CA642149A6CE00344CBF /* Dealings */ = {
			isa = PBXGroup;
			children = (
				8DC4CA662149A6CE00344CBF /* APIConfirmation.swift */,
				8DC4CA692149A6CE00344CBF /* APIPosition.swift */,
				8DC4CA672149A6CE00344CBF /* APIPositionOTC.swift */,
				8DC4CA682149A6CE00344CBF /* APIWorkingOrder.swift */,
				8DC4CA652149A6CE00344CBF /* APIWorkingOrderOTC.swift */,
			);
			path = Dealings;
			sourceTree = "<group>";
		};
		8DC4CA6B2149A6CE00344CBF /* Utils */ = {
			isa = PBXGroup;
			children = (
				8D1C8D552322D9E500841CA0 /* OperationQueue.swift */,
				8DC4CA6D2149A6CE00344CBF /* APIFormatters.swift */,
				8DC4CA6C2149A6CE00344CBF /* URLRequest.swift */,
				8D2EA93B233B6C0C0004A4C2 /* Combine+API.swift */,
			);
			path = Utils;
			sourceTree = "<group>";
		};
		8DC4CA712149A6CE00344CBF /* Markets */ = {
			isa = PBXGroup;
			children = (
				8DC4CA732149A6CE00344CBF /* APINode.swift */,
				8DC4CA722149A6CE00344CBF /* APIMarket.swift */,
				8DC4CA742149A6CE00344CBF /* APIWatchlist.swift */,
				8DF93B9722E757B4001B9412 /* APISentiment.swift */,
			);
			path = Markets;
			sourceTree = "<group>";
		};
		8DC4CA752149A6CE00344CBF /* History */ = {
			isa = PBXGroup;
			children = (
				8DC4CA782149A6CE00344CBF /* APIActivity.swift */,
				8DC4CA772149A6CE00344CBF /* APITransaction.swift */,
				8DC4CA762149A6CE00344CBF /* APIPrice.swift */,
			);
			path = History;
			sourceTree = "<group>";
		};
		8DC4CA792149A6CE00344CBF /* Applications */ = {
			isa = PBXGroup;
			children = (
				8DC4CA7A2149A6CE00344CBF /* APIApplications.swift */,
				8DC4CA7B2149A6CE00344CBF /* APIAccounts.swift */,
			);
			path = Applications;
			sourceTree = "<group>";
		};
		8DC4CA7D2149A6CE00344CBF /* Session */ = {
			isa = PBXGroup;
			children = (
				8DC4CA7F2149A6CE00344CBF /* APISession.swift */,
				8DC4CA7E2149A6CE00344CBF /* APICertificate.swift */,
				8DC4CA802149A6CE00344CBF /* APIOAuth.swift */,
			);
			path = Session;
			sourceTree = "<group>";
		};
		8DC4CA822149A6CE00344CBF /* Tests */ = {
			isa = PBXGroup;
			children = (
				8D8B3AB82299E8D900611153 /* Playground */,
				8DD468D322F1C70100134B67 /* Test.swift */,
				8DAEF08122F9994F005AB34C /* TestFabric.swift */,
				8DC4CAA62149A6CE00344CBF /* Data */,
				8DC4CA912149A6CE00344CBF /* API */,
				8DC4CA892149A6CE00344CBF /* Streamer */,
				8D94BA992316A69A00AFBA1E /* Database */,
				8DC4CA832149A6CE00344CBF /* Utils */,
			);
			path = Tests;
			sourceTree = "<group>";
		};
		8DC4CA832149A6CE00344CBF /* Utils */ = {
			isa = PBXGroup;
			children = (
				8DC4CA872149A6CE00344CBF /* String.swift */,
				8D6DB85A2342474D0042F330 /* Combine+Tests.swift */,
				8D1CC9722299EE6C009AB4D3 /* AnyCodable */,
			);
			path = Utils;
			sourceTree = "<group>";
		};
		8DC4CA892149A6CE00344CBF /* Streamer */ = {
			isa = PBXGroup;
			children = (
				8D819E1322F2BAB40031A9D5 /* Session */,
				8DC4CA8C2149A6CE00344CBF /* Markets */,
				8DC4CA8F2149A6CE00344CBF /* Account */,
				8D819E1122F2B3AB0031A9D5 /* Utils */,
			);
			path = Streamer;
			sourceTree = "<group>";
		};
		8DC4CA8C2149A6CE00344CBF /* Markets */ = {
			isa = PBXGroup;
			children = (
				8DC4CA8D2149A6CE00344CBF /* StreamerMarketTests.swift */,
				8DC4CA8E2149A6CE00344CBF /* StreamerChartTests.swift */,
			);
			path = Markets;
			sourceTree = "<group>";
		};
		8DC4CA8F2149A6CE00344CBF /* Account */ = {
			isa = PBXGroup;
			children = (
				8D987E7D22F95651003F85D9 /* StreamerAccountTests.swift */,
				8DC4CA902149A6CE00344CBF /* StreamerTradeTests.swift */,
			);
			path = Account;
			sourceTree = "<group>";
		};
		8DC4CA912149A6CE00344CBF /* API */ = {
			isa = PBXGroup;
			children = (
				8DC4CAA22149A6CE00344CBF /* Session */,
				8DC4CA9E2149A6CE00344CBF /* Applications */,
				8DC4CA9A2149A6CE00344CBF /* History */,
				8DC4CA962149A6CE00344CBF /* Markets */,
				8DC4CA922149A6CE00344CBF /* Dealings */,
				8D819E1022F2B3570031A9D5 /* Utils */,
			);
			path = API;
			sourceTree = "<group>";
		};
		8DC4CA922149A6CE00344CBF /* Dealings */ = {
			isa = PBXGroup;
			children = (
				8DC4CA932149A6CE00344CBF /* APIPositionTests.swift */,
				8DC4CA942149A6CE00344CBF /* APIWorkingOrderTests.swift */,
			);
			path = Dealings;
			sourceTree = "<group>";
		};
		8DC4CA962149A6CE00344CBF /* Markets */ = {
			isa = PBXGroup;
			children = (
				8DC4CA992149A6CE00344CBF /* APINodeTests.swift */,
				8DC4CA972149A6CE00344CBF /* APIMarketTests.swift */,
				8DC4CA982149A6CE00344CBF /* APIWatchlistTests.swift */,
				8DF93B9922E75C11001B9412 /* APISentimentTests.swift */,
			);
			path = Markets;
			sourceTree = "<group>";
		};
		8DC4CA9A2149A6CE00344CBF /* History */ = {
			isa = PBXGroup;
			children = (
				8DC4CA9D2149A6CE00344CBF /* APIActivityTests.swift */,
				8DC4CA9B2149A6CE00344CBF /* APITransactionTests.swift */,
				8DC4CA9C2149A6CE00344CBF /* APIPriceTests.swift */,
			);
			path = History;
			sourceTree = "<group>";
		};
		8DC4CA9E2149A6CE00344CBF /* Applications */ = {
			isa = PBXGroup;
			children = (
				8DC4CAA02149A6CE00344CBF /* APIApplicationTests.swift */,
				8DC4CA9F2149A6CE00344CBF /* APIAccountTests.swift */,
			);
			path = Applications;
			sourceTree = "<group>";
		};
		8DC4CAA22149A6CE00344CBF /* Session */ = {
			isa = PBXGroup;
			children = (
				8DC4CAA42149A6CE00344CBF /* APISessionTests.swift */,
				8DC4CAA52149A6CE00344CBF /* APIOAuthTests.swift */,
				8DC4CAA32149A6CE00344CBF /* APICertificateTests.swift */,
			);
			path = Session;
			sourceTree = "<group>";
		};
		8DC4CAA62149A6CE00344CBF /* Data */ = {
			isa = PBXGroup;
			children = (
				8D4B971422F1C995002B267F /* TestAccount.swift */,
				8D80CFD42341FDC300E63411 /* TestAccountDecodable.swift */,
				8DFF587E23001580000B2777 /* TestAccountError.swift */,
				8DC4CBFE2149AB1200344CBF /* Environment */,
				8DC4CAAD2149A6CE00344CBF /* APIMockedJSON.swift */,
				8DC4CBFD2149AB1200344CBF /* API */,
				8DC4CAF42149A6CE00344CBF /* StreamerMockedJSON.swift */,
				8DC4CBFF2149AB1200344CBF /* Streamer */,
				8D5B3E1B232F855E0022959F /* TestEpics.swift */,
			);
			path = Data;
			sourceTree = "<group>";
		};
		8DC4CBE22149A78700344CBF /* Products */ = {
			isa = PBXGroup;
			children = (
				8DC4CBE12149A78700344CBF /* IG.framework */,
				8DC4CBEA2149A78700344CBF /* IGTests.xctest */,
				8DA398B72338E3EA007B918F /* IG.framework */,
				8DA398BF2338E3EA007B918F /* IGTests.xctest */,
			);
			name = Products;
			sourceTree = "<group>";
		};
		8DC4CBFB2149A9D900344CBF /* Frameworks */ = {
			isa = PBXGroup;
			children = (
				8D193F4D2339513D00036C54 /* Lightstreamer_macOS_Client.framework */,
				8DA398D12338ED1A007B918F /* Lightstreamer_iOS_Client.framework */,
			);
			name = Frameworks;
			sourceTree = "<group>";
		};
		8DF63C0D233362CE0012F122 /* Services */ = {
			isa = PBXGroup;
			children = (
				8DC4CA432149A6CE00344CBF /* Services.swift */,
			);
			path = Services;
			sourceTree = "<group>";
		};
/* End PBXGroup section */

/* Begin PBXHeadersBuildPhase section */
		8DA398B22338E3EA007B918F /* Headers */ = {
			isa = PBXHeadersBuildPhase;
			buildActionMask = 2147483647;
			files = (
				8DBE9EE92338EE2700AA6DE4 /* IG.h in Headers */,
				8D452661233A55FC0034D577 /* Framework.h in Headers */,
			);
			runOnlyForDeploymentPostprocessing = 0;
		};
		8DC4CBDC2149A78700344CBF /* Headers */ = {
			isa = PBXHeadersBuildPhase;
			buildActionMask = 2147483647;
			files = (
				8DC4CBF92149A81500344CBF /* IG.h in Headers */,
				8D452660233A55FC0034D577 /* Framework.h in Headers */,
			);
			runOnlyForDeploymentPostprocessing = 0;
		};
/* End PBXHeadersBuildPhase section */

/* Begin PBXNativeTarget section */
		8DA398B62338E3EA007B918F /* IG [iOS] */ = {
			isa = PBXNativeTarget;
			buildConfigurationList = 8DA398CC2338E3EA007B918F /* Build configuration list for PBXNativeTarget "IG [iOS]" */;
			buildPhases = (
				8DA398B22338E3EA007B918F /* Headers */,
				8DA398D42338ED1A007B918F /* Embed Frameworks */,
				8DA398B32338E3EA007B918F /* Sources */,
				8DA398B52338E3EA007B918F /* Resources */,
			);
			buildRules = (
			);
			dependencies = (
			);
			name = "IG [iOS]";
			packageProductDependencies = (
			);
			productName = "IG iOS";
			productReference = 8DA398B72338E3EA007B918F /* IG.framework */;
			productType = "com.apple.product-type.framework";
		};
		8DA398BE2338E3EA007B918F /* IG Tests [iOS] */ = {
			isa = PBXNativeTarget;
			buildConfigurationList = 8DA398CD2338E3EA007B918F /* Build configuration list for PBXNativeTarget "IG Tests [iOS]" */;
			buildPhases = (
				8DA398BB2338E3EA007B918F /* Sources */,
				8DA398BC2338E3EA007B918F /* Frameworks */,
				8DA398BD2338E3EA007B918F /* Resources */,
			);
			buildRules = (
			);
			dependencies = (
				8DA398C22338E3EA007B918F /* PBXTargetDependency */,
			);
			name = "IG Tests [iOS]";
			productName = "IG iOSTests";
			productReference = 8DA398BF2338E3EA007B918F /* IGTests.xctest */;
			productType = "com.apple.product-type.bundle.unit-test";
		};
		8DC4CBE02149A78700344CBF /* IG [macOS] */ = {
			isa = PBXNativeTarget;
			buildConfigurationList = 8DC4CBF32149A78700344CBF /* Build configuration list for PBXNativeTarget "IG [macOS]" */;
			buildPhases = (
				8DC4CBDC2149A78700344CBF /* Headers */,
				8DA398D72338ED23007B918F /* Embed Frameworks */,
				8DC4CBDD2149A78700344CBF /* Sources */,
				8DC4CBDF2149A78700344CBF /* Resources */,
			);
			buildRules = (
			);
			dependencies = (
			);
			name = "IG [macOS]";
			packageProductDependencies = (
			);
			productName = IG;
			productReference = 8DC4CBE12149A78700344CBF /* IG.framework */;
			productType = "com.apple.product-type.framework";
		};
		8DC4CBE92149A78700344CBF /* IG Tests [macOS] */ = {
			isa = PBXNativeTarget;
			buildConfigurationList = 8DC4CBF62149A78700344CBF /* Build configuration list for PBXNativeTarget "IG Tests [macOS]" */;
			buildPhases = (
				8DC4CBE62149A78700344CBF /* Sources */,
				8DC4CBE72149A78700344CBF /* Frameworks */,
				8DC4CBE82149A78700344CBF /* Resources */,
			);
			buildRules = (
			);
			dependencies = (
				8DC4CBED2149A78700344CBF /* PBXTargetDependency */,
			);
			name = "IG Tests [macOS]";
			productName = IGTests;
			productReference = 8DC4CBEA2149A78700344CBF /* IGTests.xctest */;
			productType = "com.apple.product-type.bundle.unit-test";
		};
/* End PBXNativeTarget section */

/* Begin PBXProject section */
		8DC4CA342149A60900344CBF /* Project object */ = {
			isa = PBXProject;
			attributes = {
				LastSwiftUpdateCheck = 1100;
				LastUpgradeCheck = 1100;
				TargetAttributes = {
					8DA398B62338E3EA007B918F = {
						CreatedOnToolsVersion = 11.0;
						LastSwiftMigration = 1100;
					};
					8DA398BE2338E3EA007B918F = {
						CreatedOnToolsVersion = 11.0;
					};
					8DC4CBE02149A78700344CBF = {
						CreatedOnToolsVersion = 10.0;
						LastSwiftMigration = 1100;
					};
					8DC4CBE92149A78700344CBF = {
						CreatedOnToolsVersion = 10.0;
					};
				};
			};
			buildConfigurationList = 8DC4CA372149A60900344CBF /* Build configuration list for PBXProject "IG" */;
			compatibilityVersion = "Xcode 11.0";
			developmentRegion = en;
			hasScannedForEncodings = 0;
			knownRegions = (
				en,
				Base,
			);
			mainGroup = 8DC4CA332149A60900344CBF;
			packageReferences = (
			);
			productRefGroup = 8DC4CBE22149A78700344CBF /* Products */;
			projectDirPath = "";
			projectRoot = "";
			targets = (
				8DC4CBE02149A78700344CBF /* IG [macOS] */,
				8DC4CBE92149A78700344CBF /* IG Tests [macOS] */,
				8DA398B62338E3EA007B918F /* IG [iOS] */,
				8DA398BE2338E3EA007B918F /* IG Tests [iOS] */,
			);
		};
/* End PBXProject section */

/* Begin PBXResourcesBuildPhase section */
		8DA398B52338E3EA007B918F /* Resources */ = {
			isa = PBXResourcesBuildPhase;
			buildActionMask = 2147483647;
			files = (
			);
			runOnlyForDeploymentPostprocessing = 0;
		};
		8DA398BD2338E3EA007B918F /* Resources */ = {
			isa = PBXResourcesBuildPhase;
			buildActionMask = 2147483647;
			files = (
				8DBE9F602338F25400AA6DE4 /* Environment in Resources */,
				8DBE9F612338F25700AA6DE4 /* API in Resources */,
				8DBE9F622338F25900AA6DE4 /* Streamer in Resources */,
			);
			runOnlyForDeploymentPostprocessing = 0;
		};
		8DC4CBDF2149A78700344CBF /* Resources */ = {
			isa = PBXResourcesBuildPhase;
			buildActionMask = 2147483647;
			files = (
			);
			runOnlyForDeploymentPostprocessing = 0;
		};
		8DC4CBE82149A78700344CBF /* Resources */ = {
			isa = PBXResourcesBuildPhase;
			buildActionMask = 2147483647;
			files = (
				8DE1B2BA214A639F00C1FF13 /* Environment in Resources */,
				8DE1B2B9214A639E00C1FF13 /* API in Resources */,
				8DE1B2BB214A639F00C1FF13 /* Streamer in Resources */,
			);
			runOnlyForDeploymentPostprocessing = 0;
		};
/* End PBXResourcesBuildPhase section */

/* Begin PBXSourcesBuildPhase section */
		8DA398B32338E3EA007B918F /* Sources */ = {
			isa = PBXSourcesBuildPhase;
			buildActionMask = 2147483647;
			files = (
				8D452663233A55FC0034D577 /* Framework.c in Sources */,
				8D452669233A67960034D577 /* Bundle.swift in Sources */,
				8D33B8CD233967E1002B524B /* Decimal.swift in Sources */,
				8D33B8CE233967E1002B524B /* Collections.swift in Sources */,
				8D33B8CF233967E1002B524B /* Operators.swift in Sources */,
				8D33B8D0233967E1002B524B /* Date.swift in Sources */,
				8D33B8D1233967E1002B524B /* Formatters.swift in Sources */,
				8D33B8D2233967E1002B524B /* DebugDescriptable.swift in Sources */,
				8D33B8D3233967E1002B524B /* Error.swift in Sources */,
				8D45266A233A69390034D577 /* ErrorHelper.swift in Sources */,
				8D45266B233A693C0034D577 /* ErrorCodable.swift in Sources */,
				8D33B8D62339689E002B524B /* Account.swift in Sources */,
				8D33B8D72339689E002B524B /* Client.swift in Sources */,
				8D45266E233A6A740034D577 /* Market.swift in Sources */,
				8D45267C233AC0190034D577 /* MarketExpiry.swift in Sources */,
				8D452672233A6CC80034D577 /* Deal.swift in Sources */,
				8D452673233A6CE50034D577 /* DealLimit.swift in Sources */,
				8D452674233A6CF00034D577 /* DealStop.swift in Sources */,
				8D452677233A6F640034D577 /* Confirmation.swift in Sources */,
				8D452659233A3ECF0034D577 /* Currency.swift in Sources */,
				8D45265A233A3ECF0034D577 /* Money.swift in Sources */,
				8D2EA92B233B4E030004A4C2 /* API.swift in Sources */,
				8D2EA92C233B4E070004A4C2 /* APIError.swift in Sources */,
				8D2EA930233B55A20004A4C2 /* APIInternals.swift in Sources */,
				8D2EA934233B57DD0004A4C2 /* OperationQueue.swift in Sources */,
				8D2EA935233B59070004A4C2 /* APIFormatters.swift in Sources */,
				8D2EA93D233BD11F0004A4C2 /* URLRequest.swift in Sources */,
				8D2EA93C233B6C0C0004A4C2 /* Combine+API.swift in Sources */,
				8D2EA92D233B545E0004A4C2 /* APIUser.swift in Sources */,
				8D2EA92E233B54610004A4C2 /* APIKey.swift in Sources */,
				8D2EA92F233B54AE0004A4C2 /* APICredentials.swift in Sources */,
				8D2EA93A233B605C0004A4C2 /* APIAccount.swift in Sources */,
				8D2EA931233B57710004A4C2 /* APIDeal.swift in Sources */,
				8D2EA932233B57A10004A4C2 /* APIMarketStatus.swift in Sources */,
				8D2EA933233B57A40004A4C2 /* APINodeMarket.swift in Sources */,
				8D2EA936233B5CB50004A4C2 /* APISession.swift in Sources */,
				8D2EA937233B5CB80004A4C2 /* APICertificate.swift in Sources */,
				8D2EA938233B5CBB0004A4C2 /* APIOAuth.swift in Sources */,
				8DAC346D233D15A90082DB1C /* APIApplications.swift in Sources */,
				8DAC346E233D196A0082DB1C /* APIAccounts.swift in Sources */,
				8D7AB05C233F43AE00439CA1 /* APIActivity.swift in Sources */,
				8DFEC5F1234078F7005906B3 /* APITransaction.swift in Sources */,
				8DFEC5F2234080B7005906B3 /* APIPrice.swift in Sources */,
				8DFEC5F423409600005906B3 /* APINode.swift in Sources */,
				8DFEC5F323408459005906B3 /* APIMarket.swift in Sources */,
				8DFEC5F52340DE14005906B3 /* APIWatchlist.swift in Sources */,
				8DFEC5F62340E743005906B3 /* APISentiment.swift in Sources */,
				8DFEC5F72340E9DF005906B3 /* APIConfirmation.swift in Sources */,
				8DFEC5F82340EC41005906B3 /* APIPosition.swift in Sources */,
				8DFEC5FA2340F299005906B3 /* APIPositionOTC.swift in Sources */,
				8DFEC5F92340EECE005906B3 /* APIWorkingOrder.swift in Sources */,
				8DFEC5FB2340F7BB005906B3 /* APIWorkingOrderOTC.swift in Sources */,
				8D89C78E23431F0F00FD0F3D /* Streamer.swift in Sources */,
				8D89C78F23431F1300FD0F3D /* StreamerError.swift in Sources */,
				8D89C7972343219500FD0F3D /* StreamerFormatters.swift in Sources */,
				8D89C790234320FE00FD0F3D /* StreamerInternals.swift in Sources */,
				8D89C791234320FE00FD0F3D /* StreamerCredentials.swift in Sources */,
				8D89C792234320FF00FD0F3D /* StreamerSubscription.swift in Sources */,
				8D89C793234320FF00FD0F3D /* StreamerEvent.swift in Sources */,
				8D89C7942343210B00FD0F3D /* StreamerSession.swift in Sources */,
				8D89C7952343210B00FD0F3D /* StreamerChannel.swift in Sources */,
				8D89C7962343210B00FD0F3D /* StreamerMockableChannel.swift in Sources */,
				8D286D272344C8D000D582AE /* StreamerMarket.swift in Sources */,
				8D452657233A3D270034D577 /* SQLite.swift in Sources */,
				8D452658233A3D280034D577 /* SQLite+Result.swift in Sources */,
			);
			runOnlyForDeploymentPostprocessing = 0;
		};
		8DA398BB2338E3EA007B918F /* Sources */ = {
			isa = PBXSourcesBuildPhase;
			buildActionMask = 2147483647;
			files = (
				8D84AB1C233A029600DFAFFF /* PlaygroundTests.swift in Sources */,
				8D80CFD02341E93000E63411 /* Test.swift in Sources */,
				8D80CFD12341E93200E63411 /* TestFabric.swift in Sources */,
				8D80CFCE2341E8D600E63411 /* TestAccount.swift in Sources */,
				8D80CFD52341FDC300E63411 /* TestAccountDecodable.swift in Sources */,
				8D80CFCF2341E8D800E63411 /* TestAccountError.swift in Sources */,
				8D6DB859234245FB0042F330 /* TestEpics.swift in Sources */,
				8D6DB85B2342474D0042F330 /* Combine+Tests.swift in Sources */,
				8D80CFD623421B2D00E63411 /* APISessionTests.swift in Sources */,
				8D6DB85C234247AB0042F330 /* APIOAuthTests.swift in Sources */,
				8D6DB85D23424AC10042F330 /* APICertificateTests.swift in Sources */,
				8D6DB85E23424E990042F330 /* APIApplicationTests.swift in Sources */,
				8D6DB85F23424FCE0042F330 /* APIAccountTests.swift in Sources */,
				8D6DB860234250BE0042F330 /* APIActivityTests.swift in Sources */,
				8D6DB861234252840042F330 /* APITransactionTests.swift in Sources */,
				8D6DB862234253CD0042F330 /* APIPriceTests.swift in Sources */,
				8D6DB863234255E70042F330 /* APINodeTests.swift in Sources */,
				8D6DB864234260190042F330 /* APIMarketTests.swift in Sources */,
				8D6DB8652342635A0042F330 /* APIWatchlistTests.swift in Sources */,
				8D89C78B2343120C00FD0F3D /* APISentimentTests.swift in Sources */,
				8D89C78C234314A800FD0F3D /* APIPositionTests.swift in Sources */,
				8D89C78D234317BD00FD0F3D /* APIWorkingOrderTests.swift in Sources */,
				8D89C7982343A41700FD0F3D /* StreamerSessionTests.swift in Sources */,
				8D286D282344CA8100D582AE /* StreamerMarketTests.swift in Sources */,
			);
			runOnlyForDeploymentPostprocessing = 0;
		};
		8DC4CBDD2149A78700344CBF /* Sources */ = {
			isa = PBXSourcesBuildPhase;
			buildActionMask = 2147483647;
			files = (
				8D452662233A55FC0034D577 /* Framework.c in Sources */,
				8D452668233A67960034D577 /* Bundle.swift in Sources */,
				8D45267B233AC0190034D577 /* MarketExpiry.swift in Sources */,
				8D33B8C22339582B002B524B /* DebugDescriptable.swift in Sources */,
			);
			runOnlyForDeploymentPostprocessing = 0;
		};
		8DC4CBE62149A78700344CBF /* Sources */ = {
			isa = PBXSourcesBuildPhase;
			buildActionMask = 2147483647;
			files = (
			);
			runOnlyForDeploymentPostprocessing = 0;
		};
/* End PBXSourcesBuildPhase section */

/* Begin PBXTargetDependency section */
		8DA398C22338E3EA007B918F /* PBXTargetDependency */ = {
			isa = PBXTargetDependency;
			platformFilter = ios;
			target = 8DA398B62338E3EA007B918F /* IG [iOS] */;
			targetProxy = 8DA398C12338E3EA007B918F /* PBXContainerItemProxy */;
		};
		8DC4CBED2149A78700344CBF /* PBXTargetDependency */ = {
			isa = PBXTargetDependency;
			target = 8DC4CBE02149A78700344CBF /* IG [macOS] */;
			targetProxy = 8DC4CBEC2149A78700344CBF /* PBXContainerItemProxy */;
		};
/* End PBXTargetDependency section */

/* Begin XCBuildConfiguration section */
		8DA398C82338E3EA007B918F /* Debug */ = {
			isa = XCBuildConfiguration;
			baseConfigurationReference = 8DA398CF2338E42A007B918F /* iOS.xcconfig */;
			buildSettings = {
				ALWAYS_SEARCH_USER_PATHS = NO;
				CLANG_ANALYZER_NONNULL = YES;
				CLANG_ANALYZER_NUMBER_OBJECT_CONVERSION = YES_AGGRESSIVE;
				CLANG_CXX_LANGUAGE_STANDARD = "gnu++14";
				CLANG_CXX_LIBRARY = "libc++";
				CLANG_ENABLE_MODULES = YES;
				CLANG_ENABLE_OBJC_ARC = YES;
				CLANG_ENABLE_OBJC_WEAK = YES;
				CLANG_WARN_DIRECT_OBJC_ISA_USAGE = YES_ERROR;
				CLANG_WARN_DOCUMENTATION_COMMENTS = YES;
				CLANG_WARN_OBJC_ROOT_CLASS = YES_ERROR;
				CLANG_WARN_UNGUARDED_AVAILABILITY = YES_AGGRESSIVE;
				CODE_SIGN_STYLE = Automatic;
				COPY_PHASE_STRIP = NO;
				DEBUG_INFORMATION_FORMAT = dwarf;
				DEFINES_MODULE = YES;
				DYLIB_INSTALL_NAME_BASE = "@rpath";
				FRAMEWORK_SEARCH_PATHS = (
					"$(inherited)",
					"$(PROJECT_DIR)/Dependencies/Lightstreamer",
				);
				GCC_OPTIMIZATION_LEVEL = 0;
				GCC_PREPROCESSOR_DEFINITIONS = (
					"DEBUG=1",
					"$(inherited)",
				);
				GCC_WARN_ABOUT_RETURN_TYPE = YES_ERROR;
				GCC_WARN_UNINITIALIZED_AUTOS = YES_AGGRESSIVE;
				INSTALL_PATH = "$(LOCAL_LIBRARY_DIR)/Frameworks";
				LD_RUNPATH_SEARCH_PATHS = (
					"$(inherited)",
					"@executable_path/Frameworks",
					"@loader_path/Frameworks",
				);
				MTL_ENABLE_DEBUG_INFO = INCLUDE_SOURCE;
				MTL_FAST_MATH = YES;
				SKIP_INSTALL = YES;
				SUPPORTS_MACCATALYST = NO;
				SWIFT_ACTIVE_COMPILATION_CONDITIONS = DEBUG;
				SWIFT_OPTIMIZATION_LEVEL = "-Onone";
				SWIFT_VERSION = 5.0;
				TARGETED_DEVICE_FAMILY = "1,2";
				VERSIONING_SYSTEM = "apple-generic";
				VERSION_INFO_PREFIX = "";
			};
			name = Debug;
		};
		8DA398C92338E3EA007B918F /* Release */ = {
			isa = XCBuildConfiguration;
			baseConfigurationReference = 8DA398CF2338E42A007B918F /* iOS.xcconfig */;
			buildSettings = {
				ALWAYS_SEARCH_USER_PATHS = NO;
				CLANG_ANALYZER_NONNULL = YES;
				CLANG_ANALYZER_NUMBER_OBJECT_CONVERSION = YES_AGGRESSIVE;
				CLANG_CXX_LANGUAGE_STANDARD = "gnu++14";
				CLANG_CXX_LIBRARY = "libc++";
				CLANG_ENABLE_MODULES = YES;
				CLANG_ENABLE_OBJC_ARC = YES;
				CLANG_ENABLE_OBJC_WEAK = YES;
				CLANG_WARN_DIRECT_OBJC_ISA_USAGE = YES_ERROR;
				CLANG_WARN_DOCUMENTATION_COMMENTS = YES;
				CLANG_WARN_OBJC_ROOT_CLASS = YES_ERROR;
				CLANG_WARN_UNGUARDED_AVAILABILITY = YES_AGGRESSIVE;
				CODE_SIGN_STYLE = Automatic;
				COPY_PHASE_STRIP = NO;
				DEBUG_INFORMATION_FORMAT = "dwarf-with-dsym";
				DEFINES_MODULE = YES;
				DYLIB_INSTALL_NAME_BASE = "@rpath";
				ENABLE_NS_ASSERTIONS = NO;
				FRAMEWORK_SEARCH_PATHS = (
					"$(inherited)",
					"$(PROJECT_DIR)/Dependencies/Lightstreamer",
				);
				GCC_WARN_ABOUT_RETURN_TYPE = YES_ERROR;
				GCC_WARN_UNINITIALIZED_AUTOS = YES_AGGRESSIVE;
				INSTALL_PATH = "$(LOCAL_LIBRARY_DIR)/Frameworks";
				LD_RUNPATH_SEARCH_PATHS = (
					"$(inherited)",
					"@executable_path/Frameworks",
					"@loader_path/Frameworks",
				);
				MTL_ENABLE_DEBUG_INFO = NO;
				MTL_FAST_MATH = YES;
				SKIP_INSTALL = YES;
				SUPPORTS_MACCATALYST = NO;
				SWIFT_COMPILATION_MODE = wholemodule;
				SWIFT_OPTIMIZATION_LEVEL = "-O";
				SWIFT_VERSION = 5.0;
				TARGETED_DEVICE_FAMILY = "1,2";
				VALIDATE_PRODUCT = YES;
				VERSIONING_SYSTEM = "apple-generic";
				VERSION_INFO_PREFIX = "";
			};
			name = Release;
		};
		8DA398CA2338E3EA007B918F /* Debug */ = {
			isa = XCBuildConfiguration;
			baseConfigurationReference = 8DA398D02338E4EA007B918F /* iOS_tests.xcconfig */;
			buildSettings = {
				ALWAYS_EMBED_SWIFT_STANDARD_LIBRARIES = YES;
				ALWAYS_SEARCH_USER_PATHS = NO;
				CLANG_ANALYZER_NONNULL = YES;
				CLANG_ANALYZER_NUMBER_OBJECT_CONVERSION = YES_AGGRESSIVE;
				CLANG_CXX_LANGUAGE_STANDARD = "gnu++14";
				CLANG_CXX_LIBRARY = "libc++";
				CLANG_ENABLE_MODULES = YES;
				CLANG_ENABLE_OBJC_ARC = YES;
				CLANG_ENABLE_OBJC_WEAK = YES;
				CLANG_WARN_DIRECT_OBJC_ISA_USAGE = YES_ERROR;
				CLANG_WARN_DOCUMENTATION_COMMENTS = YES;
				CLANG_WARN_OBJC_ROOT_CLASS = YES_ERROR;
				CLANG_WARN_UNGUARDED_AVAILABILITY = YES_AGGRESSIVE;
				"CODE_SIGN_IDENTITY[sdk=macosx*]" = "-";
				CODE_SIGN_STYLE = Automatic;
				COPY_PHASE_STRIP = NO;
				DEBUG_INFORMATION_FORMAT = dwarf;
				DEVELOPMENT_TEAM = V4LZL56CA7;
				FRAMEWORK_SEARCH_PATHS = (
					"$(inherited)",
					"$(PROJECT_DIR)/Dependencies/Lightstreamer",
				);
				GCC_C_LANGUAGE_STANDARD = gnu11;
				GCC_DYNAMIC_NO_PIC = NO;
				GCC_OPTIMIZATION_LEVEL = 0;
				GCC_PREPROCESSOR_DEFINITIONS = (
					"DEBUG=1",
					"$(inherited)",
				);
				GCC_WARN_ABOUT_RETURN_TYPE = YES_ERROR;
				GCC_WARN_UNINITIALIZED_AUTOS = YES_AGGRESSIVE;
				LD_RUNPATH_SEARCH_PATHS = (
					"$(inherited)",
					"@executable_path/Frameworks",
					"@loader_path/Frameworks",
				);
				MTL_ENABLE_DEBUG_INFO = INCLUDE_SOURCE;
				MTL_FAST_MATH = YES;
				SWIFT_ACTIVE_COMPILATION_CONDITIONS = DEBUG;
				SWIFT_OPTIMIZATION_LEVEL = "-Onone";
			};
			name = Debug;
		};
		8DA398CB2338E3EA007B918F /* Release */ = {
			isa = XCBuildConfiguration;
			baseConfigurationReference = 8DA398D02338E4EA007B918F /* iOS_tests.xcconfig */;
			buildSettings = {
				ALWAYS_EMBED_SWIFT_STANDARD_LIBRARIES = YES;
				ALWAYS_SEARCH_USER_PATHS = NO;
				CLANG_ANALYZER_NONNULL = YES;
				CLANG_ANALYZER_NUMBER_OBJECT_CONVERSION = YES_AGGRESSIVE;
				CLANG_CXX_LANGUAGE_STANDARD = "gnu++14";
				CLANG_CXX_LIBRARY = "libc++";
				CLANG_ENABLE_MODULES = YES;
				CLANG_ENABLE_OBJC_ARC = YES;
				CLANG_ENABLE_OBJC_WEAK = YES;
				CLANG_WARN_DIRECT_OBJC_ISA_USAGE = YES_ERROR;
				CLANG_WARN_DOCUMENTATION_COMMENTS = YES;
				CLANG_WARN_OBJC_ROOT_CLASS = YES_ERROR;
				CLANG_WARN_UNGUARDED_AVAILABILITY = YES_AGGRESSIVE;
				"CODE_SIGN_IDENTITY[sdk=macosx*]" = "-";
				CODE_SIGN_STYLE = Automatic;
				COPY_PHASE_STRIP = NO;
				DEBUG_INFORMATION_FORMAT = "dwarf-with-dsym";
				DEVELOPMENT_TEAM = V4LZL56CA7;
				ENABLE_NS_ASSERTIONS = NO;
				FRAMEWORK_SEARCH_PATHS = (
					"$(inherited)",
					"$(PROJECT_DIR)/Dependencies/Lightstreamer",
				);
				GCC_C_LANGUAGE_STANDARD = gnu11;
				GCC_WARN_ABOUT_RETURN_TYPE = YES_ERROR;
				GCC_WARN_UNINITIALIZED_AUTOS = YES_AGGRESSIVE;
				LD_RUNPATH_SEARCH_PATHS = (
					"$(inherited)",
					"@executable_path/Frameworks",
					"@loader_path/Frameworks",
				);
				MTL_ENABLE_DEBUG_INFO = NO;
				MTL_FAST_MATH = YES;
				SWIFT_COMPILATION_MODE = wholemodule;
				SWIFT_OPTIMIZATION_LEVEL = "-O";
				VALIDATE_PRODUCT = YES;
			};
			name = Release;
		};
		8DC4CA382149A60900344CBF /* Debug */ = {
			isa = XCBuildConfiguration;
			baseConfigurationReference = 8DC4CA412149A68200344CBF /* Common.xcconfig */;
			buildSettings = {
				CLANG_WARN_BLOCK_CAPTURE_AUTORELEASING = YES;
				CLANG_WARN_BOOL_CONVERSION = YES;
				CLANG_WARN_COMMA = YES;
				CLANG_WARN_CONSTANT_CONVERSION = YES;
				CLANG_WARN_DEPRECATED_OBJC_IMPLEMENTATIONS = YES;
				CLANG_WARN_EMPTY_BODY = YES;
				CLANG_WARN_ENUM_CONVERSION = YES;
				CLANG_WARN_INFINITE_RECURSION = YES;
				CLANG_WARN_INT_CONVERSION = YES;
				CLANG_WARN_NON_LITERAL_NULL_CONVERSION = YES;
				CLANG_WARN_OBJC_IMPLICIT_RETAIN_SELF = YES;
				CLANG_WARN_OBJC_LITERAL_CONVERSION = YES;
				CLANG_WARN_RANGE_LOOP_ANALYSIS = YES;
				CLANG_WARN_STRICT_PROTOTYPES = YES;
				CLANG_WARN_SUSPICIOUS_MOVE = YES;
				CLANG_WARN_UNREACHABLE_CODE = YES;
				CLANG_WARN__DUPLICATE_METHOD_MATCH = YES;
				ENABLE_STRICT_OBJC_MSGSEND = YES;
				ENABLE_TESTABILITY = YES;
				GCC_NO_COMMON_BLOCKS = YES;
				GCC_WARN_64_TO_32_BIT_CONVERSION = YES;
				GCC_WARN_ABOUT_RETURN_TYPE = YES;
				GCC_WARN_UNDECLARED_SELECTOR = YES;
				GCC_WARN_UNINITIALIZED_AUTOS = YES;
				GCC_WARN_UNUSED_FUNCTION = YES;
				GCC_WARN_UNUSED_VARIABLE = YES;
				ONLY_ACTIVE_ARCH = YES;
			};
			name = Debug;
		};
		8DC4CA392149A60900344CBF /* Release */ = {
			isa = XCBuildConfiguration;
			baseConfigurationReference = 8DC4CA412149A68200344CBF /* Common.xcconfig */;
			buildSettings = {
				CLANG_WARN_BLOCK_CAPTURE_AUTORELEASING = YES;
				CLANG_WARN_BOOL_CONVERSION = YES;
				CLANG_WARN_COMMA = YES;
				CLANG_WARN_CONSTANT_CONVERSION = YES;
				CLANG_WARN_DEPRECATED_OBJC_IMPLEMENTATIONS = YES;
				CLANG_WARN_EMPTY_BODY = YES;
				CLANG_WARN_ENUM_CONVERSION = YES;
				CLANG_WARN_INFINITE_RECURSION = YES;
				CLANG_WARN_INT_CONVERSION = YES;
				CLANG_WARN_NON_LITERAL_NULL_CONVERSION = YES;
				CLANG_WARN_OBJC_IMPLICIT_RETAIN_SELF = YES;
				CLANG_WARN_OBJC_LITERAL_CONVERSION = YES;
				CLANG_WARN_RANGE_LOOP_ANALYSIS = YES;
				CLANG_WARN_STRICT_PROTOTYPES = YES;
				CLANG_WARN_SUSPICIOUS_MOVE = YES;
				CLANG_WARN_UNREACHABLE_CODE = YES;
				CLANG_WARN__DUPLICATE_METHOD_MATCH = YES;
				ENABLE_STRICT_OBJC_MSGSEND = YES;
				GCC_NO_COMMON_BLOCKS = YES;
				GCC_WARN_64_TO_32_BIT_CONVERSION = YES;
				GCC_WARN_ABOUT_RETURN_TYPE = YES;
				GCC_WARN_UNDECLARED_SELECTOR = YES;
				GCC_WARN_UNINITIALIZED_AUTOS = YES;
				GCC_WARN_UNUSED_FUNCTION = YES;
				GCC_WARN_UNUSED_VARIABLE = YES;
			};
			name = Release;
		};
		8DC4CBF42149A78700344CBF /* Debug */ = {
			isa = XCBuildConfiguration;
			baseConfigurationReference = 8DC4CA3C2149A68200344CBF /* macOS.xcconfig */;
			buildSettings = {
				ALWAYS_SEARCH_USER_PATHS = NO;
				CLANG_ANALYZER_NONNULL = YES;
				CLANG_ANALYZER_NUMBER_OBJECT_CONVERSION = YES_AGGRESSIVE;
				CLANG_ENABLE_MODULES = YES;
				CLANG_ENABLE_OBJC_ARC = YES;
				CLANG_ENABLE_OBJC_WEAK = YES;
				CLANG_WARN_DIRECT_OBJC_ISA_USAGE = YES_ERROR;
				CLANG_WARN_OBJC_ROOT_CLASS = YES_ERROR;
				CLANG_WARN_UNGUARDED_AVAILABILITY = YES_AGGRESSIVE;
				CODE_SIGN_STYLE = Automatic;
				COMBINE_HIDPI_IMAGES = YES;
				COPY_PHASE_STRIP = NO;
				DEBUG_INFORMATION_FORMAT = dwarf;
				DEFINES_MODULE = YES;
				DYLIB_INSTALL_NAME_BASE = "@rpath";
				FRAMEWORK_SEARCH_PATHS = (
					"$(inherited)",
					"$(PROJECT_DIR)/Dependencies/Lightstreamer",
				);
				FRAMEWORK_VERSION = A;
				GCC_OPTIMIZATION_LEVEL = 0;
				GCC_PREPROCESSOR_DEFINITIONS = (
					"DEBUG=1",
					"$(inherited)",
				);
				GCC_WARN_ABOUT_RETURN_TYPE = YES_ERROR;
				GCC_WARN_UNINITIALIZED_AUTOS = YES_AGGRESSIVE;
				INSTALL_PATH = "$(LOCAL_LIBRARY_DIR)/Frameworks";
				LD_RUNPATH_SEARCH_PATHS = (
					"$(inherited)",
					"@executable_path/../Frameworks",
					"@loader_path/Frameworks",
				);
				MTL_ENABLE_DEBUG_INFO = INCLUDE_SOURCE;
				MTL_FAST_MATH = YES;
				SKIP_INSTALL = YES;
				SWIFT_ACTIVE_COMPILATION_CONDITIONS = DEBUG;
				SWIFT_OPTIMIZATION_LEVEL = "-Onone";
				SWIFT_VERSION = 5.0;
				VERSIONING_SYSTEM = "apple-generic";
			};
			name = Debug;
		};
		8DC4CBF52149A78700344CBF /* Release */ = {
			isa = XCBuildConfiguration;
			baseConfigurationReference = 8DC4CA3C2149A68200344CBF /* macOS.xcconfig */;
			buildSettings = {
				ALWAYS_SEARCH_USER_PATHS = NO;
				CLANG_ANALYZER_NONNULL = YES;
				CLANG_ANALYZER_NUMBER_OBJECT_CONVERSION = YES_AGGRESSIVE;
				CLANG_ENABLE_MODULES = YES;
				CLANG_ENABLE_OBJC_ARC = YES;
				CLANG_ENABLE_OBJC_WEAK = YES;
				CLANG_WARN_DIRECT_OBJC_ISA_USAGE = YES_ERROR;
				CLANG_WARN_OBJC_ROOT_CLASS = YES_ERROR;
				CLANG_WARN_UNGUARDED_AVAILABILITY = YES_AGGRESSIVE;
				CODE_SIGN_STYLE = Automatic;
				COMBINE_HIDPI_IMAGES = YES;
				COPY_PHASE_STRIP = NO;
				DEBUG_INFORMATION_FORMAT = "dwarf-with-dsym";
				DEFINES_MODULE = YES;
				DYLIB_INSTALL_NAME_BASE = "@rpath";
				ENABLE_NS_ASSERTIONS = NO;
				FRAMEWORK_SEARCH_PATHS = (
					"$(inherited)",
					"$(PROJECT_DIR)/Dependencies/Lightstreamer",
				);
				FRAMEWORK_VERSION = A;
				GCC_WARN_ABOUT_RETURN_TYPE = YES_ERROR;
				GCC_WARN_UNINITIALIZED_AUTOS = YES_AGGRESSIVE;
				INSTALL_PATH = "$(LOCAL_LIBRARY_DIR)/Frameworks";
				LD_RUNPATH_SEARCH_PATHS = (
					"$(inherited)",
					"@executable_path/../Frameworks",
					"@loader_path/Frameworks",
				);
				MTL_ENABLE_DEBUG_INFO = NO;
				MTL_FAST_MATH = YES;
				SKIP_INSTALL = YES;
				SWIFT_COMPILATION_MODE = wholemodule;
				SWIFT_OPTIMIZATION_LEVEL = "-O";
				SWIFT_VERSION = 5.0;
				VERSIONING_SYSTEM = "apple-generic";
			};
			name = Release;
		};
		8DC4CBF72149A78700344CBF /* Debug */ = {
			isa = XCBuildConfiguration;
			baseConfigurationReference = 8DC4CA3D2149A68200344CBF /* macOS_tests.xcconfig */;
			buildSettings = {
				ALWAYS_EMBED_SWIFT_STANDARD_LIBRARIES = YES;
				ALWAYS_SEARCH_USER_PATHS = NO;
				CLANG_ANALYZER_NONNULL = YES;
				CLANG_ANALYZER_NUMBER_OBJECT_CONVERSION = YES_AGGRESSIVE;
				CLANG_ENABLE_MODULES = YES;
				CLANG_ENABLE_OBJC_ARC = YES;
				CLANG_ENABLE_OBJC_WEAK = YES;
				CLANG_WARN_DIRECT_OBJC_ISA_USAGE = YES_ERROR;
				CLANG_WARN_DOCUMENTATION_COMMENTS = YES;
				CLANG_WARN_OBJC_ROOT_CLASS = YES_ERROR;
				CLANG_WARN_UNGUARDED_AVAILABILITY = YES_AGGRESSIVE;
				CODE_SIGN_STYLE = Automatic;
				COMBINE_HIDPI_IMAGES = YES;
				COPY_PHASE_STRIP = NO;
				DEBUG_INFORMATION_FORMAT = dwarf;
				GCC_OPTIMIZATION_LEVEL = 0;
				GCC_PREPROCESSOR_DEFINITIONS = (
					"DEBUG=1",
					"$(inherited)",
				);
				GCC_WARN_ABOUT_RETURN_TYPE = YES_ERROR;
				GCC_WARN_UNINITIALIZED_AUTOS = YES_AGGRESSIVE;
				LD_RUNPATH_SEARCH_PATHS = (
					"$(inherited)",
					"@executable_path/../Frameworks",
					"@loader_path/../Frameworks",
				);
				MTL_ENABLE_DEBUG_INFO = INCLUDE_SOURCE;
				MTL_FAST_MATH = YES;
				SWIFT_ACTIVE_COMPILATION_CONDITIONS = DEBUG;
				SWIFT_OPTIMIZATION_LEVEL = "-Onone";
			};
			name = Debug;
		};
		8DC4CBF82149A78700344CBF /* Release */ = {
			isa = XCBuildConfiguration;
			baseConfigurationReference = 8DC4CA3D2149A68200344CBF /* macOS_tests.xcconfig */;
			buildSettings = {
				ALWAYS_EMBED_SWIFT_STANDARD_LIBRARIES = YES;
				ALWAYS_SEARCH_USER_PATHS = NO;
				CLANG_ANALYZER_NONNULL = YES;
				CLANG_ANALYZER_NUMBER_OBJECT_CONVERSION = YES_AGGRESSIVE;
				CLANG_ENABLE_MODULES = YES;
				CLANG_ENABLE_OBJC_ARC = YES;
				CLANG_ENABLE_OBJC_WEAK = YES;
				CLANG_WARN_DIRECT_OBJC_ISA_USAGE = YES_ERROR;
				CLANG_WARN_DOCUMENTATION_COMMENTS = YES;
				CLANG_WARN_OBJC_ROOT_CLASS = YES_ERROR;
				CLANG_WARN_UNGUARDED_AVAILABILITY = YES_AGGRESSIVE;
				CODE_SIGN_STYLE = Automatic;
				COMBINE_HIDPI_IMAGES = YES;
				COPY_PHASE_STRIP = NO;
				DEBUG_INFORMATION_FORMAT = "dwarf-with-dsym";
				ENABLE_NS_ASSERTIONS = NO;
				GCC_WARN_ABOUT_RETURN_TYPE = YES_ERROR;
				GCC_WARN_UNINITIALIZED_AUTOS = YES_AGGRESSIVE;
				LD_RUNPATH_SEARCH_PATHS = (
					"$(inherited)",
					"@executable_path/../Frameworks",
					"@loader_path/../Frameworks",
				);
				MTL_ENABLE_DEBUG_INFO = NO;
				MTL_FAST_MATH = YES;
				SWIFT_COMPILATION_MODE = wholemodule;
				SWIFT_OPTIMIZATION_LEVEL = "-O";
			};
			name = Release;
		};
/* End XCBuildConfiguration section */

/* Begin XCConfigurationList section */
		8DA398CC2338E3EA007B918F /* Build configuration list for PBXNativeTarget "IG [iOS]" */ = {
			isa = XCConfigurationList;
			buildConfigurations = (
				8DA398C82338E3EA007B918F /* Debug */,
				8DA398C92338E3EA007B918F /* Release */,
			);
			defaultConfigurationIsVisible = 0;
			defaultConfigurationName = Release;
		};
		8DA398CD2338E3EA007B918F /* Build configuration list for PBXNativeTarget "IG Tests [iOS]" */ = {
			isa = XCConfigurationList;
			buildConfigurations = (
				8DA398CA2338E3EA007B918F /* Debug */,
				8DA398CB2338E3EA007B918F /* Release */,
			);
			defaultConfigurationIsVisible = 0;
			defaultConfigurationName = Release;
		};
		8DC4CA372149A60900344CBF /* Build configuration list for PBXProject "IG" */ = {
			isa = XCConfigurationList;
			buildConfigurations = (
				8DC4CA382149A60900344CBF /* Debug */,
				8DC4CA392149A60900344CBF /* Release */,
			);
			defaultConfigurationIsVisible = 0;
			defaultConfigurationName = Release;
		};
		8DC4CBF32149A78700344CBF /* Build configuration list for PBXNativeTarget "IG [macOS]" */ = {
			isa = XCConfigurationList;
			buildConfigurations = (
				8DC4CBF42149A78700344CBF /* Debug */,
				8DC4CBF52149A78700344CBF /* Release */,
			);
			defaultConfigurationIsVisible = 0;
			defaultConfigurationName = Release;
		};
		8DC4CBF62149A78700344CBF /* Build configuration list for PBXNativeTarget "IG Tests [macOS]" */ = {
			isa = XCConfigurationList;
			buildConfigurations = (
				8DC4CBF72149A78700344CBF /* Debug */,
				8DC4CBF82149A78700344CBF /* Release */,
			);
			defaultConfigurationIsVisible = 0;
			defaultConfigurationName = Release;
		};
/* End XCConfigurationList section */
	};
	rootObject = 8DC4CA342149A60900344CBF /* Project object */;
}
